// !$*UTF8*$!
{
	archiveVersion = 1;
	classes = {
	};
	objectVersion = 50;
	objects = {

/* Begin PBXBuildFile section */
		EAE4710726CBA57F009FB0EC /* PsychonautWiki_JournalApp.swift in Sources */ = {isa = PBXBuildFile; fileRef = EAE4710626CBA57F009FB0EC /* PsychonautWiki_JournalApp.swift */; };
		EAE4710926CBA57F009FB0EC /* ContentView.swift in Sources */ = {isa = PBXBuildFile; fileRef = EAE4710826CBA57F009FB0EC /* ContentView.swift */; };
		EAE4710B26CBA582009FB0EC /* Assets.xcassets in Resources */ = {isa = PBXBuildFile; fileRef = EAE4710A26CBA582009FB0EC /* Assets.xcassets */; };
		EAE4710E26CBA582009FB0EC /* Preview Assets.xcassets in Resources */ = {isa = PBXBuildFile; fileRef = EAE4710D26CBA582009FB0EC /* Preview Assets.xcassets */; };
		EAE4711026CBA582009FB0EC /* Persistence.swift in Sources */ = {isa = PBXBuildFile; fileRef = EAE4710F26CBA582009FB0EC /* Persistence.swift */; };
		EAE4711326CBA582009FB0EC /* PsychonautWiki_Journal.xcdatamodeld in Sources */ = {isa = PBXBuildFile; fileRef = EAE4711126CBA582009FB0EC /* PsychonautWiki_Journal.xcdatamodeld */; };
/* End PBXBuildFile section */

/* Begin PBXFileReference section */
		EAE4710326CBA57F009FB0EC /* PsychonautWiki Journal.app */ = {isa = PBXFileReference; explicitFileType = wrapper.application; includeInIndex = 0; path = "PsychonautWiki Journal.app"; sourceTree = BUILT_PRODUCTS_DIR; };
		EAE4710626CBA57F009FB0EC /* PsychonautWiki_JournalApp.swift */ = {isa = PBXFileReference; lastKnownFileType = sourcecode.swift; path = PsychonautWiki_JournalApp.swift; sourceTree = "<group>"; };
		EAE4710826CBA57F009FB0EC /* ContentView.swift */ = {isa = PBXFileReference; lastKnownFileType = sourcecode.swift; path = ContentView.swift; sourceTree = "<group>"; };
		EAE4710A26CBA582009FB0EC /* Assets.xcassets */ = {isa = PBXFileReference; lastKnownFileType = folder.assetcatalog; path = Assets.xcassets; sourceTree = "<group>"; };
		EAE4710D26CBA582009FB0EC /* Preview Assets.xcassets */ = {isa = PBXFileReference; lastKnownFileType = folder.assetcatalog; path = "Preview Assets.xcassets"; sourceTree = "<group>"; };
		EAE4710F26CBA582009FB0EC /* Persistence.swift */ = {isa = PBXFileReference; lastKnownFileType = sourcecode.swift; path = Persistence.swift; sourceTree = "<group>"; };
		EAE4711226CBA582009FB0EC /* PsychonautWiki_Journal.xcdatamodel */ = {isa = PBXFileReference; lastKnownFileType = wrapper.xcdatamodel; path = PsychonautWiki_Journal.xcdatamodel; sourceTree = "<group>"; };
		EAE4711426CBA582009FB0EC /* Info.plist */ = {isa = PBXFileReference; lastKnownFileType = text.plist.xml; path = Info.plist; sourceTree = "<group>"; };
/* End PBXFileReference section */

/* Begin PBXFrameworksBuildPhase section */
		EAE4710026CBA57F009FB0EC /* Frameworks */ = {
			isa = PBXFrameworksBuildPhase;
			buildActionMask = 2147483647;
			files = (
			);
			runOnlyForDeploymentPostprocessing = 0;
		};
/* End PBXFrameworksBuildPhase section */

/* Begin PBXGroup section */
		EAE470FA26CBA57F009FB0EC = {
			isa = PBXGroup;
			children = (
				EAE4710526CBA57F009FB0EC /* PsychonautWiki Journal */,
				EAE4710426CBA57F009FB0EC /* Products */,
			);
			sourceTree = "<group>";
		};
		EAE4710426CBA57F009FB0EC /* Products */ = {
			isa = PBXGroup;
			children = (
				EAE4710326CBA57F009FB0EC /* PsychonautWiki Journal.app */,
			);
			name = Products;
			sourceTree = "<group>";
		};
		EAE4710526CBA57F009FB0EC /* PsychonautWiki Journal */ = {
			isa = PBXGroup;
			children = (
				EAE4710626CBA57F009FB0EC /* PsychonautWiki_JournalApp.swift */,
				EAE4710826CBA57F009FB0EC /* ContentView.swift */,
				EAE4710A26CBA582009FB0EC /* Assets.xcassets */,
				EAE4710F26CBA582009FB0EC /* Persistence.swift */,
				EAE4711426CBA582009FB0EC /* Info.plist */,
				EAE4711126CBA582009FB0EC /* PsychonautWiki_Journal.xcdatamodeld */,
				EAE4710C26CBA582009FB0EC /* Preview Content */,
			);
			path = "PsychonautWiki Journal";
			sourceTree = "<group>";
		};
		EAE4710C26CBA582009FB0EC /* Preview Content */ = {
			isa = PBXGroup;
			children = (
				EAE4710D26CBA582009FB0EC /* Preview Assets.xcassets */,
			);
			path = "Preview Content";
			sourceTree = "<group>";
		};
/* End PBXGroup section */

/* Begin PBXNativeTarget section */
		EAE4710226CBA57F009FB0EC /* PsychonautWiki Journal */ = {
			isa = PBXNativeTarget;
			buildConfigurationList = EAE4711726CBA582009FB0EC /* Build configuration list for PBXNativeTarget "PsychonautWiki Journal" */;
			buildPhases = (
				EAE470FF26CBA57F009FB0EC /* Sources */,
				EAE4710026CBA57F009FB0EC /* Frameworks */,
				EAE4710126CBA57F009FB0EC /* Resources */,
			);
			buildRules = (
			);
			dependencies = (
			);
			name = "PsychonautWiki Journal";
			productName = "PsychonautWiki Journal";
			productReference = EAE4710326CBA57F009FB0EC /* PsychonautWiki Journal.app */;
			productType = "com.apple.product-type.application";
		};
/* End PBXNativeTarget section */

/* Begin PBXProject section */
		EAE470FB26CBA57F009FB0EC /* Project object */ = {
			isa = PBXProject;
			attributes = {
				LastSwiftUpdateCheck = 1250;
				LastUpgradeCheck = 1250;
				TargetAttributes = {
					EAE4710226CBA57F009FB0EC = {
						CreatedOnToolsVersion = 12.5.1;
					};
				};
			};
			buildConfigurationList = EAE470FE26CBA57F009FB0EC /* Build configuration list for PBXProject "PsychonautWiki Journal" */;
			compatibilityVersion = "Xcode 9.3";
			developmentRegion = en;
			hasScannedForEncodings = 0;
			knownRegions = (
				en,
				Base,
			);
			mainGroup = EAE470FA26CBA57F009FB0EC;
			productRefGroup = EAE4710426CBA57F009FB0EC /* Products */;
			projectDirPath = "";
			projectRoot = "";
			targets = (
				EAE4710226CBA57F009FB0EC /* PsychonautWiki Journal */,
			);
		};
/* End PBXProject section */

/* Begin PBXResourcesBuildPhase section */
		EAE4710126CBA57F009FB0EC /* Resources */ = {
			isa = PBXResourcesBuildPhase;
			buildActionMask = 2147483647;
			files = (
				EAE4710E26CBA582009FB0EC /* Preview Assets.xcassets in Resources */,
				EAE4710B26CBA582009FB0EC /* Assets.xcassets in Resources */,
			);
			runOnlyForDeploymentPostprocessing = 0;
		};
/* End PBXResourcesBuildPhase section */

/* Begin PBXSourcesBuildPhase section */
		EAE470FF26CBA57F009FB0EC /* Sources */ = {
			isa = PBXSourcesBuildPhase;
			buildActionMask = 2147483647;
			files = (
				EAE4711026CBA582009FB0EC /* Persistence.swift in Sources */,
				EAE4710926CBA57F009FB0EC /* ContentView.swift in Sources */,
				EAE4710726CBA57F009FB0EC /* PsychonautWiki_JournalApp.swift in Sources */,
				EAE4711326CBA582009FB0EC /* PsychonautWiki_Journal.xcdatamodeld in Sources */,
			);
			runOnlyForDeploymentPostprocessing = 0;
		};
/* End PBXSourcesBuildPhase section */

/* Begin XCBuildConfiguration section */
		EAE4711526CBA582009FB0EC /* Debug */ = {
			isa = XCBuildConfiguration;
			buildSettings = {
				ALWAYS_SEARCH_USER_PATHS = NO;
				CLANG_ANALYZER_NONNULL = YES;
				CLANG_ANALYZER_NUMBER_OBJECT_CONVERSION = YES_AGGRESSIVE;
				CLANG_CXX_LANGUAGE_STANDARD = "gnu++14";
				CLANG_CXX_LIBRARY = "libc++";
				CLANG_ENABLE_MODULES = YES;
				CLANG_ENABLE_OBJC_ARC = YES;
				CLANG_ENABLE_OBJC_WEAK = YES;
				CLANG_WARN_BLOCK_CAPTURE_AUTORELEASING = YES;
				CLANG_WARN_BOOL_CONVERSION = YES;
				CLANG_WARN_COMMA = YES;
				CLANG_WARN_CONSTANT_CONVERSION = YES;
				CLANG_WARN_DEPRECATED_OBJC_IMPLEMENTATIONS = YES;
				CLANG_WARN_DIRECT_OBJC_ISA_USAGE = YES_ERROR;
				CLANG_WARN_DOCUMENTATION_COMMENTS = YES;
				CLANG_WARN_EMPTY_BODY = YES;
				CLANG_WARN_ENUM_CONVERSION = YES;
				CLANG_WARN_INFINITE_RECURSION = YES;
				CLANG_WARN_INT_CONVERSION = YES;
				CLANG_WARN_NON_LITERAL_NULL_CONVERSION = YES;
				CLANG_WARN_OBJC_IMPLICIT_RETAIN_SELF = YES;
				CLANG_WARN_OBJC_LITERAL_CONVERSION = YES;
				CLANG_WARN_OBJC_ROOT_CLASS = YES_ERROR;
				CLANG_WARN_QUOTED_INCLUDE_IN_FRAMEWORK_HEADER = YES;
				CLANG_WARN_RANGE_LOOP_ANALYSIS = YES;
				CLANG_WARN_STRICT_PROTOTYPES = YES;
				CLANG_WARN_SUSPICIOUS_MOVE = YES;
				CLANG_WARN_UNGUARDED_AVAILABILITY = YES_AGGRESSIVE;
				CLANG_WARN_UNREACHABLE_CODE = YES;
				CLANG_WARN__DUPLICATE_METHOD_MATCH = YES;
				COPY_PHASE_STRIP = NO;
				DEBUG_INFORMATION_FORMAT = dwarf;
				ENABLE_STRICT_OBJC_MSGSEND = YES;
				ENABLE_TESTABILITY = YES;
				GCC_C_LANGUAGE_STANDARD = gnu11;
				GCC_DYNAMIC_NO_PIC = NO;
				GCC_NO_COMMON_BLOCKS = YES;
				GCC_OPTIMIZATION_LEVEL = 0;
				GCC_PREPROCESSOR_DEFINITIONS = (
					"DEBUG=1",
					"$(inherited)",
				);
				GCC_WARN_64_TO_32_BIT_CONVERSION = YES;
				GCC_WARN_ABOUT_RETURN_TYPE = YES_ERROR;
				GCC_WARN_UNDECLARED_SELECTOR = YES;
				GCC_WARN_UNINITIALIZED_AUTOS = YES_AGGRESSIVE;
				GCC_WARN_UNUSED_FUNCTION = YES;
				GCC_WARN_UNUSED_VARIABLE = YES;
				IPHONEOS_DEPLOYMENT_TARGET = 14.5;
				MTL_ENABLE_DEBUG_INFO = INCLUDE_SOURCE;
				MTL_FAST_MATH = YES;
				ONLY_ACTIVE_ARCH = YES;
				SDKROOT = iphoneos;
				SWIFT_ACTIVE_COMPILATION_CONDITIONS = DEBUG;
				SWIFT_OPTIMIZATION_LEVEL = "-Onone";
			};
			name = Debug;
		};
		EAE4711626CBA582009FB0EC /* Release */ = {
			isa = XCBuildConfiguration;
			buildSettings = {
				ALWAYS_SEARCH_USER_PATHS = NO;
				CLANG_ANALYZER_NONNULL = YES;
				CLANG_ANALYZER_NUMBER_OBJECT_CONVERSION = YES_AGGRESSIVE;
				CLANG_CXX_LANGUAGE_STANDARD = "gnu++14";
				CLANG_CXX_LIBRARY = "libc++";
				CLANG_ENABLE_MODULES = YES;
				CLANG_ENABLE_OBJC_ARC = YES;
				CLANG_ENABLE_OBJC_WEAK = YES;
				CLANG_WARN_BLOCK_CAPTURE_AUTORELEASING = YES;
				CLANG_WARN_BOOL_CONVERSION = YES;
				CLANG_WARN_COMMA = YES;
				CLANG_WARN_CONSTANT_CONVERSION = YES;
				CLANG_WARN_DEPRECATED_OBJC_IMPLEMENTATIONS = YES;
				CLANG_WARN_DIRECT_OBJC_ISA_USAGE = YES_ERROR;
				CLANG_WARN_DOCUMENTATION_COMMENTS = YES;
				CLANG_WARN_EMPTY_BODY = YES;
				CLANG_WARN_ENUM_CONVERSION = YES;
				CLANG_WARN_INFINITE_RECURSION = YES;
				CLANG_WARN_INT_CONVERSION = YES;
				CLANG_WARN_NON_LITERAL_NULL_CONVERSION = YES;
				CLANG_WARN_OBJC_IMPLICIT_RETAIN_SELF = YES;
				CLANG_WARN_OBJC_LITERAL_CONVERSION = YES;
				CLANG_WARN_OBJC_ROOT_CLASS = YES_ERROR;
				CLANG_WARN_QUOTED_INCLUDE_IN_FRAMEWORK_HEADER = YES;
				CLANG_WARN_RANGE_LOOP_ANALYSIS = YES;
				CLANG_WARN_STRICT_PROTOTYPES = YES;
				CLANG_WARN_SUSPICIOUS_MOVE = YES;
				CLANG_WARN_UNGUARDED_AVAILABILITY = YES_AGGRESSIVE;
				CLANG_WARN_UNREACHABLE_CODE = YES;
				CLANG_WARN__DUPLICATE_METHOD_MATCH = YES;
				COPY_PHASE_STRIP = NO;
				DEBUG_INFORMATION_FORMAT = "dwarf-with-dsym";
				ENABLE_NS_ASSERTIONS = NO;
				ENABLE_STRICT_OBJC_MSGSEND = YES;
				GCC_C_LANGUAGE_STANDARD = gnu11;
				GCC_NO_COMMON_BLOCKS = YES;
				GCC_WARN_64_TO_32_BIT_CONVERSION = YES;
				GCC_WARN_ABOUT_RETURN_TYPE = YES_ERROR;
				GCC_WARN_UNDECLARED_SELECTOR = YES;
				GCC_WARN_UNINITIALIZED_AUTOS = YES_AGGRESSIVE;
				GCC_WARN_UNUSED_FUNCTION = YES;
				GCC_WARN_UNUSED_VARIABLE = YES;
				IPHONEOS_DEPLOYMENT_TARGET = 14.5;
				MTL_ENABLE_DEBUG_INFO = NO;
				MTL_FAST_MATH = YES;
				SDKROOT = iphoneos;
				SWIFT_COMPILATION_MODE = wholemodule;
				SWIFT_OPTIMIZATION_LEVEL = "-O";
				VALIDATE_PRODUCT = YES;
			};
			name = Release;
		};
		EAE4711826CBA582009FB0EC /* Debug */ = {
			isa = XCBuildConfiguration;
			buildSettings = {
				ASSETCATALOG_COMPILER_APPICON_NAME = AppIcon;
				ASSETCATALOG_COMPILER_GLOBAL_ACCENT_COLOR_NAME = AccentColor;
				CODE_SIGN_STYLE = Automatic;
				DEVELOPMENT_ASSET_PATHS = "\"PsychonautWiki Journal/Preview Content\"";
				DEVELOPMENT_TEAM = 6S7AHDRUD6;
				ENABLE_PREVIEWS = YES;
				INFOPLIST_FILE = "PsychonautWiki Journal/Info.plist";
				IPHONEOS_DEPLOYMENT_TARGET = 14.0;
				LD_RUNPATH_SEARCH_PATHS = (
					"$(inherited)",
					"@executable_path/Frameworks",
				);
				PRODUCT_BUNDLE_IDENTIFIER = "isaak.PsychonautWiki-Journal";
				PRODUCT_NAME = "$(TARGET_NAME)";
				SWIFT_VERSION = 5.0;
				TARGETED_DEVICE_FAMILY = "1,2";
			};
			name = Debug;
		};
		EAE4711926CBA582009FB0EC /* Release */ = {
			isa = XCBuildConfiguration;
			buildSettings = {
				ASSETCATALOG_COMPILER_APPICON_NAME = AppIcon;
				ASSETCATALOG_COMPILER_GLOBAL_ACCENT_COLOR_NAME = AccentColor;
				CODE_SIGN_STYLE = Automatic;
				DEVELOPMENT_ASSET_PATHS = "\"PsychonautWiki Journal/Preview Content\"";
				DEVELOPMENT_TEAM = 6S7AHDRUD6;
				ENABLE_PREVIEWS = YES;
				INFOPLIST_FILE = "PsychonautWiki Journal/Info.plist";
				IPHONEOS_DEPLOYMENT_TARGET = 14.0;
				LD_RUNPATH_SEARCH_PATHS = (
					"$(inherited)",
					"@executable_path/Frameworks",
				);
				PRODUCT_BUNDLE_IDENTIFIER = "isaak.PsychonautWiki-Journal";
				PRODUCT_NAME = "$(TARGET_NAME)";
				SWIFT_VERSION = 5.0;
				TARGETED_DEVICE_FAMILY = "1,2";
			};
			name = Release;
		};
/* End XCBuildConfiguration section */

/* Begin XCConfigurationList section */
		EAE470FE26CBA57F009FB0EC /* Build configuration list for PBXProject "PsychonautWiki Journal" */ = {
			isa = XCConfigurationList;
			buildConfigurations = (
				EAE4711526CBA582009FB0EC /* Debug */,
				EAE4711626CBA582009FB0EC /* Release */,
			);
			defaultConfigurationIsVisible = 0;
			defaultConfigurationName = Release;
		};
		EAE4711726CBA582009FB0EC /* Build configuration list for PBXNativeTarget "PsychonautWiki Journal" */ = {
			isa = XCConfigurationList;
			buildConfigurations = (
				EAE4711826CBA582009FB0EC /* Debug */,
				EAE4711926CBA582009FB0EC /* Release */,
			);
			defaultConfigurationIsVisible = 0;
			defaultConfigurationName = Release;
		};
/* End XCConfigurationList section */

/* Begin XCVersionGroup section */
		EAE4711126CBA582009FB0EC /* PsychonautWiki_Journal.xcdatamodeld */ = {
			isa = XCVersionGroup;
			children = (
				EAE4711226CBA582009FB0EC /* PsychonautWiki_Journal.xcdatamodel */,
			);
			currentVersion = EAE4711226CBA582009FB0EC /* PsychonautWiki_Journal.xcdatamodel */;
			path = PsychonautWiki_Journal.xcdatamodeld;
			sourceTree = "<group>";
			versionGroupType = wrapper.xcdatamodel;
		};
/* End XCVersionGroup section */
	};
	rootObject = EAE470FB26CBA57F009FB0EC /* Project object */;
}
