// !$*UTF8*$!
{
	archiveVersion = 1;
	classes = {
	};
	objectVersion = 52;
	objects = {

/* Begin PBXBuildFile section */
		EA4910AE26DFB4E0001A5316 /* Assets.xcassets in Resources */ = {isa = PBXBuildFile; fileRef = EA4910AD26DFB4E0001A5316 /* Assets.xcassets */; };
		EA4910B526DFB4E0001A5316 /* Watch Journal Extension.appex in Embed App Extensions */ = {isa = PBXBuildFile; fileRef = EA4910B426DFB4E0001A5316 /* Watch Journal Extension.appex */; settings = {ATTRIBUTES = (RemoveHeadersOnCopy, ); }; };
		EA4910BA26DFB4E0001A5316 /* ContentView.swift in Sources */ = {isa = PBXBuildFile; fileRef = EA4910B926DFB4E0001A5316 /* ContentView.swift */; };
		EA4910BC26DFB4E0001A5316 /* PsychonautWiki_JournalApp.swift in Sources */ = {isa = PBXBuildFile; fileRef = EA4910BB26DFB4E0001A5316 /* PsychonautWiki_JournalApp.swift */; };
		EA4910BE26DFB4E0001A5316 /* ComplicationController.swift in Sources */ = {isa = PBXBuildFile; fileRef = EA4910BD26DFB4E0001A5316 /* ComplicationController.swift */; };
		EA4910C026DFB4E1001A5316 /* Assets.xcassets in Resources */ = {isa = PBXBuildFile; fileRef = EA4910BF26DFB4E1001A5316 /* Assets.xcassets */; };
		EA4910C326DFB4E1001A5316 /* Preview Assets.xcassets in Resources */ = {isa = PBXBuildFile; fileRef = EA4910C226DFB4E1001A5316 /* Preview Assets.xcassets */; };
		EA4910C726DFB4E1001A5316 /* Watch Journal.app in Embed Watch Content */ = {isa = PBXBuildFile; fileRef = EA4910AB26DFB4E0001A5316 /* Watch Journal.app */; settings = {ATTRIBUTES = (RemoveHeadersOnCopy, ); }; };
		EAA2EC3626DFB5B200B4FACF /* Connectivity.swift in Sources */ = {isa = PBXBuildFile; fileRef = EAA2EC3526DFB5B200B4FACF /* Connectivity.swift */; };
		EAA2EC3726DFB70E00B4FACF /* Connectivity.swift in Sources */ = {isa = PBXBuildFile; fileRef = EAA2EC3526DFB5B200B4FACF /* Connectivity.swift */; };
		EAA2EC3926DFC88700B4FACF /* HomeTab.swift in Sources */ = {isa = PBXBuildFile; fileRef = EAA2EC3826DFC88700B4FACF /* HomeTab.swift */; };
		EAA2EC3B26DFC8B800B4FACF /* SettingsTab.swift in Sources */ = {isa = PBXBuildFile; fileRef = EAA2EC3A26DFC8B800B4FACF /* SettingsTab.swift */; };
		EAA2EC3D26DFC8F300B4FACF /* IngestionsTab.swift in Sources */ = {isa = PBXBuildFile; fileRef = EAA2EC3C26DFC8F300B4FACF /* IngestionsTab.swift */; };
		EAA2EC3E26DFCB9D00B4FACF /* Persistence.swift in Sources */ = {isa = PBXBuildFile; fileRef = EAE4718026CBA664009FB0EC /* Persistence.swift */; };
		EAA2EC3F26DFCBB400B4FACF /* Main.xcdatamodeld in Sources */ = {isa = PBXBuildFile; fileRef = EAE4715626CBA664009FB0EC /* Main.xcdatamodeld */; };
		EAA2EC4026DFCBCF00B4FACF /* DoseRange-CoreDataHelpers.swift in Sources */ = {isa = PBXBuildFile; fileRef = EAE4716126CBA664009FB0EC /* DoseRange-CoreDataHelpers.swift */; };
		EAA2EC4126DFCBCF00B4FACF /* Experience-CoreDataHelpers.swift in Sources */ = {isa = PBXBuildFile; fileRef = EAE4716526CBA664009FB0EC /* Experience-CoreDataHelpers.swift */; };
		EAA2EC4226DFCBCF00B4FACF /* DurationTypes-CoreDataHelpers.swift in Sources */ = {isa = PBXBuildFile; fileRef = EAE4716926CBA664009FB0EC /* DurationTypes-CoreDataHelpers.swift */; };
		EAA2EC4326DFCBCF00B4FACF /* DurationRange-CoreDataHelpers.swift in Sources */ = {isa = PBXBuildFile; fileRef = EAE4716626CBA664009FB0EC /* DurationRange-CoreDataHelpers.swift */; };
		EAA2EC4426DFCBCF00B4FACF /* GeneralInteraction-CoreDataHelpers.swift in Sources */ = {isa = PBXBuildFile; fileRef = EAE4716426CBA664009FB0EC /* GeneralInteraction-CoreDataHelpers.swift */; };
		EAA2EC4526DFCBCF00B4FACF /* Roa-CoreDataHelpers.swift in Sources */ = {isa = PBXBuildFile; fileRef = EAE4716026CBA664009FB0EC /* Roa-CoreDataHelpers.swift */; };
		EAA2EC4626DFCBCF00B4FACF /* SubstanceCopy-CoreDataHelpers.swift in Sources */ = {isa = PBXBuildFile; fileRef = EAC306A426CD9B0100C98E3E /* SubstanceCopy-CoreDataHelpers.swift */; };
		EAA2EC4726DFCBCF00B4FACF /* Ingestion-CoreDataHelpers.swift in Sources */ = {isa = PBXBuildFile; fileRef = EAE4716726CBA664009FB0EC /* Ingestion-CoreDataHelpers.swift */; };
		EAA2EC4826DFCBCF00B4FACF /* Substance-CoreDataHelpers.swift in Sources */ = {isa = PBXBuildFile; fileRef = EAE4716326CBA664009FB0EC /* Substance-CoreDataHelpers.swift */; };
		EAA2EC4926DFCBCF00B4FACF /* SubstancesFile-CoreDataHelpers.swift in Sources */ = {isa = PBXBuildFile; fileRef = EAE4716826CBA664009FB0EC /* SubstancesFile-CoreDataHelpers.swift */; };
		EAA2EC4A26DFCBCF00B4FACF /* Category-CoreDataHelpers.swift in Sources */ = {isa = PBXBuildFile; fileRef = EAE4716226CBA664009FB0EC /* Category-CoreDataHelpers.swift */; };
		EAA2EC4B26DFCBCF00B4FACF /* DoseTypes-CoreDataHelpers.swift in Sources */ = {isa = PBXBuildFile; fileRef = EAE4715F26CBA664009FB0EC /* DoseTypes-CoreDataHelpers.swift */; };
		EAA2EC4C26DFCBE200B4FACF /* Roa+CoreDataClass.swift in Sources */ = {isa = PBXBuildFile; fileRef = EAE4716F26CBA664009FB0EC /* Roa+CoreDataClass.swift */; };
		EAA2EC4D26DFCBE200B4FACF /* DoseTypes+CoreDataClass.swift in Sources */ = {isa = PBXBuildFile; fileRef = EAE4717326CBA664009FB0EC /* DoseTypes+CoreDataClass.swift */; };
		EAA2EC4E26DFCBE200B4FACF /* SubstanceCopy+CoreDataClass.swift in Sources */ = {isa = PBXBuildFile; fileRef = EAC306A626CDAD3500C98E3E /* SubstanceCopy+CoreDataClass.swift */; };
		EAA2EC4F26DFCBE200B4FACF /* Substance+CoreDataClass.swift in Sources */ = {isa = PBXBuildFile; fileRef = EAE4717126CBA664009FB0EC /* Substance+CoreDataClass.swift */; };
		EAA2EC5026DFCBE200B4FACF /* CodingUserInfoKey.swift in Sources */ = {isa = PBXBuildFile; fileRef = EAE4717226CBA664009FB0EC /* CodingUserInfoKey.swift */; };
		EAA2EC5126DFCBE200B4FACF /* SubstancesFile+CoreDataClass.swift in Sources */ = {isa = PBXBuildFile; fileRef = EAE4717526CBA664009FB0EC /* SubstancesFile+CoreDataClass.swift */; };
		EAA2EC5226DFCBE200B4FACF /* DurationTypes+CoreDataClass.swift in Sources */ = {isa = PBXBuildFile; fileRef = EAE4717026CBA664009FB0EC /* DurationTypes+CoreDataClass.swift */; };
		EAA2EC5326DFCBE200B4FACF /* Throwable.swift in Sources */ = {isa = PBXBuildFile; fileRef = EAE4723826CC6598009FB0EC /* Throwable.swift */; };
		EAA2EC5426DFCBE200B4FACF /* DoseRange+CoreDataClass.swift in Sources */ = {isa = PBXBuildFile; fileRef = EAE4717826CBA664009FB0EC /* DoseRange+CoreDataClass.swift */; };
		EAA2EC5526DFCBE200B4FACF /* DurationRange+CoreDataClass.swift in Sources */ = {isa = PBXBuildFile; fileRef = EAE4717626CBA664009FB0EC /* DurationRange+CoreDataClass.swift */; };
		EAA2EC5626DFCBFA00B4FACF /* Double-CleanString.swift in Sources */ = {isa = PBXBuildFile; fileRef = EAE4716C26CBA664009FB0EC /* Double-CleanString.swift */; };
		EAA2EC5726DFCBFA00B4FACF /* Double-Rounded.swift in Sources */ = {isa = PBXBuildFile; fileRef = EAE4716B26CBA664009FB0EC /* Double-Rounded.swift */; };
		EAA2EC5926DFCBFA00B4FACF /* Data-ToFile.swift in Sources */ = {isa = PBXBuildFile; fileRef = EAE4717926CBA664009FB0EC /* Data-ToFile.swift */; };
		EAA2EC5A26DFCBFA00B4FACF /* DoseRange-Comparable.swift in Sources */ = {isa = PBXBuildFile; fileRef = EAE4717C26CBA664009FB0EC /* DoseRange-Comparable.swift */; };
		EAA2EC5B26DFCBFA00B4FACF /* Date-Difference.swift in Sources */ = {isa = PBXBuildFile; fileRef = EAE4716A26CBA664009FB0EC /* Date-Difference.swift */; };
		EAA2EC5C26DFCBFA00B4FACF /* Binding-OnChange.swift in Sources */ = {isa = PBXBuildFile; fileRef = EAE4715D26CBA664009FB0EC /* Binding-OnChange.swift */; };
		EAA2EC5D26DFCBFA00B4FACF /* Sequence-Uniqued.swift in Sources */ = {isa = PBXBuildFile; fileRef = EAE4715C26CBA664009FB0EC /* Sequence-Uniqued.swift */; };
		EAA2EC5F26DFCBFA00B4FACF /* Color-StringColor.swift in Sources */ = {isa = PBXBuildFile; fileRef = EAE4717B26CBA664009FB0EC /* Color-StringColor.swift */; };
		EAA2EC6026DFCBFA00B4FACF /* Date-String.swift in Sources */ = {isa = PBXBuildFile; fileRef = EAE4717D26CBA664009FB0EC /* Date-String.swift */; };
		EAA2EC6126DFCC2B00B4FACF /* PreviewHelper.swift in Sources */ = {isa = PBXBuildFile; fileRef = EAE4717E26CBA664009FB0EC /* PreviewHelper.swift */; };
		EAA2EC6226DFCE4300B4FACF /* SubstanceDecoder.swift in Sources */ = {isa = PBXBuildFile; fileRef = EAE4712826CBA663009FB0EC /* SubstanceDecoder.swift */; };
		EAA2EC6726E2040300B4FACF /* WatchWelcome.swift in Sources */ = {isa = PBXBuildFile; fileRef = EAA2EC6626E2040300B4FACF /* WatchWelcome.swift */; };
		EAA2EC6A26E2064D00B4FACF /* SwiftyJSON in Frameworks */ = {isa = PBXBuildFile; productRef = EAA2EC6926E2064D00B4FACF /* SwiftyJSON */; };
		EAA2EC6C26E2113100B4FACF /* IngestionRow.swift in Sources */ = {isa = PBXBuildFile; fileRef = EAA2EC6B26E2113100B4FACF /* IngestionRow.swift */; };
		EAA2EC7026E2124600B4FACF /* DosePicker.swift in Sources */ = {isa = PBXBuildFile; fileRef = EAA2EC6F26E2124600B4FACF /* DosePicker.swift */; };
		EAA2EC7326E2151900B4FACF /* ChooseSubstanceView.swift in Sources */ = {isa = PBXBuildFile; fileRef = EAA2EC7226E2151900B4FACF /* ChooseSubstanceView.swift */; };
		EAA2EC7526E2152D00B4FACF /* SubstanceRow.swift in Sources */ = {isa = PBXBuildFile; fileRef = EAA2EC7426E2152D00B4FACF /* SubstanceRow.swift */; };
		EAA2EC7726E21A7700B4FACF /* ChooseDoseView.swift in Sources */ = {isa = PBXBuildFile; fileRef = EAA2EC7626E21A7700B4FACF /* ChooseDoseView.swift */; };
		EAA2EC7926E21A8D00B4FACF /* ChooseRouteView.swift in Sources */ = {isa = PBXBuildFile; fileRef = EAA2EC7826E21A8D00B4FACF /* ChooseRouteView.swift */; };
		EAA2EC7B26E21AB000B4FACF /* ChooseTimeAndColor.swift in Sources */ = {isa = PBXBuildFile; fileRef = EAA2EC7A26E21AB000B4FACF /* ChooseTimeAndColor.swift */; };
		EAA2EC7E26E21CC800B4FACF /* InteractionChecker.swift in Sources */ = {isa = PBXBuildFile; fileRef = EAE4718A26CBA664009FB0EC /* InteractionChecker.swift */; };
		EAA2EC8026E21D9200B4FACF /* InitialSubstances.json in Resources */ = {isa = PBXBuildFile; fileRef = EAE4723426CC42F7009FB0EC /* InitialSubstances.json */; };
		EAC306A126CD16AD00C98E3E /* ChooseInteractionsView.swift in Sources */ = {isa = PBXBuildFile; fileRef = EAC306A026CD16AC00C98E3E /* ChooseInteractionsView.swift */; };
		EAC306A326CD182F00C98E3E /* ChooseFavoritesView.swift in Sources */ = {isa = PBXBuildFile; fileRef = EAC306A226CD182F00C98E3E /* ChooseFavoritesView.swift */; };
		EAC306A526CD9B0100C98E3E /* SubstanceCopy-CoreDataHelpers.swift in Sources */ = {isa = PBXBuildFile; fileRef = EAC306A426CD9B0100C98E3E /* SubstanceCopy-CoreDataHelpers.swift */; };
		EAC306A826CDAD3500C98E3E /* SubstanceCopy+CoreDataClass.swift in Sources */ = {isa = PBXBuildFile; fileRef = EAC306A626CDAD3500C98E3E /* SubstanceCopy+CoreDataClass.swift */; };
		EAC306AB26CE2F8500C98E3E /* AroundShapeModelDown.swift in Sources */ = {isa = PBXBuildFile; fileRef = EAC306AA26CE2F8500C98E3E /* AroundShapeModelDown.swift */; };
		EAC306AD26CE32AD00C98E3E /* AroundShapeModel.swift in Sources */ = {isa = PBXBuildFile; fileRef = EAC306AC26CE32AD00C98E3E /* AroundShapeModel.swift */; };
		EAC306AF26CE532A00C98E3E /* ColorPie.swift in Sources */ = {isa = PBXBuildFile; fileRef = EAC306AE26CE532A00C98E3E /* ColorPie.swift */; };
		EAE4710726CBA57F009FB0EC /* PsychonautWiki_JournalApp.swift in Sources */ = {isa = PBXBuildFile; fileRef = EAE4710626CBA57F009FB0EC /* PsychonautWiki_JournalApp.swift */; };
		EAE471B126CBA664009FB0EC /* CalendarScreen.swift in Sources */ = {isa = PBXBuildFile; fileRef = EAE4711C26CBA663009FB0EC /* CalendarScreen.swift */; };
		EAE471B226CBA664009FB0EC /* WelcomeScreen.swift in Sources */ = {isa = PBXBuildFile; fileRef = EAE4711D26CBA663009FB0EC /* WelcomeScreen.swift */; };
		EAE471B626CBA664009FB0EC /* Feature.swift in Sources */ = {isa = PBXBuildFile; fileRef = EAE4712226CBA663009FB0EC /* Feature.swift */; };
		EAE471B726CBA664009FB0EC /* DisclaimerViewShort.swift in Sources */ = {isa = PBXBuildFile; fileRef = EAE4712326CBA663009FB0EC /* DisclaimerViewShort.swift */; };
		EAE471BC26CBA664009FB0EC /* SubstanceDecoder.swift in Sources */ = {isa = PBXBuildFile; fileRef = EAE4712826CBA663009FB0EC /* SubstanceDecoder.swift */; };
		EAE471BD26CBA664009FB0EC /* ContentView.swift in Sources */ = {isa = PBXBuildFile; fileRef = EAE4712926CBA663009FB0EC /* ContentView.swift */; };
		EAE471BE26CBA664009FB0EC /* SettingsView.swift in Sources */ = {isa = PBXBuildFile; fileRef = EAE4712B26CBA663009FB0EC /* SettingsView.swift */; };
		EAE471C326CBA664009FB0EC /* SectionFooter.swift in Sources */ = {isa = PBXBuildFile; fileRef = EAE4713126CBA663009FB0EC /* SectionFooter.swift */; };
		EAE471C426CBA664009FB0EC /* CalendarSection.swift in Sources */ = {isa = PBXBuildFile; fileRef = EAE4713226CBA663009FB0EC /* CalendarSection.swift */; };
		EAE471C626CBA664009FB0EC /* InteractionRowView.swift in Sources */ = {isa = PBXBuildFile; fileRef = EAE4713426CBA663009FB0EC /* InteractionRowView.swift */; };
		EAE471DE26CBA664009FB0EC /* Main.xcdatamodeld in Sources */ = {isa = PBXBuildFile; fileRef = EAE4715626CBA664009FB0EC /* Main.xcdatamodeld */; };
		EAE471E126CBA664009FB0EC /* Sequence-Uniqued.swift in Sources */ = {isa = PBXBuildFile; fileRef = EAE4715C26CBA664009FB0EC /* Sequence-Uniqued.swift */; };
		EAE471E226CBA664009FB0EC /* Binding-OnChange.swift in Sources */ = {isa = PBXBuildFile; fileRef = EAE4715D26CBA664009FB0EC /* Binding-OnChange.swift */; };
		EAE471E326CBA664009FB0EC /* DoseTypes-CoreDataHelpers.swift in Sources */ = {isa = PBXBuildFile; fileRef = EAE4715F26CBA664009FB0EC /* DoseTypes-CoreDataHelpers.swift */; };
		EAE471E426CBA664009FB0EC /* Roa-CoreDataHelpers.swift in Sources */ = {isa = PBXBuildFile; fileRef = EAE4716026CBA664009FB0EC /* Roa-CoreDataHelpers.swift */; };
		EAE471E526CBA664009FB0EC /* DoseRange-CoreDataHelpers.swift in Sources */ = {isa = PBXBuildFile; fileRef = EAE4716126CBA664009FB0EC /* DoseRange-CoreDataHelpers.swift */; };
		EAE471E626CBA664009FB0EC /* Category-CoreDataHelpers.swift in Sources */ = {isa = PBXBuildFile; fileRef = EAE4716226CBA664009FB0EC /* Category-CoreDataHelpers.swift */; };
		EAE471E726CBA664009FB0EC /* Substance-CoreDataHelpers.swift in Sources */ = {isa = PBXBuildFile; fileRef = EAE4716326CBA664009FB0EC /* Substance-CoreDataHelpers.swift */; };
		EAE471E826CBA664009FB0EC /* GeneralInteraction-CoreDataHelpers.swift in Sources */ = {isa = PBXBuildFile; fileRef = EAE4716426CBA664009FB0EC /* GeneralInteraction-CoreDataHelpers.swift */; };
		EAE471E926CBA664009FB0EC /* Experience-CoreDataHelpers.swift in Sources */ = {isa = PBXBuildFile; fileRef = EAE4716526CBA664009FB0EC /* Experience-CoreDataHelpers.swift */; };
		EAE471EA26CBA664009FB0EC /* DurationRange-CoreDataHelpers.swift in Sources */ = {isa = PBXBuildFile; fileRef = EAE4716626CBA664009FB0EC /* DurationRange-CoreDataHelpers.swift */; };
		EAE471EB26CBA664009FB0EC /* Ingestion-CoreDataHelpers.swift in Sources */ = {isa = PBXBuildFile; fileRef = EAE4716726CBA664009FB0EC /* Ingestion-CoreDataHelpers.swift */; };
		EAE471EC26CBA664009FB0EC /* SubstancesFile-CoreDataHelpers.swift in Sources */ = {isa = PBXBuildFile; fileRef = EAE4716826CBA664009FB0EC /* SubstancesFile-CoreDataHelpers.swift */; };
		EAE471ED26CBA664009FB0EC /* DurationTypes-CoreDataHelpers.swift in Sources */ = {isa = PBXBuildFile; fileRef = EAE4716926CBA664009FB0EC /* DurationTypes-CoreDataHelpers.swift */; };
		EAE471EE26CBA664009FB0EC /* Date-Difference.swift in Sources */ = {isa = PBXBuildFile; fileRef = EAE4716A26CBA664009FB0EC /* Date-Difference.swift */; };
		EAE471EF26CBA664009FB0EC /* Double-Rounded.swift in Sources */ = {isa = PBXBuildFile; fileRef = EAE4716B26CBA664009FB0EC /* Double-Rounded.swift */; };
		EAE471F026CBA664009FB0EC /* Double-CleanString.swift in Sources */ = {isa = PBXBuildFile; fileRef = EAE4716C26CBA664009FB0EC /* Double-CleanString.swift */; };
		EAE471F126CBA664009FB0EC /* View-NaviationViewStyle.swift in Sources */ = {isa = PBXBuildFile; fileRef = EAE4716D26CBA664009FB0EC /* View-NaviationViewStyle.swift */; };
		EAE471F226CBA664009FB0EC /* Roa+CoreDataClass.swift in Sources */ = {isa = PBXBuildFile; fileRef = EAE4716F26CBA664009FB0EC /* Roa+CoreDataClass.swift */; };
		EAE471F326CBA664009FB0EC /* DurationTypes+CoreDataClass.swift in Sources */ = {isa = PBXBuildFile; fileRef = EAE4717026CBA664009FB0EC /* DurationTypes+CoreDataClass.swift */; };
		EAE471F426CBA664009FB0EC /* Substance+CoreDataClass.swift in Sources */ = {isa = PBXBuildFile; fileRef = EAE4717126CBA664009FB0EC /* Substance+CoreDataClass.swift */; };
		EAE471F526CBA664009FB0EC /* CodingUserInfoKey.swift in Sources */ = {isa = PBXBuildFile; fileRef = EAE4717226CBA664009FB0EC /* CodingUserInfoKey.swift */; };
		EAE471F626CBA664009FB0EC /* DoseTypes+CoreDataClass.swift in Sources */ = {isa = PBXBuildFile; fileRef = EAE4717326CBA664009FB0EC /* DoseTypes+CoreDataClass.swift */; };
		EAE471F826CBA664009FB0EC /* SubstancesFile+CoreDataClass.swift in Sources */ = {isa = PBXBuildFile; fileRef = EAE4717526CBA664009FB0EC /* SubstancesFile+CoreDataClass.swift */; };
		EAE471F926CBA664009FB0EC /* DurationRange+CoreDataClass.swift in Sources */ = {isa = PBXBuildFile; fileRef = EAE4717626CBA664009FB0EC /* DurationRange+CoreDataClass.swift */; };
		EAE471FB26CBA664009FB0EC /* DoseRange+CoreDataClass.swift in Sources */ = {isa = PBXBuildFile; fileRef = EAE4717826CBA664009FB0EC /* DoseRange+CoreDataClass.swift */; };
		EAE471FC26CBA664009FB0EC /* Data-ToFile.swift in Sources */ = {isa = PBXBuildFile; fileRef = EAE4717926CBA664009FB0EC /* Data-ToFile.swift */; };
		EAE471FD26CBA664009FB0EC /* View-HideKeyboard.swift in Sources */ = {isa = PBXBuildFile; fileRef = EAE4717A26CBA664009FB0EC /* View-HideKeyboard.swift */; };
		EAE471FE26CBA664009FB0EC /* Color-StringColor.swift in Sources */ = {isa = PBXBuildFile; fileRef = EAE4717B26CBA664009FB0EC /* Color-StringColor.swift */; };
		EAE471FF26CBA664009FB0EC /* DoseRange-Comparable.swift in Sources */ = {isa = PBXBuildFile; fileRef = EAE4717C26CBA664009FB0EC /* DoseRange-Comparable.swift */; };
		EAE4720026CBA664009FB0EC /* Date-String.swift in Sources */ = {isa = PBXBuildFile; fileRef = EAE4717D26CBA664009FB0EC /* Date-String.swift */; };
		EAE4720126CBA664009FB0EC /* PreviewHelper.swift in Sources */ = {isa = PBXBuildFile; fileRef = EAE4717E26CBA664009FB0EC /* PreviewHelper.swift */; };
		EAE4720226CBA664009FB0EC /* CalendarWrapper.swift in Sources */ = {isa = PBXBuildFile; fileRef = EAE4717F26CBA664009FB0EC /* CalendarWrapper.swift */; };
		EAE4720326CBA664009FB0EC /* Persistence.swift in Sources */ = {isa = PBXBuildFile; fileRef = EAE4718026CBA664009FB0EC /* Persistence.swift */; };
		EAE4720626CBA664009FB0EC /* ChooseInitialInteractionsView.swift in Sources */ = {isa = PBXBuildFile; fileRef = EAE4718426CBA664009FB0EC /* ChooseInitialInteractionsView.swift */; };
		EAE4720726CBA664009FB0EC /* ChooseInitialFavoritesView.swift in Sources */ = {isa = PBXBuildFile; fileRef = EAE4718526CBA664009FB0EC /* ChooseInitialFavoritesView.swift */; };
		EAE4720826CBA664009FB0EC /* FavoritesRowView.swift in Sources */ = {isa = PBXBuildFile; fileRef = EAE4718626CBA664009FB0EC /* FavoritesRowView.swift */; };
		EAE4720926CBA664009FB0EC /* IngestionRow.swift in Sources */ = {isa = PBXBuildFile; fileRef = EAE4718926CBA664009FB0EC /* IngestionRow.swift */; };
		EAE4720A26CBA664009FB0EC /* InteractionChecker.swift in Sources */ = {isa = PBXBuildFile; fileRef = EAE4718A26CBA664009FB0EC /* InteractionChecker.swift */; };
		EAE4720B26CBA664009FB0EC /* ExperienceView.swift in Sources */ = {isa = PBXBuildFile; fileRef = EAE4718B26CBA664009FB0EC /* ExperienceView.swift */; };
		EAE4720C26CBA664009FB0EC /* ChartTimeStep.swift in Sources */ = {isa = PBXBuildFile; fileRef = EAE4718D26CBA664009FB0EC /* ChartTimeStep.swift */; };
		EAE4720D26CBA664009FB0EC /* LineView.swift in Sources */ = {isa = PBXBuildFile; fileRef = EAE4718E26CBA664009FB0EC /* LineView.swift */; };
		EAE4720E26CBA664009FB0EC /* LineChartWithPicker.swift in Sources */ = {isa = PBXBuildFile; fileRef = EAE4718F26CBA664009FB0EC /* LineChartWithPicker.swift */; };
		EAE4720F26CBA664009FB0EC /* HelperMethods.swift in Sources */ = {isa = PBXBuildFile; fileRef = EAE4719026CBA664009FB0EC /* HelperMethods.swift */; };
		EAE4721026CBA664009FB0EC /* RelativeScrollView.swift in Sources */ = {isa = PBXBuildFile; fileRef = EAE4719126CBA664009FB0EC /* RelativeScrollView.swift */; };
		EAE4721126CBA664009FB0EC /* LineShape.swift in Sources */ = {isa = PBXBuildFile; fileRef = EAE4719326CBA664009FB0EC /* LineShape.swift */; };
		EAE4721226CBA664009FB0EC /* CurrentTimeShape.swift in Sources */ = {isa = PBXBuildFile; fileRef = EAE4719426CBA664009FB0EC /* CurrentTimeShape.swift */; };
		EAE4721326CBA664009FB0EC /* AroundShape.swift in Sources */ = {isa = PBXBuildFile; fileRef = EAE4719526CBA664009FB0EC /* AroundShape.swift */; };
		EAE4721426CBA664009FB0EC /* IngestionLineModel.swift in Sources */ = {isa = PBXBuildFile; fileRef = EAE4719726CBA664009FB0EC /* IngestionLineModel.swift */; };
		EAE4721526CBA664009FB0EC /* Curve.swift in Sources */ = {isa = PBXBuildFile; fileRef = EAE4719826CBA664009FB0EC /* Curve.swift */; };
		EAE4721626CBA664009FB0EC /* LineModel.swift in Sources */ = {isa = PBXBuildFile; fileRef = EAE4719926CBA664009FB0EC /* LineModel.swift */; };
		EAE4721726CBA664009FB0EC /* AroundShapeModelUp.swift in Sources */ = {isa = PBXBuildFile; fileRef = EAE4719A26CBA664009FB0EC /* AroundShapeModelUp.swift */; };
		EAE4721826CBA664009FB0EC /* DataPoint.swift in Sources */ = {isa = PBXBuildFile; fileRef = EAE4719B26CBA664009FB0EC /* DataPoint.swift */; };
		EAE4721926CBA664009FB0EC /* IngestionsLineChart.swift in Sources */ = {isa = PBXBuildFile; fileRef = EAE4719C26CBA664009FB0EC /* IngestionsLineChart.swift */; };
		EAE4721A26CBA664009FB0EC /* TimeLabels.swift in Sources */ = {isa = PBXBuildFile; fileRef = EAE4719D26CBA664009FB0EC /* TimeLabels.swift */; };
		EAE4721B26CBA664009FB0EC /* CurrentTimeView.swift in Sources */ = {isa = PBXBuildFile; fileRef = EAE4719E26CBA664009FB0EC /* CurrentTimeView.swift */; };
		EAE4721C26CBA664009FB0EC /* DosePicker.swift in Sources */ = {isa = PBXBuildFile; fileRef = EAE471A026CBA664009FB0EC /* DosePicker.swift */; };
		EAE4721D26CBA664009FB0EC /* SubstancePicker.swift in Sources */ = {isa = PBXBuildFile; fileRef = EAE471A126CBA664009FB0EC /* SubstancePicker.swift */; };
		EAE4721E26CBA664009FB0EC /* EditIngestionView.swift in Sources */ = {isa = PBXBuildFile; fileRef = EAE471A226CBA664009FB0EC /* EditIngestionView.swift */; };
		EAE4721F26CBA664009FB0EC /* SubstanceRow.swift in Sources */ = {isa = PBXBuildFile; fileRef = EAE471A426CBA664009FB0EC /* SubstanceRow.swift */; };
		EAE4722026CBA664009FB0EC /* ChooseRouteView.swift in Sources */ = {isa = PBXBuildFile; fileRef = EAE471A526CBA664009FB0EC /* ChooseRouteView.swift */; };
		EAE4722126CBA664009FB0EC /* ChooseTimeAndColor.swift in Sources */ = {isa = PBXBuildFile; fileRef = EAE471A626CBA664009FB0EC /* ChooseTimeAndColor.swift */; };
		EAE4722226CBA664009FB0EC /* ChooseSubstanceView.swift in Sources */ = {isa = PBXBuildFile; fileRef = EAE471A726CBA664009FB0EC /* ChooseSubstanceView.swift */; };
		EAE4722326CBA664009FB0EC /* ChooseDoseView.swift in Sources */ = {isa = PBXBuildFile; fileRef = EAE471A826CBA664009FB0EC /* ChooseDoseView.swift */; };
		EAE4722426CBA664009FB0EC /* TimerView.swift in Sources */ = {isa = PBXBuildFile; fileRef = EAE471A926CBA664009FB0EC /* TimerView.swift */; };
		EAE4722526CBA664009FB0EC /* HomeView.swift in Sources */ = {isa = PBXBuildFile; fileRef = EAE471AA26CBA664009FB0EC /* HomeView.swift */; };
		EAE4722626CBA664009FB0EC /* ExperienceRow.swift in Sources */ = {isa = PBXBuildFile; fileRef = EAE471AB26CBA664009FB0EC /* ExperienceRow.swift */; };
		EAE4722726CBA664009FB0EC /* PrimaryButtonStyle.swift in Sources */ = {isa = PBXBuildFile; fileRef = EAE471AD26CBA664009FB0EC /* PrimaryButtonStyle.swift */; };
		EAE4722826CBA664009FB0EC /* PrimaryButtonTextStyle.swift in Sources */ = {isa = PBXBuildFile; fileRef = EAE471AE26CBA664009FB0EC /* PrimaryButtonTextStyle.swift */; };
		EAE4722926CBA664009FB0EC /* TitleTextStyle.swift in Sources */ = {isa = PBXBuildFile; fileRef = EAE471AF26CBA664009FB0EC /* TitleTextStyle.swift */; };
		EAE4722D26CBAE54009FB0EC /* Preview Assets.xcassets in Resources */ = {isa = PBXBuildFile; fileRef = EAE4710D26CBA582009FB0EC /* Preview Assets.xcassets */; };
		EAE4722E26CBAE5B009FB0EC /* Assets.xcassets in Resources */ = {isa = PBXBuildFile; fileRef = EAE4712726CBA663009FB0EC /* Assets.xcassets */; };
		EAE4723026CBDDE7009FB0EC /* PsychonautWikiAPIController.swift in Sources */ = {isa = PBXBuildFile; fileRef = EAE4722F26CBDDE7009FB0EC /* PsychonautWikiAPIController.swift */; };
		EAE4723326CC2525009FB0EC /* SwiftyJSON in Frameworks */ = {isa = PBXBuildFile; productRef = EAE4723226CC2525009FB0EC /* SwiftyJSON */; };
		EAE4723526CC42F7009FB0EC /* InitialSubstances.json in Resources */ = {isa = PBXBuildFile; fileRef = EAE4723426CC42F7009FB0EC /* InitialSubstances.json */; };
		EAE4723926CC6598009FB0EC /* Throwable.swift in Sources */ = {isa = PBXBuildFile; fileRef = EAE4723826CC6598009FB0EC /* Throwable.swift */; };
/* End PBXBuildFile section */

/* Begin PBXContainerItemProxy section */
		EA4910B626DFB4E0001A5316 /* PBXContainerItemProxy */ = {
			isa = PBXContainerItemProxy;
			containerPortal = EAE470FB26CBA57F009FB0EC /* Project object */;
			proxyType = 1;
			remoteGlobalIDString = EA4910B326DFB4E0001A5316;
			remoteInfo = "Watch Journal Extension";
		};
		EA4910C526DFB4E1001A5316 /* PBXContainerItemProxy */ = {
			isa = PBXContainerItemProxy;
			containerPortal = EAE470FB26CBA57F009FB0EC /* Project object */;
			proxyType = 1;
			remoteGlobalIDString = EA4910AA26DFB4E0001A5316;
			remoteInfo = "Watch Journal";
		};
/* End PBXContainerItemProxy section */

/* Begin PBXCopyFilesBuildPhase section */
		EA4910C826DFB4E1001A5316 /* Embed Watch Content */ = {
			isa = PBXCopyFilesBuildPhase;
			buildActionMask = 2147483647;
			dstPath = "$(CONTENTS_FOLDER_PATH)/Watch";
			dstSubfolderSpec = 16;
			files = (
				EA4910C726DFB4E1001A5316 /* Watch Journal.app in Embed Watch Content */,
			);
			name = "Embed Watch Content";
			runOnlyForDeploymentPostprocessing = 0;
		};
		EA4910CB26DFB4E1001A5316 /* Embed App Extensions */ = {
			isa = PBXCopyFilesBuildPhase;
			buildActionMask = 2147483647;
			dstPath = "";
			dstSubfolderSpec = 13;
			files = (
				EA4910B526DFB4E0001A5316 /* Watch Journal Extension.appex in Embed App Extensions */,
			);
			name = "Embed App Extensions";
			runOnlyForDeploymentPostprocessing = 0;
		};
/* End PBXCopyFilesBuildPhase section */

/* Begin PBXFileReference section */
		EA4910AB26DFB4E0001A5316 /* Watch Journal.app */ = {isa = PBXFileReference; explicitFileType = wrapper.application; includeInIndex = 0; path = "Watch Journal.app"; sourceTree = BUILT_PRODUCTS_DIR; };
		EA4910AD26DFB4E0001A5316 /* Assets.xcassets */ = {isa = PBXFileReference; lastKnownFileType = folder.assetcatalog; path = Assets.xcassets; sourceTree = "<group>"; };
		EA4910AF26DFB4E0001A5316 /* Info.plist */ = {isa = PBXFileReference; lastKnownFileType = text.plist.xml; path = Info.plist; sourceTree = "<group>"; };
		EA4910B426DFB4E0001A5316 /* Watch Journal Extension.appex */ = {isa = PBXFileReference; explicitFileType = "wrapper.app-extension"; includeInIndex = 0; path = "Watch Journal Extension.appex"; sourceTree = BUILT_PRODUCTS_DIR; };
		EA4910B926DFB4E0001A5316 /* ContentView.swift */ = {isa = PBXFileReference; lastKnownFileType = sourcecode.swift; path = ContentView.swift; sourceTree = "<group>"; };
		EA4910BB26DFB4E0001A5316 /* PsychonautWiki_JournalApp.swift */ = {isa = PBXFileReference; lastKnownFileType = sourcecode.swift; path = PsychonautWiki_JournalApp.swift; sourceTree = "<group>"; };
		EA4910BD26DFB4E0001A5316 /* ComplicationController.swift */ = {isa = PBXFileReference; lastKnownFileType = sourcecode.swift; path = ComplicationController.swift; sourceTree = "<group>"; };
		EA4910BF26DFB4E1001A5316 /* Assets.xcassets */ = {isa = PBXFileReference; lastKnownFileType = folder.assetcatalog; path = Assets.xcassets; sourceTree = "<group>"; };
		EA4910C226DFB4E1001A5316 /* Preview Assets.xcassets */ = {isa = PBXFileReference; lastKnownFileType = folder.assetcatalog; path = "Preview Assets.xcassets"; sourceTree = "<group>"; };
		EA4910C426DFB4E1001A5316 /* Info.plist */ = {isa = PBXFileReference; lastKnownFileType = text.plist.xml; path = Info.plist; sourceTree = "<group>"; };
		EAA2EC3526DFB5B200B4FACF /* Connectivity.swift */ = {isa = PBXFileReference; lastKnownFileType = sourcecode.swift; path = Connectivity.swift; sourceTree = "<group>"; };
		EAA2EC3826DFC88700B4FACF /* HomeTab.swift */ = {isa = PBXFileReference; lastKnownFileType = sourcecode.swift; path = HomeTab.swift; sourceTree = "<group>"; };
		EAA2EC3A26DFC8B800B4FACF /* SettingsTab.swift */ = {isa = PBXFileReference; lastKnownFileType = sourcecode.swift; path = SettingsTab.swift; sourceTree = "<group>"; };
		EAA2EC3C26DFC8F300B4FACF /* IngestionsTab.swift */ = {isa = PBXFileReference; lastKnownFileType = sourcecode.swift; path = IngestionsTab.swift; sourceTree = "<group>"; };
		EAA2EC6626E2040300B4FACF /* WatchWelcome.swift */ = {isa = PBXFileReference; lastKnownFileType = sourcecode.swift; path = WatchWelcome.swift; sourceTree = "<group>"; };
		EAA2EC6B26E2113100B4FACF /* IngestionRow.swift */ = {isa = PBXFileReference; lastKnownFileType = sourcecode.swift; path = IngestionRow.swift; sourceTree = "<group>"; };
		EAA2EC6F26E2124600B4FACF /* DosePicker.swift */ = {isa = PBXFileReference; lastKnownFileType = sourcecode.swift; path = DosePicker.swift; sourceTree = "<group>"; };
		EAA2EC7226E2151900B4FACF /* ChooseSubstanceView.swift */ = {isa = PBXFileReference; lastKnownFileType = sourcecode.swift; path = ChooseSubstanceView.swift; sourceTree = "<group>"; };
		EAA2EC7426E2152D00B4FACF /* SubstanceRow.swift */ = {isa = PBXFileReference; lastKnownFileType = sourcecode.swift; path = SubstanceRow.swift; sourceTree = "<group>"; };
		EAA2EC7626E21A7700B4FACF /* ChooseDoseView.swift */ = {isa = PBXFileReference; lastKnownFileType = sourcecode.swift; path = ChooseDoseView.swift; sourceTree = "<group>"; };
		EAA2EC7826E21A8D00B4FACF /* ChooseRouteView.swift */ = {isa = PBXFileReference; lastKnownFileType = sourcecode.swift; path = ChooseRouteView.swift; sourceTree = "<group>"; };
		EAA2EC7A26E21AB000B4FACF /* ChooseTimeAndColor.swift */ = {isa = PBXFileReference; lastKnownFileType = sourcecode.swift; path = ChooseTimeAndColor.swift; sourceTree = "<group>"; };
		EAC306A026CD16AC00C98E3E /* ChooseInteractionsView.swift */ = {isa = PBXFileReference; lastKnownFileType = sourcecode.swift; path = ChooseInteractionsView.swift; sourceTree = "<group>"; };
		EAC306A226CD182F00C98E3E /* ChooseFavoritesView.swift */ = {isa = PBXFileReference; lastKnownFileType = sourcecode.swift; path = ChooseFavoritesView.swift; sourceTree = "<group>"; };
		EAC306A426CD9B0100C98E3E /* SubstanceCopy-CoreDataHelpers.swift */ = {isa = PBXFileReference; lastKnownFileType = sourcecode.swift; path = "SubstanceCopy-CoreDataHelpers.swift"; sourceTree = "<group>"; };
		EAC306A626CDAD3500C98E3E /* SubstanceCopy+CoreDataClass.swift */ = {isa = PBXFileReference; lastKnownFileType = sourcecode.swift; path = "SubstanceCopy+CoreDataClass.swift"; sourceTree = "<group>"; };
		EAC306AA26CE2F8500C98E3E /* AroundShapeModelDown.swift */ = {isa = PBXFileReference; lastKnownFileType = sourcecode.swift; path = AroundShapeModelDown.swift; sourceTree = "<group>"; };
		EAC306AC26CE32AD00C98E3E /* AroundShapeModel.swift */ = {isa = PBXFileReference; lastKnownFileType = sourcecode.swift; path = AroundShapeModel.swift; sourceTree = "<group>"; };
		EAC306AE26CE532A00C98E3E /* ColorPie.swift */ = {isa = PBXFileReference; lastKnownFileType = sourcecode.swift; path = ColorPie.swift; sourceTree = "<group>"; };
		EAE4710326CBA57F009FB0EC /* PsychonautWiki Journal.app */ = {isa = PBXFileReference; explicitFileType = wrapper.application; includeInIndex = 0; path = "PsychonautWiki Journal.app"; sourceTree = BUILT_PRODUCTS_DIR; };
		EAE4710626CBA57F009FB0EC /* PsychonautWiki_JournalApp.swift */ = {isa = PBXFileReference; lastKnownFileType = sourcecode.swift; path = PsychonautWiki_JournalApp.swift; sourceTree = "<group>"; };
		EAE4710D26CBA582009FB0EC /* Preview Assets.xcassets */ = {isa = PBXFileReference; lastKnownFileType = folder.assetcatalog; path = "Preview Assets.xcassets"; sourceTree = "<group>"; };
		EAE4711C26CBA663009FB0EC /* CalendarScreen.swift */ = {isa = PBXFileReference; fileEncoding = 4; lastKnownFileType = sourcecode.swift; path = CalendarScreen.swift; sourceTree = "<group>"; };
		EAE4711D26CBA663009FB0EC /* WelcomeScreen.swift */ = {isa = PBXFileReference; fileEncoding = 4; lastKnownFileType = sourcecode.swift; path = WelcomeScreen.swift; sourceTree = "<group>"; };
		EAE4712226CBA663009FB0EC /* Feature.swift */ = {isa = PBXFileReference; fileEncoding = 4; lastKnownFileType = sourcecode.swift; path = Feature.swift; sourceTree = "<group>"; };
		EAE4712326CBA663009FB0EC /* DisclaimerViewShort.swift */ = {isa = PBXFileReference; fileEncoding = 4; lastKnownFileType = sourcecode.swift; path = DisclaimerViewShort.swift; sourceTree = "<group>"; };
		EAE4712726CBA663009FB0EC /* Assets.xcassets */ = {isa = PBXFileReference; lastKnownFileType = folder.assetcatalog; path = Assets.xcassets; sourceTree = "<group>"; };
		EAE4712826CBA663009FB0EC /* SubstanceDecoder.swift */ = {isa = PBXFileReference; fileEncoding = 4; lastKnownFileType = sourcecode.swift; path = SubstanceDecoder.swift; sourceTree = "<group>"; };
		EAE4712926CBA663009FB0EC /* ContentView.swift */ = {isa = PBXFileReference; fileEncoding = 4; lastKnownFileType = sourcecode.swift; path = ContentView.swift; sourceTree = "<group>"; };
		EAE4712B26CBA663009FB0EC /* SettingsView.swift */ = {isa = PBXFileReference; fileEncoding = 4; lastKnownFileType = sourcecode.swift; path = SettingsView.swift; sourceTree = "<group>"; };
		EAE4713126CBA663009FB0EC /* SectionFooter.swift */ = {isa = PBXFileReference; fileEncoding = 4; lastKnownFileType = sourcecode.swift; path = SectionFooter.swift; sourceTree = "<group>"; };
		EAE4713226CBA663009FB0EC /* CalendarSection.swift */ = {isa = PBXFileReference; fileEncoding = 4; lastKnownFileType = sourcecode.swift; path = CalendarSection.swift; sourceTree = "<group>"; };
		EAE4713426CBA663009FB0EC /* InteractionRowView.swift */ = {isa = PBXFileReference; fileEncoding = 4; lastKnownFileType = sourcecode.swift; path = InteractionRowView.swift; sourceTree = "<group>"; };
		EAE4715726CBA664009FB0EC /* Goya.xcdatamodel */ = {isa = PBXFileReference; lastKnownFileType = wrapper.xcdatamodel; path = Goya.xcdatamodel; sourceTree = "<group>"; };
		EAE4715926CBA664009FB0EC /* Info.plist */ = {isa = PBXFileReference; fileEncoding = 4; lastKnownFileType = text.plist.xml; path = Info.plist; sourceTree = "<group>"; };
		EAE4715C26CBA664009FB0EC /* Sequence-Uniqued.swift */ = {isa = PBXFileReference; fileEncoding = 4; lastKnownFileType = sourcecode.swift; path = "Sequence-Uniqued.swift"; sourceTree = "<group>"; };
		EAE4715D26CBA664009FB0EC /* Binding-OnChange.swift */ = {isa = PBXFileReference; fileEncoding = 4; lastKnownFileType = sourcecode.swift; path = "Binding-OnChange.swift"; sourceTree = "<group>"; };
		EAE4715F26CBA664009FB0EC /* DoseTypes-CoreDataHelpers.swift */ = {isa = PBXFileReference; fileEncoding = 4; lastKnownFileType = sourcecode.swift; path = "DoseTypes-CoreDataHelpers.swift"; sourceTree = "<group>"; };
		EAE4716026CBA664009FB0EC /* Roa-CoreDataHelpers.swift */ = {isa = PBXFileReference; fileEncoding = 4; lastKnownFileType = sourcecode.swift; path = "Roa-CoreDataHelpers.swift"; sourceTree = "<group>"; };
		EAE4716126CBA664009FB0EC /* DoseRange-CoreDataHelpers.swift */ = {isa = PBXFileReference; fileEncoding = 4; lastKnownFileType = sourcecode.swift; path = "DoseRange-CoreDataHelpers.swift"; sourceTree = "<group>"; };
		EAE4716226CBA664009FB0EC /* Category-CoreDataHelpers.swift */ = {isa = PBXFileReference; fileEncoding = 4; lastKnownFileType = sourcecode.swift; path = "Category-CoreDataHelpers.swift"; sourceTree = "<group>"; };
		EAE4716326CBA664009FB0EC /* Substance-CoreDataHelpers.swift */ = {isa = PBXFileReference; fileEncoding = 4; lastKnownFileType = sourcecode.swift; path = "Substance-CoreDataHelpers.swift"; sourceTree = "<group>"; };
		EAE4716426CBA664009FB0EC /* GeneralInteraction-CoreDataHelpers.swift */ = {isa = PBXFileReference; fileEncoding = 4; lastKnownFileType = sourcecode.swift; path = "GeneralInteraction-CoreDataHelpers.swift"; sourceTree = "<group>"; };
		EAE4716526CBA664009FB0EC /* Experience-CoreDataHelpers.swift */ = {isa = PBXFileReference; fileEncoding = 4; lastKnownFileType = sourcecode.swift; path = "Experience-CoreDataHelpers.swift"; sourceTree = "<group>"; };
		EAE4716626CBA664009FB0EC /* DurationRange-CoreDataHelpers.swift */ = {isa = PBXFileReference; fileEncoding = 4; lastKnownFileType = sourcecode.swift; path = "DurationRange-CoreDataHelpers.swift"; sourceTree = "<group>"; };
		EAE4716726CBA664009FB0EC /* Ingestion-CoreDataHelpers.swift */ = {isa = PBXFileReference; fileEncoding = 4; lastKnownFileType = sourcecode.swift; path = "Ingestion-CoreDataHelpers.swift"; sourceTree = "<group>"; };
		EAE4716826CBA664009FB0EC /* SubstancesFile-CoreDataHelpers.swift */ = {isa = PBXFileReference; fileEncoding = 4; lastKnownFileType = sourcecode.swift; path = "SubstancesFile-CoreDataHelpers.swift"; sourceTree = "<group>"; };
		EAE4716926CBA664009FB0EC /* DurationTypes-CoreDataHelpers.swift */ = {isa = PBXFileReference; fileEncoding = 4; lastKnownFileType = sourcecode.swift; path = "DurationTypes-CoreDataHelpers.swift"; sourceTree = "<group>"; };
		EAE4716A26CBA664009FB0EC /* Date-Difference.swift */ = {isa = PBXFileReference; fileEncoding = 4; lastKnownFileType = sourcecode.swift; path = "Date-Difference.swift"; sourceTree = "<group>"; };
		EAE4716B26CBA664009FB0EC /* Double-Rounded.swift */ = {isa = PBXFileReference; fileEncoding = 4; lastKnownFileType = sourcecode.swift; path = "Double-Rounded.swift"; sourceTree = "<group>"; };
		EAE4716C26CBA664009FB0EC /* Double-CleanString.swift */ = {isa = PBXFileReference; fileEncoding = 4; lastKnownFileType = sourcecode.swift; path = "Double-CleanString.swift"; sourceTree = "<group>"; };
		EAE4716D26CBA664009FB0EC /* View-NaviationViewStyle.swift */ = {isa = PBXFileReference; fileEncoding = 4; lastKnownFileType = sourcecode.swift; path = "View-NaviationViewStyle.swift"; sourceTree = "<group>"; };
		EAE4716F26CBA664009FB0EC /* Roa+CoreDataClass.swift */ = {isa = PBXFileReference; fileEncoding = 4; lastKnownFileType = sourcecode.swift; path = "Roa+CoreDataClass.swift"; sourceTree = "<group>"; };
		EAE4717026CBA664009FB0EC /* DurationTypes+CoreDataClass.swift */ = {isa = PBXFileReference; fileEncoding = 4; lastKnownFileType = sourcecode.swift; path = "DurationTypes+CoreDataClass.swift"; sourceTree = "<group>"; };
		EAE4717126CBA664009FB0EC /* Substance+CoreDataClass.swift */ = {isa = PBXFileReference; fileEncoding = 4; lastKnownFileType = sourcecode.swift; path = "Substance+CoreDataClass.swift"; sourceTree = "<group>"; };
		EAE4717226CBA664009FB0EC /* CodingUserInfoKey.swift */ = {isa = PBXFileReference; fileEncoding = 4; lastKnownFileType = sourcecode.swift; path = CodingUserInfoKey.swift; sourceTree = "<group>"; };
		EAE4717326CBA664009FB0EC /* DoseTypes+CoreDataClass.swift */ = {isa = PBXFileReference; fileEncoding = 4; lastKnownFileType = sourcecode.swift; path = "DoseTypes+CoreDataClass.swift"; sourceTree = "<group>"; };
		EAE4717526CBA664009FB0EC /* SubstancesFile+CoreDataClass.swift */ = {isa = PBXFileReference; fileEncoding = 4; lastKnownFileType = sourcecode.swift; path = "SubstancesFile+CoreDataClass.swift"; sourceTree = "<group>"; };
		EAE4717626CBA664009FB0EC /* DurationRange+CoreDataClass.swift */ = {isa = PBXFileReference; fileEncoding = 4; lastKnownFileType = sourcecode.swift; path = "DurationRange+CoreDataClass.swift"; sourceTree = "<group>"; };
		EAE4717826CBA664009FB0EC /* DoseRange+CoreDataClass.swift */ = {isa = PBXFileReference; fileEncoding = 4; lastKnownFileType = sourcecode.swift; path = "DoseRange+CoreDataClass.swift"; sourceTree = "<group>"; };
		EAE4717926CBA664009FB0EC /* Data-ToFile.swift */ = {isa = PBXFileReference; fileEncoding = 4; lastKnownFileType = sourcecode.swift; path = "Data-ToFile.swift"; sourceTree = "<group>"; };
		EAE4717A26CBA664009FB0EC /* View-HideKeyboard.swift */ = {isa = PBXFileReference; fileEncoding = 4; lastKnownFileType = sourcecode.swift; path = "View-HideKeyboard.swift"; sourceTree = "<group>"; };
		EAE4717B26CBA664009FB0EC /* Color-StringColor.swift */ = {isa = PBXFileReference; fileEncoding = 4; lastKnownFileType = sourcecode.swift; path = "Color-StringColor.swift"; sourceTree = "<group>"; };
		EAE4717C26CBA664009FB0EC /* DoseRange-Comparable.swift */ = {isa = PBXFileReference; fileEncoding = 4; lastKnownFileType = sourcecode.swift; path = "DoseRange-Comparable.swift"; sourceTree = "<group>"; };
		EAE4717D26CBA664009FB0EC /* Date-String.swift */ = {isa = PBXFileReference; fileEncoding = 4; lastKnownFileType = sourcecode.swift; path = "Date-String.swift"; sourceTree = "<group>"; };
		EAE4717E26CBA664009FB0EC /* PreviewHelper.swift */ = {isa = PBXFileReference; fileEncoding = 4; lastKnownFileType = sourcecode.swift; path = PreviewHelper.swift; sourceTree = "<group>"; };
		EAE4717F26CBA664009FB0EC /* CalendarWrapper.swift */ = {isa = PBXFileReference; fileEncoding = 4; lastKnownFileType = sourcecode.swift; path = CalendarWrapper.swift; sourceTree = "<group>"; };
		EAE4718026CBA664009FB0EC /* Persistence.swift */ = {isa = PBXFileReference; fileEncoding = 4; lastKnownFileType = sourcecode.swift; path = Persistence.swift; sourceTree = "<group>"; };
		EAE4718426CBA664009FB0EC /* ChooseInitialInteractionsView.swift */ = {isa = PBXFileReference; fileEncoding = 4; lastKnownFileType = sourcecode.swift; path = ChooseInitialInteractionsView.swift; sourceTree = "<group>"; };
		EAE4718526CBA664009FB0EC /* ChooseInitialFavoritesView.swift */ = {isa = PBXFileReference; fileEncoding = 4; lastKnownFileType = sourcecode.swift; path = ChooseInitialFavoritesView.swift; sourceTree = "<group>"; };
		EAE4718626CBA664009FB0EC /* FavoritesRowView.swift */ = {isa = PBXFileReference; fileEncoding = 4; lastKnownFileType = sourcecode.swift; path = FavoritesRowView.swift; sourceTree = "<group>"; };
		EAE4718926CBA664009FB0EC /* IngestionRow.swift */ = {isa = PBXFileReference; fileEncoding = 4; lastKnownFileType = sourcecode.swift; path = IngestionRow.swift; sourceTree = "<group>"; };
		EAE4718A26CBA664009FB0EC /* InteractionChecker.swift */ = {isa = PBXFileReference; fileEncoding = 4; lastKnownFileType = sourcecode.swift; path = InteractionChecker.swift; sourceTree = "<group>"; };
		EAE4718B26CBA664009FB0EC /* ExperienceView.swift */ = {isa = PBXFileReference; fileEncoding = 4; lastKnownFileType = sourcecode.swift; path = ExperienceView.swift; sourceTree = "<group>"; };
		EAE4718D26CBA664009FB0EC /* ChartTimeStep.swift */ = {isa = PBXFileReference; fileEncoding = 4; lastKnownFileType = sourcecode.swift; path = ChartTimeStep.swift; sourceTree = "<group>"; };
		EAE4718E26CBA664009FB0EC /* LineView.swift */ = {isa = PBXFileReference; fileEncoding = 4; lastKnownFileType = sourcecode.swift; path = LineView.swift; sourceTree = "<group>"; };
		EAE4718F26CBA664009FB0EC /* LineChartWithPicker.swift */ = {isa = PBXFileReference; fileEncoding = 4; lastKnownFileType = sourcecode.swift; path = LineChartWithPicker.swift; sourceTree = "<group>"; };
		EAE4719026CBA664009FB0EC /* HelperMethods.swift */ = {isa = PBXFileReference; fileEncoding = 4; lastKnownFileType = sourcecode.swift; path = HelperMethods.swift; sourceTree = "<group>"; };
		EAE4719126CBA664009FB0EC /* RelativeScrollView.swift */ = {isa = PBXFileReference; fileEncoding = 4; lastKnownFileType = sourcecode.swift; path = RelativeScrollView.swift; sourceTree = "<group>"; };
		EAE4719326CBA664009FB0EC /* LineShape.swift */ = {isa = PBXFileReference; fileEncoding = 4; lastKnownFileType = sourcecode.swift; path = LineShape.swift; sourceTree = "<group>"; };
		EAE4719426CBA664009FB0EC /* CurrentTimeShape.swift */ = {isa = PBXFileReference; fileEncoding = 4; lastKnownFileType = sourcecode.swift; path = CurrentTimeShape.swift; sourceTree = "<group>"; };
		EAE4719526CBA664009FB0EC /* AroundShape.swift */ = {isa = PBXFileReference; fileEncoding = 4; lastKnownFileType = sourcecode.swift; path = AroundShape.swift; sourceTree = "<group>"; };
		EAE4719726CBA664009FB0EC /* IngestionLineModel.swift */ = {isa = PBXFileReference; fileEncoding = 4; lastKnownFileType = sourcecode.swift; path = IngestionLineModel.swift; sourceTree = "<group>"; };
		EAE4719826CBA664009FB0EC /* Curve.swift */ = {isa = PBXFileReference; fileEncoding = 4; lastKnownFileType = sourcecode.swift; path = Curve.swift; sourceTree = "<group>"; };
		EAE4719926CBA664009FB0EC /* LineModel.swift */ = {isa = PBXFileReference; fileEncoding = 4; lastKnownFileType = sourcecode.swift; path = LineModel.swift; sourceTree = "<group>"; };
		EAE4719A26CBA664009FB0EC /* AroundShapeModelUp.swift */ = {isa = PBXFileReference; fileEncoding = 4; lastKnownFileType = sourcecode.swift; path = AroundShapeModelUp.swift; sourceTree = "<group>"; };
		EAE4719B26CBA664009FB0EC /* DataPoint.swift */ = {isa = PBXFileReference; fileEncoding = 4; lastKnownFileType = sourcecode.swift; path = DataPoint.swift; sourceTree = "<group>"; };
		EAE4719C26CBA664009FB0EC /* IngestionsLineChart.swift */ = {isa = PBXFileReference; fileEncoding = 4; lastKnownFileType = sourcecode.swift; path = IngestionsLineChart.swift; sourceTree = "<group>"; };
		EAE4719D26CBA664009FB0EC /* TimeLabels.swift */ = {isa = PBXFileReference; fileEncoding = 4; lastKnownFileType = sourcecode.swift; path = TimeLabels.swift; sourceTree = "<group>"; };
		EAE4719E26CBA664009FB0EC /* CurrentTimeView.swift */ = {isa = PBXFileReference; fileEncoding = 4; lastKnownFileType = sourcecode.swift; path = CurrentTimeView.swift; sourceTree = "<group>"; };
		EAE471A026CBA664009FB0EC /* DosePicker.swift */ = {isa = PBXFileReference; fileEncoding = 4; lastKnownFileType = sourcecode.swift; path = DosePicker.swift; sourceTree = "<group>"; };
		EAE471A126CBA664009FB0EC /* SubstancePicker.swift */ = {isa = PBXFileReference; fileEncoding = 4; lastKnownFileType = sourcecode.swift; path = SubstancePicker.swift; sourceTree = "<group>"; };
		EAE471A226CBA664009FB0EC /* EditIngestionView.swift */ = {isa = PBXFileReference; fileEncoding = 4; lastKnownFileType = sourcecode.swift; path = EditIngestionView.swift; sourceTree = "<group>"; };
		EAE471A426CBA664009FB0EC /* SubstanceRow.swift */ = {isa = PBXFileReference; fileEncoding = 4; lastKnownFileType = sourcecode.swift; path = SubstanceRow.swift; sourceTree = "<group>"; };
		EAE471A526CBA664009FB0EC /* ChooseRouteView.swift */ = {isa = PBXFileReference; fileEncoding = 4; lastKnownFileType = sourcecode.swift; path = ChooseRouteView.swift; sourceTree = "<group>"; };
		EAE471A626CBA664009FB0EC /* ChooseTimeAndColor.swift */ = {isa = PBXFileReference; fileEncoding = 4; lastKnownFileType = sourcecode.swift; path = ChooseTimeAndColor.swift; sourceTree = "<group>"; };
		EAE471A726CBA664009FB0EC /* ChooseSubstanceView.swift */ = {isa = PBXFileReference; fileEncoding = 4; lastKnownFileType = sourcecode.swift; path = ChooseSubstanceView.swift; sourceTree = "<group>"; };
		EAE471A826CBA664009FB0EC /* ChooseDoseView.swift */ = {isa = PBXFileReference; fileEncoding = 4; lastKnownFileType = sourcecode.swift; path = ChooseDoseView.swift; sourceTree = "<group>"; };
		EAE471A926CBA664009FB0EC /* TimerView.swift */ = {isa = PBXFileReference; fileEncoding = 4; lastKnownFileType = sourcecode.swift; path = TimerView.swift; sourceTree = "<group>"; };
		EAE471AA26CBA664009FB0EC /* HomeView.swift */ = {isa = PBXFileReference; fileEncoding = 4; lastKnownFileType = sourcecode.swift; path = HomeView.swift; sourceTree = "<group>"; };
		EAE471AB26CBA664009FB0EC /* ExperienceRow.swift */ = {isa = PBXFileReference; fileEncoding = 4; lastKnownFileType = sourcecode.swift; path = ExperienceRow.swift; sourceTree = "<group>"; };
		EAE471AD26CBA664009FB0EC /* PrimaryButtonStyle.swift */ = {isa = PBXFileReference; fileEncoding = 4; lastKnownFileType = sourcecode.swift; path = PrimaryButtonStyle.swift; sourceTree = "<group>"; };
		EAE471AE26CBA664009FB0EC /* PrimaryButtonTextStyle.swift */ = {isa = PBXFileReference; fileEncoding = 4; lastKnownFileType = sourcecode.swift; path = PrimaryButtonTextStyle.swift; sourceTree = "<group>"; };
		EAE471AF26CBA664009FB0EC /* TitleTextStyle.swift */ = {isa = PBXFileReference; fileEncoding = 4; lastKnownFileType = sourcecode.swift; path = TitleTextStyle.swift; sourceTree = "<group>"; };
		EAE4722F26CBDDE7009FB0EC /* PsychonautWikiAPIController.swift */ = {isa = PBXFileReference; lastKnownFileType = sourcecode.swift; path = PsychonautWikiAPIController.swift; sourceTree = "<group>"; };
		EAE4723426CC42F7009FB0EC /* InitialSubstances.json */ = {isa = PBXFileReference; fileEncoding = 4; lastKnownFileType = text.json; path = InitialSubstances.json; sourceTree = "<group>"; };
		EAE4723826CC6598009FB0EC /* Throwable.swift */ = {isa = PBXFileReference; lastKnownFileType = sourcecode.swift; path = Throwable.swift; sourceTree = "<group>"; };
/* End PBXFileReference section */

/* Begin PBXFrameworksBuildPhase section */
		EA4910B126DFB4E0001A5316 /* Frameworks */ = {
			isa = PBXFrameworksBuildPhase;
			buildActionMask = 2147483647;
			files = (
				EAA2EC6A26E2064D00B4FACF /* SwiftyJSON in Frameworks */,
			);
			runOnlyForDeploymentPostprocessing = 0;
		};
		EAE4710026CBA57F009FB0EC /* Frameworks */ = {
			isa = PBXFrameworksBuildPhase;
			buildActionMask = 2147483647;
			files = (
				EAE4723326CC2525009FB0EC /* SwiftyJSON in Frameworks */,
			);
			runOnlyForDeploymentPostprocessing = 0;
		};
/* End PBXFrameworksBuildPhase section */

/* Begin PBXGroup section */
		EA4910AC26DFB4E0001A5316 /* Watch Journal */ = {
			isa = PBXGroup;
			children = (
				EA4910AD26DFB4E0001A5316 /* Assets.xcassets */,
				EA4910AF26DFB4E0001A5316 /* Info.plist */,
			);
			path = "Watch Journal";
			sourceTree = "<group>";
		};
		EA4910B826DFB4E0001A5316 /* Watch Journal Extension */ = {
			isa = PBXGroup;
			children = (
				EA4910BB26DFB4E0001A5316 /* PsychonautWiki_JournalApp.swift */,
				EA4910B926DFB4E0001A5316 /* ContentView.swift */,
				EAA2EC7F26E21D5600B4FACF /* Welcome */,
				EAA2EC6326E2020A00B4FACF /* Home */,
				EAA2EC6426E2021B00B4FACF /* Settings */,
				EAA2EC6526E2022A00B4FACF /* Ingestions */,
				EA4910BD26DFB4E0001A5316 /* ComplicationController.swift */,
				EA4910BF26DFB4E1001A5316 /* Assets.xcassets */,
				EA4910C426DFB4E1001A5316 /* Info.plist */,
				EA4910C126DFB4E1001A5316 /* Preview Content */,
			);
			path = "Watch Journal Extension";
			sourceTree = "<group>";
		};
		EA4910C126DFB4E1001A5316 /* Preview Content */ = {
			isa = PBXGroup;
			children = (
				EA4910C226DFB4E1001A5316 /* Preview Assets.xcassets */,
			);
			path = "Preview Content";
			sourceTree = "<group>";
		};
		EAA2EC6326E2020A00B4FACF /* Home */ = {
			isa = PBXGroup;
			children = (
				EAA2EC3826DFC88700B4FACF /* HomeTab.swift */,
			);
			path = Home;
			sourceTree = "<group>";
		};
		EAA2EC6426E2021B00B4FACF /* Settings */ = {
			isa = PBXGroup;
			children = (
				EAA2EC3A26DFC8B800B4FACF /* SettingsTab.swift */,
			);
			path = Settings;
			sourceTree = "<group>";
		};
		EAA2EC6526E2022A00B4FACF /* Ingestions */ = {
			isa = PBXGroup;
			children = (
				EAA2EC7126E214BD00B4FACF /* Add Ingestion */,
				EAA2EC3C26DFC8F300B4FACF /* IngestionsTab.swift */,
				EAA2EC6B26E2113100B4FACF /* IngestionRow.swift */,
				EAA2EC6F26E2124600B4FACF /* DosePicker.swift */,
			);
			path = Ingestions;
			sourceTree = "<group>";
		};
		EAA2EC6826E2064D00B4FACF /* Frameworks */ = {
			isa = PBXGroup;
			children = (
			);
			name = Frameworks;
			sourceTree = "<group>";
		};
		EAA2EC7126E214BD00B4FACF /* Add Ingestion */ = {
			isa = PBXGroup;
			children = (
				EAA2EC7226E2151900B4FACF /* ChooseSubstanceView.swift */,
				EAA2EC7426E2152D00B4FACF /* SubstanceRow.swift */,
				EAA2EC7626E21A7700B4FACF /* ChooseDoseView.swift */,
				EAA2EC7826E21A8D00B4FACF /* ChooseRouteView.swift */,
				EAA2EC7A26E21AB000B4FACF /* ChooseTimeAndColor.swift */,
			);
			path = "Add Ingestion";
			sourceTree = "<group>";
		};
		EAA2EC7F26E21D5600B4FACF /* Welcome */ = {
			isa = PBXGroup;
			children = (
				EAA2EC6626E2040300B4FACF /* WatchWelcome.swift */,
			);
			path = Welcome;
			sourceTree = "<group>";
		};
		EAE470FA26CBA57F009FB0EC = {
			isa = PBXGroup;
			children = (
				EAE4710526CBA57F009FB0EC /* PsychonautWiki Journal */,
				EA4910AC26DFB4E0001A5316 /* Watch Journal */,
				EA4910B826DFB4E0001A5316 /* Watch Journal Extension */,
				EAE4710426CBA57F009FB0EC /* Products */,
				EAA2EC6826E2064D00B4FACF /* Frameworks */,
			);
			sourceTree = "<group>";
		};
		EAE4710426CBA57F009FB0EC /* Products */ = {
			isa = PBXGroup;
			children = (
				EAE4710326CBA57F009FB0EC /* PsychonautWiki Journal.app */,
				EA4910AB26DFB4E0001A5316 /* Watch Journal.app */,
				EA4910B426DFB4E0001A5316 /* Watch Journal Extension.appex */,
			);
			name = Products;
			sourceTree = "<group>";
		};
		EAE4710526CBA57F009FB0EC /* PsychonautWiki Journal */ = {
			isa = PBXGroup;
			children = (
				EAE471AC26CBA664009FB0EC /* Reused Styles */,
				EAE4715526CBA664009FB0EC /* Configuration */,
				EAE4715B26CBA664009FB0EC /* Extensions */,
				EAE4716E26CBA664009FB0EC /* CoreData Classes */,
				EAE4712A26CBA663009FB0EC /* Settings */,
				EAE4711B26CBA663009FB0EC /* Welcome Screen */,
				EAE4718726CBA664009FB0EC /* Home */,
				EAE4710626CBA57F009FB0EC /* PsychonautWiki_JournalApp.swift */,
				EAE4712926CBA663009FB0EC /* ContentView.swift */,
				EAE4718026CBA664009FB0EC /* Persistence.swift */,
				EAE4717E26CBA664009FB0EC /* PreviewHelper.swift */,
				EAE4717F26CBA664009FB0EC /* CalendarWrapper.swift */,
				EAE4712826CBA663009FB0EC /* SubstanceDecoder.swift */,
				EAE4722F26CBDDE7009FB0EC /* PsychonautWikiAPIController.swift */,
				EAA2EC3526DFB5B200B4FACF /* Connectivity.swift */,
				EAE4712726CBA663009FB0EC /* Assets.xcassets */,
				EAE4710C26CBA582009FB0EC /* Preview Content */,
			);
			path = "PsychonautWiki Journal";
			sourceTree = "<group>";
		};
		EAE4710C26CBA582009FB0EC /* Preview Content */ = {
			isa = PBXGroup;
			children = (
				EAE4710D26CBA582009FB0EC /* Preview Assets.xcassets */,
			);
			path = "Preview Content";
			sourceTree = "<group>";
		};
		EAE4711B26CBA663009FB0EC /* Welcome Screen */ = {
			isa = PBXGroup;
			children = (
				EAE4711D26CBA663009FB0EC /* WelcomeScreen.swift */,
				EAE4711C26CBA663009FB0EC /* CalendarScreen.swift */,
				EAE4712226CBA663009FB0EC /* Feature.swift */,
				EAE4723626CC4F13009FB0EC /* Initial Substance Setup */,
			);
			path = "Welcome Screen";
			sourceTree = "<group>";
		};
		EAE4712A26CBA663009FB0EC /* Settings */ = {
			isa = PBXGroup;
			children = (
				EAE4712B26CBA663009FB0EC /* SettingsView.swift */,
				EAE4713126CBA663009FB0EC /* SectionFooter.swift */,
				EAE4713226CBA663009FB0EC /* CalendarSection.swift */,
				EAC306A026CD16AC00C98E3E /* ChooseInteractionsView.swift */,
				EAC306A226CD182F00C98E3E /* ChooseFavoritesView.swift */,
			);
			path = Settings;
			sourceTree = "<group>";
		};
		EAE4715526CBA664009FB0EC /* Configuration */ = {
			isa = PBXGroup;
			children = (
				EAE4715626CBA664009FB0EC /* Main.xcdatamodeld */,
				EAE4715926CBA664009FB0EC /* Info.plist */,
			);
			path = Configuration;
			sourceTree = "<group>";
		};
		EAE4715B26CBA664009FB0EC /* Extensions */ = {
			isa = PBXGroup;
			children = (
				EAE4715E26CBA664009FB0EC /* CoreDataHelpers */,
				EAE4715C26CBA664009FB0EC /* Sequence-Uniqued.swift */,
				EAE4715D26CBA664009FB0EC /* Binding-OnChange.swift */,
				EAE4716A26CBA664009FB0EC /* Date-Difference.swift */,
				EAE4716B26CBA664009FB0EC /* Double-Rounded.swift */,
				EAE4716C26CBA664009FB0EC /* Double-CleanString.swift */,
				EAE4716D26CBA664009FB0EC /* View-NaviationViewStyle.swift */,
				EAE4717926CBA664009FB0EC /* Data-ToFile.swift */,
				EAE4717A26CBA664009FB0EC /* View-HideKeyboard.swift */,
				EAE4717B26CBA664009FB0EC /* Color-StringColor.swift */,
				EAE4717C26CBA664009FB0EC /* DoseRange-Comparable.swift */,
				EAE4717D26CBA664009FB0EC /* Date-String.swift */,
			);
			path = Extensions;
			sourceTree = "<group>";
		};
		EAE4715E26CBA664009FB0EC /* CoreDataHelpers */ = {
			isa = PBXGroup;
			children = (
				EAE4716526CBA664009FB0EC /* Experience-CoreDataHelpers.swift */,
				EAE4716726CBA664009FB0EC /* Ingestion-CoreDataHelpers.swift */,
				EAC306A426CD9B0100C98E3E /* SubstanceCopy-CoreDataHelpers.swift */,
				EAE4716826CBA664009FB0EC /* SubstancesFile-CoreDataHelpers.swift */,
				EAE4716426CBA664009FB0EC /* GeneralInteraction-CoreDataHelpers.swift */,
				EAE4716226CBA664009FB0EC /* Category-CoreDataHelpers.swift */,
				EAE4716326CBA664009FB0EC /* Substance-CoreDataHelpers.swift */,
				EAE4716026CBA664009FB0EC /* Roa-CoreDataHelpers.swift */,
				EAE4715F26CBA664009FB0EC /* DoseTypes-CoreDataHelpers.swift */,
				EAE4716126CBA664009FB0EC /* DoseRange-CoreDataHelpers.swift */,
				EAE4716926CBA664009FB0EC /* DurationTypes-CoreDataHelpers.swift */,
				EAE4716626CBA664009FB0EC /* DurationRange-CoreDataHelpers.swift */,
			);
			path = CoreDataHelpers;
			sourceTree = "<group>";
		};
		EAE4716E26CBA664009FB0EC /* CoreData Classes */ = {
			isa = PBXGroup;
			children = (
				EAE4723826CC6598009FB0EC /* Throwable.swift */,
				EAE4717226CBA664009FB0EC /* CodingUserInfoKey.swift */,
				EAC306A626CDAD3500C98E3E /* SubstanceCopy+CoreDataClass.swift */,
				EAE4717526CBA664009FB0EC /* SubstancesFile+CoreDataClass.swift */,
				EAE4717126CBA664009FB0EC /* Substance+CoreDataClass.swift */,
				EAE4716F26CBA664009FB0EC /* Roa+CoreDataClass.swift */,
				EAE4717326CBA664009FB0EC /* DoseTypes+CoreDataClass.swift */,
				EAE4717026CBA664009FB0EC /* DurationTypes+CoreDataClass.swift */,
				EAE4717826CBA664009FB0EC /* DoseRange+CoreDataClass.swift */,
				EAE4717626CBA664009FB0EC /* DurationRange+CoreDataClass.swift */,
			);
			path = "CoreData Classes";
			sourceTree = "<group>";
		};
		EAE4718726CBA664009FB0EC /* Home */ = {
			isa = PBXGroup;
			children = (
				EAE4718826CBA664009FB0EC /* Experience */,
				EAE471A926CBA664009FB0EC /* TimerView.swift */,
				EAE471AA26CBA664009FB0EC /* HomeView.swift */,
				EAE471AB26CBA664009FB0EC /* ExperienceRow.swift */,
				EAC306AE26CE532A00C98E3E /* ColorPie.swift */,
			);
			path = Home;
			sourceTree = "<group>";
		};
		EAE4718826CBA664009FB0EC /* Experience */ = {
			isa = PBXGroup;
			children = (
				EAE4718B26CBA664009FB0EC /* ExperienceView.swift */,
				EAE4718926CBA664009FB0EC /* IngestionRow.swift */,
				EAE4718A26CBA664009FB0EC /* InteractionChecker.swift */,
				EAE4718C26CBA664009FB0EC /* Timeline Chart */,
				EAE4719F26CBA664009FB0EC /* Edit Ingestions */,
			);
			path = Experience;
			sourceTree = "<group>";
		};
		EAE4718C26CBA664009FB0EC /* Timeline Chart */ = {
			isa = PBXGroup;
			children = (
				EAE4718D26CBA664009FB0EC /* ChartTimeStep.swift */,
				EAE4718E26CBA664009FB0EC /* LineView.swift */,
				EAE4718F26CBA664009FB0EC /* LineChartWithPicker.swift */,
				EAE4719026CBA664009FB0EC /* HelperMethods.swift */,
				EAE4719126CBA664009FB0EC /* RelativeScrollView.swift */,
				EAE4719226CBA664009FB0EC /* Shapes */,
				EAE4719626CBA664009FB0EC /* Models */,
				EAE4719C26CBA664009FB0EC /* IngestionsLineChart.swift */,
				EAE4719D26CBA664009FB0EC /* TimeLabels.swift */,
				EAE4719E26CBA664009FB0EC /* CurrentTimeView.swift */,
			);
			path = "Timeline Chart";
			sourceTree = "<group>";
		};
		EAE4719226CBA664009FB0EC /* Shapes */ = {
			isa = PBXGroup;
			children = (
				EAE4719326CBA664009FB0EC /* LineShape.swift */,
				EAE4719426CBA664009FB0EC /* CurrentTimeShape.swift */,
				EAE4719526CBA664009FB0EC /* AroundShape.swift */,
			);
			path = Shapes;
			sourceTree = "<group>";
		};
		EAE4719626CBA664009FB0EC /* Models */ = {
			isa = PBXGroup;
			children = (
				EAE4719726CBA664009FB0EC /* IngestionLineModel.swift */,
				EAE4719826CBA664009FB0EC /* Curve.swift */,
				EAE4719926CBA664009FB0EC /* LineModel.swift */,
				EAE4719A26CBA664009FB0EC /* AroundShapeModelUp.swift */,
				EAC306AA26CE2F8500C98E3E /* AroundShapeModelDown.swift */,
				EAE4719B26CBA664009FB0EC /* DataPoint.swift */,
				EAC306AC26CE32AD00C98E3E /* AroundShapeModel.swift */,
			);
			path = Models;
			sourceTree = "<group>";
		};
		EAE4719F26CBA664009FB0EC /* Edit Ingestions */ = {
			isa = PBXGroup;
			children = (
				EAE471A026CBA664009FB0EC /* DosePicker.swift */,
				EAE471A126CBA664009FB0EC /* SubstancePicker.swift */,
				EAE471A226CBA664009FB0EC /* EditIngestionView.swift */,
				EAE471A326CBA664009FB0EC /* Add Ingestion */,
			);
			path = "Edit Ingestions";
			sourceTree = "<group>";
		};
		EAE471A326CBA664009FB0EC /* Add Ingestion */ = {
			isa = PBXGroup;
			children = (
				EAE471A726CBA664009FB0EC /* ChooseSubstanceView.swift */,
				EAE471A426CBA664009FB0EC /* SubstanceRow.swift */,
				EAE471A526CBA664009FB0EC /* ChooseRouteView.swift */,
				EAE471A826CBA664009FB0EC /* ChooseDoseView.swift */,
				EAE471A626CBA664009FB0EC /* ChooseTimeAndColor.swift */,
			);
			path = "Add Ingestion";
			sourceTree = "<group>";
		};
		EAE471AC26CBA664009FB0EC /* Reused Styles */ = {
			isa = PBXGroup;
			children = (
				EAE471AD26CBA664009FB0EC /* PrimaryButtonStyle.swift */,
				EAE471AE26CBA664009FB0EC /* PrimaryButtonTextStyle.swift */,
				EAE471AF26CBA664009FB0EC /* TitleTextStyle.swift */,
			);
			path = "Reused Styles";
			sourceTree = "<group>";
		};
		EAE4723626CC4F13009FB0EC /* Initial Substance Setup */ = {
			isa = PBXGroup;
			children = (
				EAE4712326CBA663009FB0EC /* DisclaimerViewShort.swift */,
				EAE4718426CBA664009FB0EC /* ChooseInitialInteractionsView.swift */,
				EAE4713426CBA663009FB0EC /* InteractionRowView.swift */,
				EAE4718526CBA664009FB0EC /* ChooseInitialFavoritesView.swift */,
				EAE4718626CBA664009FB0EC /* FavoritesRowView.swift */,
				EAE4723426CC42F7009FB0EC /* InitialSubstances.json */,
			);
			path = "Initial Substance Setup";
			sourceTree = "<group>";
		};
/* End PBXGroup section */

/* Begin PBXNativeTarget section */
		EA4910AA26DFB4E0001A5316 /* Watch Journal */ = {
			isa = PBXNativeTarget;
			buildConfigurationList = EA4910CF26DFB4E1001A5316 /* Build configuration list for PBXNativeTarget "Watch Journal" */;
			buildPhases = (
				EA4910A926DFB4E0001A5316 /* Resources */,
				EA4910CB26DFB4E1001A5316 /* Embed App Extensions */,
			);
			buildRules = (
			);
			dependencies = (
				EA4910B726DFB4E0001A5316 /* PBXTargetDependency */,
			);
			name = "Watch Journal";
			productName = "Watch Journal";
			productReference = EA4910AB26DFB4E0001A5316 /* Watch Journal.app */;
			productType = "com.apple.product-type.application.watchapp2";
		};
		EA4910B326DFB4E0001A5316 /* Watch Journal Extension */ = {
			isa = PBXNativeTarget;
			buildConfigurationList = EA4910CE26DFB4E1001A5316 /* Build configuration list for PBXNativeTarget "Watch Journal Extension" */;
			buildPhases = (
				EA4910B026DFB4E0001A5316 /* Sources */,
				EA4910B126DFB4E0001A5316 /* Frameworks */,
				EA4910B226DFB4E0001A5316 /* Resources */,
			);
			buildRules = (
			);
			dependencies = (
			);
			name = "Watch Journal Extension";
			packageProductDependencies = (
				EAA2EC6926E2064D00B4FACF /* SwiftyJSON */,
			);
			productName = "Watch Journal Extension";
			productReference = EA4910B426DFB4E0001A5316 /* Watch Journal Extension.appex */;
			productType = "com.apple.product-type.watchkit2-extension";
		};
		EAE4710226CBA57F009FB0EC /* PsychonautWiki Journal */ = {
			isa = PBXNativeTarget;
			buildConfigurationList = EAE4711726CBA582009FB0EC /* Build configuration list for PBXNativeTarget "PsychonautWiki Journal" */;
			buildPhases = (
				EAE4722A26CBAB21009FB0EC /* SwiftLint */,
				EAE470FF26CBA57F009FB0EC /* Sources */,
				EAE4710026CBA57F009FB0EC /* Frameworks */,
				EAE4722B26CBAE31009FB0EC /* Resources */,
				EA4910C826DFB4E1001A5316 /* Embed Watch Content */,
			);
			buildRules = (
			);
			dependencies = (
				EA4910C626DFB4E1001A5316 /* PBXTargetDependency */,
			);
			name = "PsychonautWiki Journal";
			packageProductDependencies = (
				EAE4723226CC2525009FB0EC /* SwiftyJSON */,
			);
			productName = "PsychonautWiki Journal";
			productReference = EAE4710326CBA57F009FB0EC /* PsychonautWiki Journal.app */;
			productType = "com.apple.product-type.application";
		};
/* End PBXNativeTarget section */

/* Begin PBXProject section */
		EAE470FB26CBA57F009FB0EC /* Project object */ = {
			isa = PBXProject;
			attributes = {
				LastSwiftUpdateCheck = 1250;
				LastUpgradeCheck = 1250;
				TargetAttributes = {
					EA4910AA26DFB4E0001A5316 = {
						CreatedOnToolsVersion = 12.5.1;
					};
					EA4910B326DFB4E0001A5316 = {
						CreatedOnToolsVersion = 12.5.1;
					};
					EAE4710226CBA57F009FB0EC = {
						CreatedOnToolsVersion = 12.5.1;
					};
				};
			};
			buildConfigurationList = EAE470FE26CBA57F009FB0EC /* Build configuration list for PBXProject "PsychonautWiki Journal" */;
			compatibilityVersion = "Xcode 9.3";
			developmentRegion = en;
			hasScannedForEncodings = 0;
			knownRegions = (
				en,
				Base,
			);
			mainGroup = EAE470FA26CBA57F009FB0EC;
			packageReferences = (
				EAE4723126CC2525009FB0EC /* XCRemoteSwiftPackageReference "SwiftyJSON" */,
			);
			productRefGroup = EAE4710426CBA57F009FB0EC /* Products */;
			projectDirPath = "";
			projectRoot = "";
			targets = (
				EAE4710226CBA57F009FB0EC /* PsychonautWiki Journal */,
				EA4910AA26DFB4E0001A5316 /* Watch Journal */,
				EA4910B326DFB4E0001A5316 /* Watch Journal Extension */,
			);
		};
/* End PBXProject section */

/* Begin PBXResourcesBuildPhase section */
		EA4910A926DFB4E0001A5316 /* Resources */ = {
			isa = PBXResourcesBuildPhase;
			buildActionMask = 2147483647;
			files = (
				EA4910AE26DFB4E0001A5316 /* Assets.xcassets in Resources */,
			);
			runOnlyForDeploymentPostprocessing = 0;
		};
		EA4910B226DFB4E0001A5316 /* Resources */ = {
			isa = PBXResourcesBuildPhase;
			buildActionMask = 2147483647;
			files = (
				EAA2EC8026E21D9200B4FACF /* InitialSubstances.json in Resources */,
				EA4910C326DFB4E1001A5316 /* Preview Assets.xcassets in Resources */,
				EA4910C026DFB4E1001A5316 /* Assets.xcassets in Resources */,
			);
			runOnlyForDeploymentPostprocessing = 0;
		};
		EAE4722B26CBAE31009FB0EC /* Resources */ = {
			isa = PBXResourcesBuildPhase;
			buildActionMask = 2147483647;
			files = (
				EAE4722E26CBAE5B009FB0EC /* Assets.xcassets in Resources */,
				EAE4722D26CBAE54009FB0EC /* Preview Assets.xcassets in Resources */,
				EAE4723526CC42F7009FB0EC /* InitialSubstances.json in Resources */,
			);
			runOnlyForDeploymentPostprocessing = 0;
		};
/* End PBXResourcesBuildPhase section */

/* Begin PBXShellScriptBuildPhase section */
		EAE4722A26CBAB21009FB0EC /* SwiftLint */ = {
			isa = PBXShellScriptBuildPhase;
			buildActionMask = 2147483647;
			files = (
			);
			inputFileListPaths = (
			);
			inputPaths = (
			);
			name = SwiftLint;
			outputFileListPaths = (
			);
			outputPaths = (
			);
			runOnlyForDeploymentPostprocessing = 0;
			shellPath = /bin/sh;
			shellScript = "if which swiftlint >/dev/null; then\n  swiftlint\nelse\n  echo \"warning: SwiftLint not installed, download from https://github.com/realm/SwiftLint\"\nfi\n";
		};
/* End PBXShellScriptBuildPhase section */

/* Begin PBXSourcesBuildPhase section */
		EA4910B026DFB4E0001A5316 /* Sources */ = {
			isa = PBXSourcesBuildPhase;
			buildActionMask = 2147483647;
			files = (
				EAA2EC7E26E21CC800B4FACF /* InteractionChecker.swift in Sources */,
				EAA2EC5026DFCBE200B4FACF /* CodingUserInfoKey.swift in Sources */,
				EAA2EC5326DFCBE200B4FACF /* Throwable.swift in Sources */,
				EAA2EC4726DFCBCF00B4FACF /* Ingestion-CoreDataHelpers.swift in Sources */,
				EAA2EC5926DFCBFA00B4FACF /* Data-ToFile.swift in Sources */,
				EAA2EC7926E21A8D00B4FACF /* ChooseRouteView.swift in Sources */,
				EAA2EC7526E2152D00B4FACF /* SubstanceRow.swift in Sources */,
				EAA2EC4426DFCBCF00B4FACF /* GeneralInteraction-CoreDataHelpers.swift in Sources */,
				EAA2EC7726E21A7700B4FACF /* ChooseDoseView.swift in Sources */,
				EAA2EC4C26DFCBE200B4FACF /* Roa+CoreDataClass.swift in Sources */,
				EAA2EC4526DFCBCF00B4FACF /* Roa-CoreDataHelpers.swift in Sources */,
				EAA2EC6026DFCBFA00B4FACF /* Date-String.swift in Sources */,
				EAA2EC5226DFCBE200B4FACF /* DurationTypes+CoreDataClass.swift in Sources */,
				EAA2EC6C26E2113100B4FACF /* IngestionRow.swift in Sources */,
				EAA2EC4226DFCBCF00B4FACF /* DurationTypes-CoreDataHelpers.swift in Sources */,
				EAA2EC3F26DFCBB400B4FACF /* Main.xcdatamodeld in Sources */,
				EAA2EC4826DFCBCF00B4FACF /* Substance-CoreDataHelpers.swift in Sources */,
				EAA2EC5A26DFCBFA00B4FACF /* DoseRange-Comparable.swift in Sources */,
				EAA2EC4626DFCBCF00B4FACF /* SubstanceCopy-CoreDataHelpers.swift in Sources */,
				EAA2EC3B26DFC8B800B4FACF /* SettingsTab.swift in Sources */,
				EAA2EC4E26DFCBE200B4FACF /* SubstanceCopy+CoreDataClass.swift in Sources */,
				EAA2EC6726E2040300B4FACF /* WatchWelcome.swift in Sources */,
				EAA2EC7026E2124600B4FACF /* DosePicker.swift in Sources */,
				EAA2EC6126DFCC2B00B4FACF /* PreviewHelper.swift in Sources */,
				EAA2EC7B26E21AB000B4FACF /* ChooseTimeAndColor.swift in Sources */,
				EAA2EC5F26DFCBFA00B4FACF /* Color-StringColor.swift in Sources */,
				EAA2EC3E26DFCB9D00B4FACF /* Persistence.swift in Sources */,
				EAA2EC3726DFB70E00B4FACF /* Connectivity.swift in Sources */,
				EAA2EC5726DFCBFA00B4FACF /* Double-Rounded.swift in Sources */,
				EAA2EC4A26DFCBCF00B4FACF /* Category-CoreDataHelpers.swift in Sources */,
				EAA2EC4926DFCBCF00B4FACF /* SubstancesFile-CoreDataHelpers.swift in Sources */,
				EAA2EC7326E2151900B4FACF /* ChooseSubstanceView.swift in Sources */,
				EAA2EC4126DFCBCF00B4FACF /* Experience-CoreDataHelpers.swift in Sources */,
				EAA2EC5C26DFCBFA00B4FACF /* Binding-OnChange.swift in Sources */,
				EAA2EC5426DFCBE200B4FACF /* DoseRange+CoreDataClass.swift in Sources */,
				EAA2EC5526DFCBE200B4FACF /* DurationRange+CoreDataClass.swift in Sources */,
				EA4910BA26DFB4E0001A5316 /* ContentView.swift in Sources */,
				EAA2EC5B26DFCBFA00B4FACF /* Date-Difference.swift in Sources */,
				EAA2EC5626DFCBFA00B4FACF /* Double-CleanString.swift in Sources */,
				EAA2EC4F26DFCBE200B4FACF /* Substance+CoreDataClass.swift in Sources */,
				EAA2EC6226DFCE4300B4FACF /* SubstanceDecoder.swift in Sources */,
				EAA2EC4D26DFCBE200B4FACF /* DoseTypes+CoreDataClass.swift in Sources */,
				EAA2EC4B26DFCBCF00B4FACF /* DoseTypes-CoreDataHelpers.swift in Sources */,
				EAA2EC4326DFCBCF00B4FACF /* DurationRange-CoreDataHelpers.swift in Sources */,
				EAA2EC4026DFCBCF00B4FACF /* DoseRange-CoreDataHelpers.swift in Sources */,
				EA4910BC26DFB4E0001A5316 /* PsychonautWiki_JournalApp.swift in Sources */,
				EAA2EC3926DFC88700B4FACF /* HomeTab.swift in Sources */,
				EAA2EC5D26DFCBFA00B4FACF /* Sequence-Uniqued.swift in Sources */,
				EAA2EC3D26DFC8F300B4FACF /* IngestionsTab.swift in Sources */,
				EA4910BE26DFB4E0001A5316 /* ComplicationController.swift in Sources */,
				EAA2EC5126DFCBE200B4FACF /* SubstancesFile+CoreDataClass.swift in Sources */,
			);
			runOnlyForDeploymentPostprocessing = 0;
		};
		EAE470FF26CBA57F009FB0EC /* Sources */ = {
			isa = PBXSourcesBuildPhase;
			buildActionMask = 2147483647;
			files = (
				EAE4720D26CBA664009FB0EC /* LineView.swift in Sources */,
				EAE4720126CBA664009FB0EC /* PreviewHelper.swift in Sources */,
				EAE471E126CBA664009FB0EC /* Sequence-Uniqued.swift in Sources */,
				EAE471EA26CBA664009FB0EC /* DurationRange-CoreDataHelpers.swift in Sources */,
				EAE4720626CBA664009FB0EC /* ChooseInitialInteractionsView.swift in Sources */,
				EAC306A526CD9B0100C98E3E /* SubstanceCopy-CoreDataHelpers.swift in Sources */,
				EAE471C326CBA664009FB0EC /* SectionFooter.swift in Sources */,
				EAE471E726CBA664009FB0EC /* Substance-CoreDataHelpers.swift in Sources */,
				EAE4720726CBA664009FB0EC /* ChooseInitialFavoritesView.swift in Sources */,
				EAE4720A26CBA664009FB0EC /* InteractionChecker.swift in Sources */,
				EAC306A326CD182F00C98E3E /* ChooseFavoritesView.swift in Sources */,
				EAE4722326CBA664009FB0EC /* ChooseDoseView.swift in Sources */,
				EAE4710726CBA57F009FB0EC /* PsychonautWiki_JournalApp.swift in Sources */,
				EAC306A126CD16AD00C98E3E /* ChooseInteractionsView.swift in Sources */,
				EAE4720E26CBA664009FB0EC /* LineChartWithPicker.swift in Sources */,
				EAE4721726CBA664009FB0EC /* AroundShapeModelUp.swift in Sources */,
				EAE4721626CBA664009FB0EC /* LineModel.swift in Sources */,
				EAE471EE26CBA664009FB0EC /* Date-Difference.swift in Sources */,
				EAE471B626CBA664009FB0EC /* Feature.swift in Sources */,
				EAE4721426CBA664009FB0EC /* IngestionLineModel.swift in Sources */,
				EAE471FB26CBA664009FB0EC /* DoseRange+CoreDataClass.swift in Sources */,
				EAE471B126CBA664009FB0EC /* CalendarScreen.swift in Sources */,
				EAE4720326CBA664009FB0EC /* Persistence.swift in Sources */,
				EAE4722026CBA664009FB0EC /* ChooseRouteView.swift in Sources */,
				EAE471F926CBA664009FB0EC /* DurationRange+CoreDataClass.swift in Sources */,
				EAE4721826CBA664009FB0EC /* DataPoint.swift in Sources */,
				EAE4721926CBA664009FB0EC /* IngestionsLineChart.swift in Sources */,
				EAE471C626CBA664009FB0EC /* InteractionRowView.swift in Sources */,
				EAE4723926CC6598009FB0EC /* Throwable.swift in Sources */,
				EAE4720826CBA664009FB0EC /* FavoritesRowView.swift in Sources */,
				EAE471F126CBA664009FB0EC /* View-NaviationViewStyle.swift in Sources */,
				EAE4722526CBA664009FB0EC /* HomeView.swift in Sources */,
				EAE471E326CBA664009FB0EC /* DoseTypes-CoreDataHelpers.swift in Sources */,
				EAE471FD26CBA664009FB0EC /* View-HideKeyboard.swift in Sources */,
				EAA2EC3626DFB5B200B4FACF /* Connectivity.swift in Sources */,
				EAE4722826CBA664009FB0EC /* PrimaryButtonTextStyle.swift in Sources */,
				EAE4720F26CBA664009FB0EC /* HelperMethods.swift in Sources */,
				EAE471F426CBA664009FB0EC /* Substance+CoreDataClass.swift in Sources */,
				EAE471E626CBA664009FB0EC /* Category-CoreDataHelpers.swift in Sources */,
				EAE471EF26CBA664009FB0EC /* Double-Rounded.swift in Sources */,
				EAE4721226CBA664009FB0EC /* CurrentTimeShape.swift in Sources */,
				EAE4721E26CBA664009FB0EC /* EditIngestionView.swift in Sources */,
				EAC306AF26CE532A00C98E3E /* ColorPie.swift in Sources */,
				EAE4720C26CBA664009FB0EC /* ChartTimeStep.swift in Sources */,
				EAE471BE26CBA664009FB0EC /* SettingsView.swift in Sources */,
				EAC306AB26CE2F8500C98E3E /* AroundShapeModelDown.swift in Sources */,
				EAE4721A26CBA664009FB0EC /* TimeLabels.swift in Sources */,
				EAE471E826CBA664009FB0EC /* GeneralInteraction-CoreDataHelpers.swift in Sources */,
				EAE4722926CBA664009FB0EC /* TitleTextStyle.swift in Sources */,
				EAE4720026CBA664009FB0EC /* Date-String.swift in Sources */,
				EAE4720B26CBA664009FB0EC /* ExperienceView.swift in Sources */,
				EAE471F826CBA664009FB0EC /* SubstancesFile+CoreDataClass.swift in Sources */,
				EAE471F226CBA664009FB0EC /* Roa+CoreDataClass.swift in Sources */,
				EAC306AD26CE32AD00C98E3E /* AroundShapeModel.swift in Sources */,
				EAE471FC26CBA664009FB0EC /* Data-ToFile.swift in Sources */,
				EAE471F626CBA664009FB0EC /* DoseTypes+CoreDataClass.swift in Sources */,
				EAE4720926CBA664009FB0EC /* IngestionRow.swift in Sources */,
				EAE471E226CBA664009FB0EC /* Binding-OnChange.swift in Sources */,
				EAE471E426CBA664009FB0EC /* Roa-CoreDataHelpers.swift in Sources */,
				EAE4721F26CBA664009FB0EC /* SubstanceRow.swift in Sources */,
				EAE4721026CBA664009FB0EC /* RelativeScrollView.swift in Sources */,
				EAE471BC26CBA664009FB0EC /* SubstanceDecoder.swift in Sources */,
				EAE471F526CBA664009FB0EC /* CodingUserInfoKey.swift in Sources */,
				EAE471E526CBA664009FB0EC /* DoseRange-CoreDataHelpers.swift in Sources */,
				EAE4721126CBA664009FB0EC /* LineShape.swift in Sources */,
				EAE4722426CBA664009FB0EC /* TimerView.swift in Sources */,
				EAE4721526CBA664009FB0EC /* Curve.swift in Sources */,
				EAE471F026CBA664009FB0EC /* Double-CleanString.swift in Sources */,
				EAE4722126CBA664009FB0EC /* ChooseTimeAndColor.swift in Sources */,
				EAE471C426CBA664009FB0EC /* CalendarSection.swift in Sources */,
				EAE4720226CBA664009FB0EC /* CalendarWrapper.swift in Sources */,
				EAE4721B26CBA664009FB0EC /* CurrentTimeView.swift in Sources */,
				EAE4723026CBDDE7009FB0EC /* PsychonautWikiAPIController.swift in Sources */,
				EAE4721326CBA664009FB0EC /* AroundShape.swift in Sources */,
				EAE471B726CBA664009FB0EC /* DisclaimerViewShort.swift in Sources */,
				EAE4722226CBA664009FB0EC /* ChooseSubstanceView.swift in Sources */,
				EAE471EC26CBA664009FB0EC /* SubstancesFile-CoreDataHelpers.swift in Sources */,
				EAE471ED26CBA664009FB0EC /* DurationTypes-CoreDataHelpers.swift in Sources */,
				EAE471BD26CBA664009FB0EC /* ContentView.swift in Sources */,
				EAE471FF26CBA664009FB0EC /* DoseRange-Comparable.swift in Sources */,
				EAE471EB26CBA664009FB0EC /* Ingestion-CoreDataHelpers.swift in Sources */,
				EAE4722726CBA664009FB0EC /* PrimaryButtonStyle.swift in Sources */,
				EAE4722626CBA664009FB0EC /* ExperienceRow.swift in Sources */,
				EAE471B226CBA664009FB0EC /* WelcomeScreen.swift in Sources */,
				EAC306A826CDAD3500C98E3E /* SubstanceCopy+CoreDataClass.swift in Sources */,
				EAE4721D26CBA664009FB0EC /* SubstancePicker.swift in Sources */,
				EAE471DE26CBA664009FB0EC /* Main.xcdatamodeld in Sources */,
				EAE4721C26CBA664009FB0EC /* DosePicker.swift in Sources */,
				EAE471E926CBA664009FB0EC /* Experience-CoreDataHelpers.swift in Sources */,
				EAE471F326CBA664009FB0EC /* DurationTypes+CoreDataClass.swift in Sources */,
				EAE471FE26CBA664009FB0EC /* Color-StringColor.swift in Sources */,
			);
			runOnlyForDeploymentPostprocessing = 0;
		};
/* End PBXSourcesBuildPhase section */

/* Begin PBXTargetDependency section */
		EA4910B726DFB4E0001A5316 /* PBXTargetDependency */ = {
			isa = PBXTargetDependency;
			target = EA4910B326DFB4E0001A5316 /* Watch Journal Extension */;
			targetProxy = EA4910B626DFB4E0001A5316 /* PBXContainerItemProxy */;
		};
		EA4910C626DFB4E1001A5316 /* PBXTargetDependency */ = {
			isa = PBXTargetDependency;
			target = EA4910AA26DFB4E0001A5316 /* Watch Journal */;
			targetProxy = EA4910C526DFB4E1001A5316 /* PBXContainerItemProxy */;
		};
/* End PBXTargetDependency section */

/* Begin XCBuildConfiguration section */
		EA4910C926DFB4E1001A5316 /* Debug */ = {
			isa = XCBuildConfiguration;
			buildSettings = {
				ALWAYS_EMBED_SWIFT_STANDARD_LIBRARIES = YES;
				ASSETCATALOG_COMPILER_APPICON_NAME = AppIcon;
				ASSETCATALOG_COMPILER_GLOBAL_ACCENT_COLOR_NAME = AccentColor;
				CODE_SIGN_STYLE = Automatic;
				CURRENT_PROJECT_VERSION = 4;
				DEVELOPMENT_TEAM = 6S7AHDRUD6;
				IBSC_MODULE = Watch_Journal_Extension;
				INFOPLIST_FILE = "Watch Journal/Info.plist";
				MARKETING_VERSION = 1.0.0;
				PRODUCT_BUNDLE_IDENTIFIER = "isaak.PsychonautWiki-Journal.watchkitapp";
				PRODUCT_NAME = "$(TARGET_NAME)";
				SDKROOT = watchos;
				SKIP_INSTALL = YES;
				SWIFT_VERSION = 5.0;
				TARGETED_DEVICE_FAMILY = 4;
				WATCHOS_DEPLOYMENT_TARGET = 7.4;
			};
			name = Debug;
		};
		EA4910CA26DFB4E1001A5316 /* Release */ = {
			isa = XCBuildConfiguration;
			buildSettings = {
				ALWAYS_EMBED_SWIFT_STANDARD_LIBRARIES = YES;
				ASSETCATALOG_COMPILER_APPICON_NAME = AppIcon;
				ASSETCATALOG_COMPILER_GLOBAL_ACCENT_COLOR_NAME = AccentColor;
				CODE_SIGN_STYLE = Automatic;
				CURRENT_PROJECT_VERSION = 4;
				DEVELOPMENT_TEAM = 6S7AHDRUD6;
				IBSC_MODULE = Watch_Journal_Extension;
				INFOPLIST_FILE = "Watch Journal/Info.plist";
				MARKETING_VERSION = 1.0.0;
				PRODUCT_BUNDLE_IDENTIFIER = "isaak.PsychonautWiki-Journal.watchkitapp";
				PRODUCT_NAME = "$(TARGET_NAME)";
				SDKROOT = watchos;
				SKIP_INSTALL = YES;
				SWIFT_VERSION = 5.0;
				TARGETED_DEVICE_FAMILY = 4;
				WATCHOS_DEPLOYMENT_TARGET = 7.4;
			};
			name = Release;
		};
		EA4910CC26DFB4E1001A5316 /* Debug */ = {
			isa = XCBuildConfiguration;
			buildSettings = {
				ASSETCATALOG_COMPILER_COMPLICATION_NAME = Complication;
				CODE_SIGN_STYLE = Automatic;
				CURRENT_PROJECT_VERSION = 4;
				DEVELOPMENT_ASSET_PATHS = "\"Watch Journal Extension/Preview Content\"";
				DEVELOPMENT_TEAM = 6S7AHDRUD6;
				ENABLE_PREVIEWS = YES;
				INFOPLIST_FILE = "Watch Journal Extension/Info.plist";
				LD_RUNPATH_SEARCH_PATHS = (
					"$(inherited)",
					"@executable_path/Frameworks",
					"@executable_path/../../Frameworks",
				);
				MARKETING_VERSION = 1.0.0;
				PRODUCT_BUNDLE_IDENTIFIER = "isaak.PsychonautWiki-Journal.watchkitapp.watchkitextension";
				PRODUCT_NAME = "${TARGET_NAME}";
				SDKROOT = watchos;
				SKIP_INSTALL = YES;
				SWIFT_VERSION = 5.0;
				TARGETED_DEVICE_FAMILY = 4;
				WATCHOS_DEPLOYMENT_TARGET = 7.4;
			};
			name = Debug;
		};
		EA4910CD26DFB4E1001A5316 /* Release */ = {
			isa = XCBuildConfiguration;
			buildSettings = {
				ASSETCATALOG_COMPILER_COMPLICATION_NAME = Complication;
				CODE_SIGN_STYLE = Automatic;
				CURRENT_PROJECT_VERSION = 4;
				DEVELOPMENT_ASSET_PATHS = "\"Watch Journal Extension/Preview Content\"";
				DEVELOPMENT_TEAM = 6S7AHDRUD6;
				ENABLE_PREVIEWS = YES;
				INFOPLIST_FILE = "Watch Journal Extension/Info.plist";
				LD_RUNPATH_SEARCH_PATHS = (
					"$(inherited)",
					"@executable_path/Frameworks",
					"@executable_path/../../Frameworks",
				);
				MARKETING_VERSION = 1.0.0;
				PRODUCT_BUNDLE_IDENTIFIER = "isaak.PsychonautWiki-Journal.watchkitapp.watchkitextension";
				PRODUCT_NAME = "${TARGET_NAME}";
				SDKROOT = watchos;
				SKIP_INSTALL = YES;
				SWIFT_VERSION = 5.0;
				TARGETED_DEVICE_FAMILY = 4;
				WATCHOS_DEPLOYMENT_TARGET = 7.4;
			};
			name = Release;
		};
		EAE4711526CBA582009FB0EC /* Debug */ = {
			isa = XCBuildConfiguration;
			buildSettings = {
				ALWAYS_SEARCH_USER_PATHS = NO;
				CLANG_ANALYZER_NONNULL = YES;
				CLANG_ANALYZER_NUMBER_OBJECT_CONVERSION = YES_AGGRESSIVE;
				CLANG_CXX_LANGUAGE_STANDARD = "gnu++14";
				CLANG_CXX_LIBRARY = "libc++";
				CLANG_ENABLE_MODULES = YES;
				CLANG_ENABLE_OBJC_ARC = YES;
				CLANG_ENABLE_OBJC_WEAK = YES;
				CLANG_WARN_BLOCK_CAPTURE_AUTORELEASING = YES;
				CLANG_WARN_BOOL_CONVERSION = YES;
				CLANG_WARN_COMMA = YES;
				CLANG_WARN_CONSTANT_CONVERSION = YES;
				CLANG_WARN_DEPRECATED_OBJC_IMPLEMENTATIONS = YES;
				CLANG_WARN_DIRECT_OBJC_ISA_USAGE = YES_ERROR;
				CLANG_WARN_DOCUMENTATION_COMMENTS = YES;
				CLANG_WARN_EMPTY_BODY = YES;
				CLANG_WARN_ENUM_CONVERSION = YES;
				CLANG_WARN_INFINITE_RECURSION = YES;
				CLANG_WARN_INT_CONVERSION = YES;
				CLANG_WARN_NON_LITERAL_NULL_CONVERSION = YES;
				CLANG_WARN_OBJC_IMPLICIT_RETAIN_SELF = YES;
				CLANG_WARN_OBJC_LITERAL_CONVERSION = YES;
				CLANG_WARN_OBJC_ROOT_CLASS = YES_ERROR;
				CLANG_WARN_QUOTED_INCLUDE_IN_FRAMEWORK_HEADER = YES;
				CLANG_WARN_RANGE_LOOP_ANALYSIS = YES;
				CLANG_WARN_STRICT_PROTOTYPES = YES;
				CLANG_WARN_SUSPICIOUS_MOVE = YES;
				CLANG_WARN_UNGUARDED_AVAILABILITY = YES_AGGRESSIVE;
				CLANG_WARN_UNREACHABLE_CODE = YES;
				CLANG_WARN__DUPLICATE_METHOD_MATCH = YES;
				COPY_PHASE_STRIP = NO;
				DEBUG_INFORMATION_FORMAT = dwarf;
				ENABLE_STRICT_OBJC_MSGSEND = YES;
				ENABLE_TESTABILITY = YES;
				GCC_C_LANGUAGE_STANDARD = gnu11;
				GCC_DYNAMIC_NO_PIC = NO;
				GCC_NO_COMMON_BLOCKS = YES;
				GCC_OPTIMIZATION_LEVEL = 0;
				GCC_PREPROCESSOR_DEFINITIONS = (
					"DEBUG=1",
					"$(inherited)",
				);
				GCC_WARN_64_TO_32_BIT_CONVERSION = YES;
				GCC_WARN_ABOUT_RETURN_TYPE = YES_ERROR;
				GCC_WARN_UNDECLARED_SELECTOR = YES;
				GCC_WARN_UNINITIALIZED_AUTOS = YES_AGGRESSIVE;
				GCC_WARN_UNUSED_FUNCTION = YES;
				GCC_WARN_UNUSED_VARIABLE = YES;
				IPHONEOS_DEPLOYMENT_TARGET = 14.5;
				MTL_ENABLE_DEBUG_INFO = INCLUDE_SOURCE;
				MTL_FAST_MATH = YES;
				ONLY_ACTIVE_ARCH = YES;
				SDKROOT = iphoneos;
				SWIFT_ACTIVE_COMPILATION_CONDITIONS = DEBUG;
				SWIFT_OPTIMIZATION_LEVEL = "-Onone";
			};
			name = Debug;
		};
		EAE4711626CBA582009FB0EC /* Release */ = {
			isa = XCBuildConfiguration;
			buildSettings = {
				ALWAYS_SEARCH_USER_PATHS = NO;
				CLANG_ANALYZER_NONNULL = YES;
				CLANG_ANALYZER_NUMBER_OBJECT_CONVERSION = YES_AGGRESSIVE;
				CLANG_CXX_LANGUAGE_STANDARD = "gnu++14";
				CLANG_CXX_LIBRARY = "libc++";
				CLANG_ENABLE_MODULES = YES;
				CLANG_ENABLE_OBJC_ARC = YES;
				CLANG_ENABLE_OBJC_WEAK = YES;
				CLANG_WARN_BLOCK_CAPTURE_AUTORELEASING = YES;
				CLANG_WARN_BOOL_CONVERSION = YES;
				CLANG_WARN_COMMA = YES;
				CLANG_WARN_CONSTANT_CONVERSION = YES;
				CLANG_WARN_DEPRECATED_OBJC_IMPLEMENTATIONS = YES;
				CLANG_WARN_DIRECT_OBJC_ISA_USAGE = YES_ERROR;
				CLANG_WARN_DOCUMENTATION_COMMENTS = YES;
				CLANG_WARN_EMPTY_BODY = YES;
				CLANG_WARN_ENUM_CONVERSION = YES;
				CLANG_WARN_INFINITE_RECURSION = YES;
				CLANG_WARN_INT_CONVERSION = YES;
				CLANG_WARN_NON_LITERAL_NULL_CONVERSION = YES;
				CLANG_WARN_OBJC_IMPLICIT_RETAIN_SELF = YES;
				CLANG_WARN_OBJC_LITERAL_CONVERSION = YES;
				CLANG_WARN_OBJC_ROOT_CLASS = YES_ERROR;
				CLANG_WARN_QUOTED_INCLUDE_IN_FRAMEWORK_HEADER = YES;
				CLANG_WARN_RANGE_LOOP_ANALYSIS = YES;
				CLANG_WARN_STRICT_PROTOTYPES = YES;
				CLANG_WARN_SUSPICIOUS_MOVE = YES;
				CLANG_WARN_UNGUARDED_AVAILABILITY = YES_AGGRESSIVE;
				CLANG_WARN_UNREACHABLE_CODE = YES;
				CLANG_WARN__DUPLICATE_METHOD_MATCH = YES;
				COPY_PHASE_STRIP = NO;
				DEBUG_INFORMATION_FORMAT = "dwarf-with-dsym";
				ENABLE_NS_ASSERTIONS = NO;
				ENABLE_STRICT_OBJC_MSGSEND = YES;
				GCC_C_LANGUAGE_STANDARD = gnu11;
				GCC_NO_COMMON_BLOCKS = YES;
				GCC_WARN_64_TO_32_BIT_CONVERSION = YES;
				GCC_WARN_ABOUT_RETURN_TYPE = YES_ERROR;
				GCC_WARN_UNDECLARED_SELECTOR = YES;
				GCC_WARN_UNINITIALIZED_AUTOS = YES_AGGRESSIVE;
				GCC_WARN_UNUSED_FUNCTION = YES;
				GCC_WARN_UNUSED_VARIABLE = YES;
				IPHONEOS_DEPLOYMENT_TARGET = 14.5;
				MTL_ENABLE_DEBUG_INFO = NO;
				MTL_FAST_MATH = YES;
				SDKROOT = iphoneos;
				SWIFT_COMPILATION_MODE = wholemodule;
				SWIFT_OPTIMIZATION_LEVEL = "-O";
				VALIDATE_PRODUCT = YES;
			};
			name = Release;
		};
		EAE4711826CBA582009FB0EC /* Debug */ = {
			isa = XCBuildConfiguration;
			buildSettings = {
				ASSETCATALOG_COMPILER_APPICON_NAME = AppIcon;
				ASSETCATALOG_COMPILER_GLOBAL_ACCENT_COLOR_NAME = AccentColor;
				CODE_SIGN_STYLE = Automatic;
				CURRENT_PROJECT_VERSION = 4;
				DEVELOPMENT_ASSET_PATHS = "\"PsychonautWiki Journal/Preview Content\"";
				DEVELOPMENT_TEAM = 6S7AHDRUD6;
				ENABLE_PREVIEWS = YES;
				INFOPLIST_FILE = "PsychonautWiki Journal/Configuration/Info.plist";
				IPHONEOS_DEPLOYMENT_TARGET = 14.0;
				LD_RUNPATH_SEARCH_PATHS = (
					"$(inherited)",
					"@executable_path/Frameworks",
				);
				MARKETING_VERSION = 1.0.0;
				PRODUCT_BUNDLE_IDENTIFIER = "isaak.PsychonautWiki-Journal";
				PRODUCT_NAME = "$(TARGET_NAME)";
				SWIFT_VERSION = 5.0;
				TARGETED_DEVICE_FAMILY = "1,2";
			};
			name = Debug;
		};
		EAE4711926CBA582009FB0EC /* Release */ = {
			isa = XCBuildConfiguration;
			buildSettings = {
				ASSETCATALOG_COMPILER_APPICON_NAME = AppIcon;
				ASSETCATALOG_COMPILER_GLOBAL_ACCENT_COLOR_NAME = AccentColor;
				CODE_SIGN_STYLE = Automatic;
				CURRENT_PROJECT_VERSION = 4;
				DEVELOPMENT_ASSET_PATHS = "\"PsychonautWiki Journal/Preview Content\"";
				DEVELOPMENT_TEAM = 6S7AHDRUD6;
				ENABLE_PREVIEWS = YES;
				INFOPLIST_FILE = "PsychonautWiki Journal/Configuration/Info.plist";
				IPHONEOS_DEPLOYMENT_TARGET = 14.0;
				LD_RUNPATH_SEARCH_PATHS = (
					"$(inherited)",
					"@executable_path/Frameworks",
				);
				MARKETING_VERSION = 1.0.0;
				PRODUCT_BUNDLE_IDENTIFIER = "isaak.PsychonautWiki-Journal";
				PRODUCT_NAME = "$(TARGET_NAME)";
				SWIFT_VERSION = 5.0;
				TARGETED_DEVICE_FAMILY = "1,2";
			};
			name = Release;
		};
/* End XCBuildConfiguration section */

/* Begin XCConfigurationList section */
		EA4910CE26DFB4E1001A5316 /* Build configuration list for PBXNativeTarget "Watch Journal Extension" */ = {
			isa = XCConfigurationList;
			buildConfigurations = (
				EA4910CC26DFB4E1001A5316 /* Debug */,
				EA4910CD26DFB4E1001A5316 /* Release */,
			);
			defaultConfigurationIsVisible = 0;
			defaultConfigurationName = Release;
		};
		EA4910CF26DFB4E1001A5316 /* Build configuration list for PBXNativeTarget "Watch Journal" */ = {
			isa = XCConfigurationList;
			buildConfigurations = (
				EA4910C926DFB4E1001A5316 /* Debug */,
				EA4910CA26DFB4E1001A5316 /* Release */,
			);
			defaultConfigurationIsVisible = 0;
			defaultConfigurationName = Release;
		};
		EAE470FE26CBA57F009FB0EC /* Build configuration list for PBXProject "PsychonautWiki Journal" */ = {
			isa = XCConfigurationList;
			buildConfigurations = (
				EAE4711526CBA582009FB0EC /* Debug */,
				EAE4711626CBA582009FB0EC /* Release */,
			);
			defaultConfigurationIsVisible = 0;
			defaultConfigurationName = Release;
		};
		EAE4711726CBA582009FB0EC /* Build configuration list for PBXNativeTarget "PsychonautWiki Journal" */ = {
			isa = XCConfigurationList;
			buildConfigurations = (
				EAE4711826CBA582009FB0EC /* Debug */,
				EAE4711926CBA582009FB0EC /* Release */,
			);
			defaultConfigurationIsVisible = 0;
			defaultConfigurationName = Release;
		};
/* End XCConfigurationList section */

/* Begin XCRemoteSwiftPackageReference section */
		EAE4723126CC2525009FB0EC /* XCRemoteSwiftPackageReference "SwiftyJSON" */ = {
			isa = XCRemoteSwiftPackageReference;
			repositoryURL = "https://github.com/SwiftyJSON/SwiftyJSON.git";
			requirement = {
				kind = upToNextMajorVersion;
				minimumVersion = 5.0.1;
			};
		};
/* End XCRemoteSwiftPackageReference section */

/* Begin XCSwiftPackageProductDependency section */
		EAA2EC6926E2064D00B4FACF /* SwiftyJSON */ = {
			isa = XCSwiftPackageProductDependency;
			package = EAE4723126CC2525009FB0EC /* XCRemoteSwiftPackageReference "SwiftyJSON" */;
			productName = SwiftyJSON;
		};
		EAE4723226CC2525009FB0EC /* SwiftyJSON */ = {
			isa = XCSwiftPackageProductDependency;
			package = EAE4723126CC2525009FB0EC /* XCRemoteSwiftPackageReference "SwiftyJSON" */;
			productName = SwiftyJSON;
		};
/* End XCSwiftPackageProductDependency section */

/* Begin XCVersionGroup section */
		EAE4715626CBA664009FB0EC /* Main.xcdatamodeld */ = {
			isa = XCVersionGroup;
			children = (
				EAE4715726CBA664009FB0EC /* Goya.xcdatamodel */,
			);
			currentVersion = EAE4715726CBA664009FB0EC /* Goya.xcdatamodel */;
			path = Main.xcdatamodeld;
			sourceTree = "<group>";
			versionGroupType = wrapper.xcdatamodel;
		};
/* End XCVersionGroup section */
	};
	rootObject = EAE470FB26CBA57F009FB0EC /* Project object */;
}
