// !$*UTF8*$!
{
	archiveVersion = 1;
	classes = {
	};
	objectVersion = 52;
	objects = {

/* Begin PBXBuildFile section */
		EA014F9527E5DB5200077FB2 /* WebViewRepresentable.swift in Sources */ = {isa = PBXBuildFile; fileRef = EA014F9427E5DB5200077FB2 /* WebViewRepresentable.swift */; };
		EA014F9A27E5E72000077FB2 /* WebViewScreen.swift in Sources */ = {isa = PBXBuildFile; fileRef = EA014F9927E5E72000077FB2 /* WebViewScreen.swift */; };
		EA014F9E27E5F5F200077FB2 /* RowLabelView.swift in Sources */ = {isa = PBXBuildFile; fileRef = EA014F9D27E5F5F200077FB2 /* RowLabelView.swift */; };
		EA014FA427EA1AD300077FB2 /* ToastViewModel.swift in Sources */ = {isa = PBXBuildFile; fileRef = EA014FA327EA1AD300077FB2 /* ToastViewModel.swift */; };
		EA014FB027EC6E0400077FB2 /* UnitPickerOptions.swift in Sources */ = {isa = PBXBuildFile; fileRef = EA014FAF27EC6E0400077FB2 /* UnitPickerOptions.swift */; };
		EA095A0F27D9DCAE007D44D6 /* UnitsPicker.swift in Sources */ = {isa = PBXBuildFile; fileRef = EA095A0E27D9DCAE007D44D6 /* UnitsPicker.swift */; };
		EA095A1427DA2BBC007D44D6 /* UIApplication-CurrentWindow.swift in Sources */ = {isa = PBXBuildFile; fileRef = EA095A1327DA2BBC007D44D6 /* UIApplication-CurrentWindow.swift */; };
		EA0CAAAF295473C900095A33 /* GraphicsContext-DrawDot.swift in Sources */ = {isa = PBXBuildFile; fileRef = EA0CAAAE295473C900095A33 /* GraphicsContext-DrawDot.swift */; };
		EA1DE59C2949C43D00FEE975 /* SuggestionBox.swift in Sources */ = {isa = PBXBuildFile; fileRef = EA1DE59B2949C43D00FEE975 /* SuggestionBox.swift */; };
		EA1DE59E2949CB5800FEE975 /* SubstanceBox.swift in Sources */ = {isa = PBXBuildFile; fileRef = EA1DE59D2949CB5800FEE975 /* SubstanceBox.swift */; };
		EA1DE5A02949CEFD00FEE975 /* CustomSubstanceBox.swift in Sources */ = {isa = PBXBuildFile; fileRef = EA1DE59F2949CEFD00FEE975 /* CustomSubstanceBox.swift */; };
		EA1DE5A22949D10100FEE975 /* ChooseSubstance-ViewModel.swift in Sources */ = {isa = PBXBuildFile; fileRef = EA1DE5A12949D10100FEE975 /* ChooseSubstance-ViewModel.swift */; };
		EA1DE5A42949DE8A00FEE975 /* SuggestionsCreator.swift in Sources */ = {isa = PBXBuildFile; fileRef = EA1DE5A32949DE8A00FEE975 /* SuggestionsCreator.swift */; };
		EA460D1F2762CA8B002EF80B /* FAQView.swift in Sources */ = {isa = PBXBuildFile; fileRef = EA460D1E2762CA8B002EF80B /* FAQView.swift */; };
		EA460D2427637964002EF80B /* QuestionAndAnswer.swift in Sources */ = {isa = PBXBuildFile; fileRef = EA460D2327637964002EF80B /* QuestionAndAnswer.swift */; };
		EA47E64527CA136C00F6E10F /* SubstanceRepo.swift in Sources */ = {isa = PBXBuildFile; fileRef = EA47E63527CA136C00F6E10F /* SubstanceRepo.swift */; };
		EA47E64927CA136C00F6E10F /* Tolerance.swift in Sources */ = {isa = PBXBuildFile; fileRef = EA47E63727CA136C00F6E10F /* Tolerance.swift */; };
		EA47E64D27CA136C00F6E10F /* RoaDuration.swift in Sources */ = {isa = PBXBuildFile; fileRef = EA47E63927CA136C00F6E10F /* RoaDuration.swift */; };
		EA47E65127CA136C00F6E10F /* RoaDose.swift in Sources */ = {isa = PBXBuildFile; fileRef = EA47E63B27CA136C00F6E10F /* RoaDose.swift */; };
		EA47E65527CA136C00F6E10F /* Substance.swift in Sources */ = {isa = PBXBuildFile; fileRef = EA47E63D27CA136C00F6E10F /* Substance.swift */; };
		EA47E65927CA136C00F6E10F /* RoaRange.swift in Sources */ = {isa = PBXBuildFile; fileRef = EA47E63F27CA136C00F6E10F /* RoaRange.swift */; };
		EA47E65D27CA136C00F6E10F /* Roa.swift in Sources */ = {isa = PBXBuildFile; fileRef = EA47E64127CA136C00F6E10F /* Roa.swift */; };
		EA47E66127CA136C00F6E10F /* DurationRange.swift in Sources */ = {isa = PBXBuildFile; fileRef = EA47E64327CA136C00F6E10F /* DurationRange.swift */; };
		EA47E67027CB477000F6E10F /* SearchTab.swift in Sources */ = {isa = PBXBuildFile; fileRef = EA47E66F27CB477000F6E10F /* SearchTab.swift */; };
		EA47E67327CB490300F6E10F /* AllTabs.swift in Sources */ = {isa = PBXBuildFile; fileRef = EA47E67227CB490300F6E10F /* AllTabs.swift */; };
		EA50E4E4294B70A400B8D1FC /* EditIngestionScreen.swift in Sources */ = {isa = PBXBuildFile; fileRef = EA50E4E3294B70A400B8D1FC /* EditIngestionScreen.swift */; };
		EA527A8429427E61009C142D /* ToleranceScreen.swift in Sources */ = {isa = PBXBuildFile; fileRef = EA527A8329427E61009C142D /* ToleranceScreen.swift */; };
		EA527A8629427F56009C142D /* ToxicityScreen.swift in Sources */ = {isa = PBXBuildFile; fileRef = EA527A8529427F56009C142D /* ToxicityScreen.swift */; };
		EA527A8829428011009C142D /* DurationScreen.swift in Sources */ = {isa = PBXBuildFile; fileRef = EA527A8729428011009C142D /* DurationScreen.swift */; };
		EA527A8A29428146009C142D /* InteractionsScreen.swift in Sources */ = {isa = PBXBuildFile; fileRef = EA527A8929428146009C142D /* InteractionsScreen.swift */; };
		EA527A8C294288D6009C142D /* EffectScreen.swift in Sources */ = {isa = PBXBuildFile; fileRef = EA527A8B294288D6009C142D /* EffectScreen.swift */; };
		EA527A8E2942896B009C142D /* RiskScreen.swift in Sources */ = {isa = PBXBuildFile; fileRef = EA527A8D2942896B009C142D /* RiskScreen.swift */; };
		EA527A9029428A6C009C142D /* SaferUseScreen.swift in Sources */ = {isa = PBXBuildFile; fileRef = EA527A8F29428A6C009C142D /* SaferUseScreen.swift */; };
		EA527A9229428B02009C142D /* AddictionScreen.swift in Sources */ = {isa = PBXBuildFile; fileRef = EA527A9129428B02009C142D /* AddictionScreen.swift */; };
		EA527A9429428CD8009C142D /* EffectTimeline.swift in Sources */ = {isa = PBXBuildFile; fileRef = EA527A9329428CD8009C142D /* EffectTimeline.swift */; };
		EA557B392942A1A2005740B4 /* EditExperienceScreen.swift in Sources */ = {isa = PBXBuildFile; fileRef = EA557B382942A1A2005740B4 /* EditExperienceScreen.swift */; };
		EA81E0CA29508C7E00475DE3 /* CumulativeDoseRow.swift in Sources */ = {isa = PBXBuildFile; fileRef = EA81E0C929508C7E00475DE3 /* CumulativeDoseRow.swift */; };
		EA8447E427CD14AD00B10DD3 /* SubstanceView.swift in Sources */ = {isa = PBXBuildFile; fileRef = EA8447E327CD14AD00B10DD3 /* SubstanceView.swift */; };
		EA8447E727CD175000B10DD3 /* DoseRow.swift in Sources */ = {isa = PBXBuildFile; fileRef = EA8447E627CD175000B10DD3 /* DoseRow.swift */; };
		EA8447E927CD22D300B10DD3 /* Text-LinearGradient.swift in Sources */ = {isa = PBXBuildFile; fileRef = EA8447E827CD22D300B10DD3 /* Text-LinearGradient.swift */; };
		EA8447EB27CD276300B10DD3 /* OneRoaDurationRow.swift in Sources */ = {isa = PBXBuildFile; fileRef = EA8447EA27CD276300B10DD3 /* OneRoaDurationRow.swift */; };
		EA8AEA8127E2154D00B30A16 /* DoseRangeType.swift in Sources */ = {isa = PBXBuildFile; fileRef = EA8AEA8027E2154D00B30A16 /* DoseRangeType.swift */; };
		EA9AE85E27CB89ED00D4D468 /* SearchViewModel.swift in Sources */ = {isa = PBXBuildFile; fileRef = EA9AE85D27CB89ED00D4D468 /* SearchViewModel.swift */; };
		EAACB08D2947C83A0050E002 /* CustomChooseRouteScreen.swift in Sources */ = {isa = PBXBuildFile; fileRef = EAACB08C2947C83A0050E002 /* CustomChooseRouteScreen.swift */; };
		EAACB08F2947C8FB0050E002 /* CustomChooseDoseScreen.swift in Sources */ = {isa = PBXBuildFile; fileRef = EAACB08E2947C8FB0050E002 /* CustomChooseDoseScreen.swift */; };
		EAACB0952949A6FC0050E002 /* ChooseSubstanceContent.swift in Sources */ = {isa = PBXBuildFile; fileRef = EAACB0942949A6FC0050E002 /* ChooseSubstanceContent.swift */; };
		EAB1659527E302BC003DF79D /* ColorPicker.swift in Sources */ = {isa = PBXBuildFile; fileRef = EAB1659427E302BC003DF79D /* ColorPicker.swift */; };
		EAB1659E27E34AD5003DF79D /* CustomSubstance-CoreDataHelpers.swift in Sources */ = {isa = PBXBuildFile; fileRef = EAB1659D27E34AD5003DF79D /* CustomSubstance-CoreDataHelpers.swift */; };
		EAB165A227E35883003DF79D /* EditCustomSubstanceView.swift in Sources */ = {isa = PBXBuildFile; fileRef = EAB165A127E35883003DF79D /* EditCustomSubstanceView.swift */; };
		EAB165A427E35BE0003DF79D /* AddCustomSubstanceView.swift in Sources */ = {isa = PBXBuildFile; fileRef = EAB165A327E35BE0003DF79D /* AddCustomSubstanceView.swift */; };
		EAB165A727E35C29003DF79D /* AddCustomSubstance-ViewModel.swift in Sources */ = {isa = PBXBuildFile; fileRef = EAB165A627E35C29003DF79D /* AddCustomSubstance-ViewModel.swift */; };
		EAB165AE27E36D29003DF79D /* EmptySectionForPadding.swift in Sources */ = {isa = PBXBuildFile; fileRef = EAB165AD27E36D29003DF79D /* EmptySectionForPadding.swift */; };
		EAB165B227E49ACC003DF79D /* Notification-EyeName.swift in Sources */ = {isa = PBXBuildFile; fileRef = EAB165B127E49ACC003DF79D /* Notification-EyeName.swift */; };
		EAB165C727E4ED86003DF79D /* ShareButton.swift in Sources */ = {isa = PBXBuildFile; fileRef = EAB165C627E4ED86003DF79D /* ShareButton.swift */; };
		EAB165C927E4EDC7003DF79D /* RateInAppStoreButton.swift in Sources */ = {isa = PBXBuildFile; fileRef = EAB165C827E4EDC7003DF79D /* RateInAppStoreButton.swift */; };
		EAB2EDF026F0E8CA0020C554 /* Collection-Safe.swift in Sources */ = {isa = PBXBuildFile; fileRef = EAB2EDDF26EEA0D60020C554 /* Collection-Safe.swift */; };
		EABD91FD294105830073303A /* TimelineModel.swift in Sources */ = {isa = PBXBuildFile; fileRef = EABD91FC294105830073303A /* TimelineModel.swift */; };
		EABD92002941C3740073303A /* AxisDrawable.swift in Sources */ = {isa = PBXBuildFile; fileRef = EABD91FF2941C3740073303A /* AxisDrawable.swift */; };
		EABD92022941C3A30073303A /* IngestionDrawable.swift in Sources */ = {isa = PBXBuildFile; fileRef = EABD92012941C3A30073303A /* IngestionDrawable.swift */; };
		EABD92042941C3C30073303A /* FullTimeline.swift in Sources */ = {isa = PBXBuildFile; fileRef = EABD92032941C3C30073303A /* FullTimeline.swift */; };
		EABD92062941C4080073303A /* TimelineDrawable.swift in Sources */ = {isa = PBXBuildFile; fileRef = EABD92052941C4080073303A /* TimelineDrawable.swift */; };
		EABD92092941EA4B0073303A /* TotalTimeline.swift in Sources */ = {isa = PBXBuildFile; fileRef = EABD92082941EA4B0073303A /* TotalTimeline.swift */; };
		EABD920B2941FB160073303A /* OnsetTotalTimeline.swift in Sources */ = {isa = PBXBuildFile; fileRef = EABD920A2941FB160073303A /* OnsetTotalTimeline.swift */; };
		EABD920D294202680073303A /* StrokeStyle-Timeline.swift in Sources */ = {isa = PBXBuildFile; fileRef = EABD920C294202680073303A /* StrokeStyle-Timeline.swift */; };
		EABD920F294203E70073303A /* OnsetComeupTotalTimeline.swift in Sources */ = {isa = PBXBuildFile; fileRef = EABD920E294203E70073303A /* OnsetComeupTotalTimeline.swift */; };
		EABD92112942131E0073303A /* OnsetComeupPeakTotalTimeline.swift in Sources */ = {isa = PBXBuildFile; fileRef = EABD92102942131E0073303A /* OnsetComeupPeakTotalTimeline.swift */; };
		EABD9213294215FB0073303A /* OnsetTimeline.swift in Sources */ = {isa = PBXBuildFile; fileRef = EABD9212294215FB0073303A /* OnsetTimeline.swift */; };
		EABD921529421CE60073303A /* OnsetComeupTimeline.swift in Sources */ = {isa = PBXBuildFile; fileRef = EABD921429421CE60073303A /* OnsetComeupTimeline.swift */; };
		EABD921729421E960073303A /* OnsetComeupPeakTimeline.swift in Sources */ = {isa = PBXBuildFile; fileRef = EABD921629421E960073303A /* OnsetComeupPeakTimeline.swift */; };
		EABD921929422C580073303A /* NoTimeline.swift in Sources */ = {isa = PBXBuildFile; fileRef = EABD921829422C580073303A /* NoTimeline.swift */; };
		EABD921C294276DC0073303A /* SummaryScreen.swift in Sources */ = {isa = PBXBuildFile; fileRef = EABD921B294276DC0073303A /* SummaryScreen.swift */; };
		EABD921E294278240073303A /* CategoryScreen.swift in Sources */ = {isa = PBXBuildFile; fileRef = EABD921D294278240073303A /* CategoryScreen.swift */; };
		EABD922029427A9C0073303A /* DosesScreen.swift in Sources */ = {isa = PBXBuildFile; fileRef = EABD921F29427A9C0073303A /* DosesScreen.swift */; };
		EABDA72B2887ECFB00A23DB3 /* SubstanceCompanion-CoreDataHelpers.swift in Sources */ = {isa = PBXBuildFile; fileRef = EABDA72A2887ECFB00A23DB3 /* SubstanceCompanion-CoreDataHelpers.swift */; };
		EABDA72E28881B4800A23DB3 /* StatsTab.swift in Sources */ = {isa = PBXBuildFile; fileRef = EABDA72D28881B4800A23DB3 /* StatsTab.swift */; };
		EAC23794276750C500109622 /* Global Functions.swift in Sources */ = {isa = PBXBuildFile; fileRef = EAC23793276750C500109622 /* Global Functions.swift */; };
		EAC25BFB2955EC900002D68F /* TestingServicesScreen.swift in Sources */ = {isa = PBXBuildFile; fileRef = EAC25BFA2955EC900002D68F /* TestingServicesScreen.swift */; };
		EAC25BFD2955F23A0002D68F /* ReagentTestingScreen.swift in Sources */ = {isa = PBXBuildFile; fileRef = EAC25BFC2955F23A0002D68F /* ReagentTestingScreen.swift */; };
		EACB0C19293F9BCE00C605E2 /* SubstanceFile.swift in Sources */ = {isa = PBXBuildFile; fileRef = EACB0C18293F9BCE00C605E2 /* SubstanceFile.swift */; };
		EACB0C1B293F9C0100C605E2 /* Category.swift in Sources */ = {isa = PBXBuildFile; fileRef = EACB0C1A293F9C0100C605E2 /* Category.swift */; };
		EACB0C1E293FA4F500C605E2 /* SaferTab.swift in Sources */ = {isa = PBXBuildFile; fileRef = EACB0C1D293FA4F500C605E2 /* SaferTab.swift */; };
		EACB0C20293FED5500C605E2 /* Interactions.swift in Sources */ = {isa = PBXBuildFile; fileRef = EACB0C1F293FED5500C605E2 /* Interactions.swift */; };
		EACB0C222940888600C605E2 /* SearchSubstanceRow.swift in Sources */ = {isa = PBXBuildFile; fileRef = EACB0C212940888600C605E2 /* SearchSubstanceRow.swift */; };
		EACB0C2529408E1000C605E2 /* WrappingHStack in Frameworks */ = {isa = PBXBuildFile; productRef = EACB0C2429408E1000C605E2 /* WrappingHStack */; };
		EACB6DFC27CDE1F200940291 /* String-Optional.swift in Sources */ = {isa = PBXBuildFile; fileRef = EACB6DFB27CDE1F200940291 /* String-Optional.swift */; };
		EACB6E1F27CFD57D00940291 /* String-EqualMeaning.swift in Sources */ = {isa = PBXBuildFile; fileRef = EACB6E1E27CFD57D00940291 /* String-EqualMeaning.swift */; };
		EACB6E5227D2592800940291 /* FileTests.swift in Sources */ = {isa = PBXBuildFile; fileRef = EACB6E5127D2592800940291 /* FileTests.swift */; };
		EACB6E5427D3473600940291 /* String-Regex.swift in Sources */ = {isa = PBXBuildFile; fileRef = EACB6E5327D3473600940291 /* String-Regex.swift */; };
		EACB6E5727D3483900940291 /* RegexTests.swift in Sources */ = {isa = PBXBuildFile; fileRef = EACB6E5627D3483900940291 /* RegexTests.swift */; };
		EACB6E5927D3491C00940291 /* NSRegularExpression-isMatch.swift in Sources */ = {isa = PBXBuildFile; fileRef = EACB6E5827D3491C00940291 /* NSRegularExpression-isMatch.swift */; };
		EACB6E6827D501E900940291 /* ExperiencesTab-ViewModel.swift in Sources */ = {isa = PBXBuildFile; fileRef = EACB6E6727D501E900940291 /* ExperiencesTab-ViewModel.swift */; };
		EACB6E7927D63F6C00940291 /* RecentSubstancesViewModel.swift in Sources */ = {isa = PBXBuildFile; fileRef = EACB6E7827D63F6C00940291 /* RecentSubstancesViewModel.swift */; };
		EACB6E7B27D6456400940291 /* SearchList.swift in Sources */ = {isa = PBXBuildFile; fileRef = EACB6E7A27D6456400940291 /* SearchList.swift */; };
		EACB6E9727D7620800940291 /* Double-Ratio.swift in Sources */ = {isa = PBXBuildFile; fileRef = EACB6E9627D7620800940291 /* Double-Ratio.swift */; };
		EACB6E9C27D77A6C00940291 /* NearestHourTests.swift in Sources */ = {isa = PBXBuildFile; fileRef = EACB6E9B27D77A6C00940291 /* NearestHourTests.swift */; };
		EAE4710726CBA57F009FB0EC /* PsychonautWiki_JournalApp.swift in Sources */ = {isa = PBXBuildFile; fileRef = EAE4710626CBA57F009FB0EC /* PsychonautWiki_JournalApp.swift */; };
		EAE471B226CBA664009FB0EC /* WelcomeScreen.swift in Sources */ = {isa = PBXBuildFile; fileRef = EAE4711D26CBA663009FB0EC /* WelcomeScreen.swift */; };
		EAE471B626CBA664009FB0EC /* Feature.swift in Sources */ = {isa = PBXBuildFile; fileRef = EAE4712226CBA663009FB0EC /* Feature.swift */; };
		EAE471BD26CBA664009FB0EC /* ContentView.swift in Sources */ = {isa = PBXBuildFile; fileRef = EAE4712926CBA663009FB0EC /* ContentView.swift */; };
		EAE471BE26CBA664009FB0EC /* SettingsScreen.swift in Sources */ = {isa = PBXBuildFile; fileRef = EAE4712B26CBA663009FB0EC /* SettingsScreen.swift */; };
		EAE471DE26CBA664009FB0EC /* Main.xcdatamodeld in Sources */ = {isa = PBXBuildFile; fileRef = EAE4715626CBA664009FB0EC /* Main.xcdatamodeld */; };
		EAE471E126CBA664009FB0EC /* Sequence-Uniqued.swift in Sources */ = {isa = PBXBuildFile; fileRef = EAE4715C26CBA664009FB0EC /* Sequence-Uniqued.swift */; };
		EAE471E926CBA664009FB0EC /* Experience-CoreDataHelpers.swift in Sources */ = {isa = PBXBuildFile; fileRef = EAE4716526CBA664009FB0EC /* Experience-CoreDataHelpers.swift */; };
		EAE471EB26CBA664009FB0EC /* Ingestion-CoreDataHelpers.swift in Sources */ = {isa = PBXBuildFile; fileRef = EAE4716726CBA664009FB0EC /* Ingestion-CoreDataHelpers.swift */; };
		EAE471EF26CBA664009FB0EC /* Double-Rounded.swift in Sources */ = {isa = PBXBuildFile; fileRef = EAE4716B26CBA664009FB0EC /* Double-Rounded.swift */; };
		EAE471FD26CBA664009FB0EC /* View-HideKeyboard.swift in Sources */ = {isa = PBXBuildFile; fileRef = EAE4717A26CBA664009FB0EC /* View-HideKeyboard.swift */; };
		EAE4720026CBA664009FB0EC /* Date-String.swift in Sources */ = {isa = PBXBuildFile; fileRef = EAE4717D26CBA664009FB0EC /* Date-String.swift */; };
		EAE4720326CBA664009FB0EC /* Persistence.swift in Sources */ = {isa = PBXBuildFile; fileRef = EAE4718026CBA664009FB0EC /* Persistence.swift */; };
		EAE4720926CBA664009FB0EC /* IngestionRowContent.swift in Sources */ = {isa = PBXBuildFile; fileRef = EAE4718926CBA664009FB0EC /* IngestionRowContent.swift */; };
		EAE4720B26CBA664009FB0EC /* ExperienceScreen.swift in Sources */ = {isa = PBXBuildFile; fileRef = EAE4718B26CBA664009FB0EC /* ExperienceScreen.swift */; };
		EAE4721C26CBA664009FB0EC /* DosePicker.swift in Sources */ = {isa = PBXBuildFile; fileRef = EAE471A026CBA664009FB0EC /* DosePicker.swift */; };
		EAE4722026CBA664009FB0EC /* ChooseRouteScreen.swift in Sources */ = {isa = PBXBuildFile; fileRef = EAE471A526CBA664009FB0EC /* ChooseRouteScreen.swift */; };
		EAE4722126CBA664009FB0EC /* ChooseTimeAndColor.swift in Sources */ = {isa = PBXBuildFile; fileRef = EAE471A626CBA664009FB0EC /* ChooseTimeAndColor.swift */; };
		EAE4722226CBA664009FB0EC /* ChooseSubstanceScreen.swift in Sources */ = {isa = PBXBuildFile; fileRef = EAE471A726CBA664009FB0EC /* ChooseSubstanceScreen.swift */; };
		EAE4722326CBA664009FB0EC /* ChooseDoseScreen.swift in Sources */ = {isa = PBXBuildFile; fileRef = EAE471A826CBA664009FB0EC /* ChooseDoseScreen.swift */; };
		EAE4722526CBA664009FB0EC /* ExperiencesTab.swift in Sources */ = {isa = PBXBuildFile; fileRef = EAE471AA26CBA664009FB0EC /* ExperiencesTab.swift */; };
		EAE4722626CBA664009FB0EC /* ExperienceRow.swift in Sources */ = {isa = PBXBuildFile; fileRef = EAE471AB26CBA664009FB0EC /* ExperienceRow.swift */; };
		EAE4722726CBA664009FB0EC /* PrimaryButtonStyle.swift in Sources */ = {isa = PBXBuildFile; fileRef = EAE471AD26CBA664009FB0EC /* PrimaryButtonStyle.swift */; };
		EAE4722826CBA664009FB0EC /* PrimaryButtonTextStyle.swift in Sources */ = {isa = PBXBuildFile; fileRef = EAE471AE26CBA664009FB0EC /* PrimaryButtonTextStyle.swift */; };
		EAE4722E26CBAE5B009FB0EC /* Assets.xcassets in Resources */ = {isa = PBXBuildFile; fileRef = EAE4712726CBA663009FB0EC /* Assets.xcassets */; };
		EAE4723526CC42F7009FB0EC /* substances.json in Resources */ = {isa = PBXBuildFile; fileRef = EAE4723426CC42F7009FB0EC /* substances.json */; };
		EAF76C9027D7A5A000945587 /* AcknowledgeInteractionsView.swift in Sources */ = {isa = PBXBuildFile; fileRef = EAF76C8F27D7A5A000945587 /* AcknowledgeInteractionsView.swift */; };
		EAF76C9427D7AEEA00945587 /* ChooseTimeAndColor-ViewModel.swift in Sources */ = {isa = PBXBuildFile; fileRef = EAF76C9327D7AEEA00945587 /* ChooseTimeAndColor-ViewModel.swift */; };
		EAF76C9927D899E700945587 /* AlertToast in Frameworks */ = {isa = PBXBuildFile; productRef = EAF76C9827D899E700945587 /* AlertToast */; };
		EAF76C9B27D8ACDF00945587 /* AcknowledgeInteractions-ViewModel.swift in Sources */ = {isa = PBXBuildFile; fileRef = EAF76C9A27D8ACDF00945587 /* AcknowledgeInteractions-ViewModel.swift */; };
		EAF76C9D27D8B10500945587 /* InteractionType.swift in Sources */ = {isa = PBXBuildFile; fileRef = EAF76C9C27D8B10500945587 /* InteractionType.swift */; };
		EAF76CA027D8B72900945587 /* Algorithms in Frameworks */ = {isa = PBXBuildFile; productRef = EAF76C9F27D8B72900945587 /* Algorithms */; };
		EAF76CA427D8F72700945587 /* ExperiencesList.swift in Sources */ = {isa = PBXBuildFile; fileRef = EAF76CA327D8F72700945587 /* ExperiencesList.swift */; };
		EAF76CA627D9081C00945587 /* InteractionAlertView.swift in Sources */ = {isa = PBXBuildFile; fileRef = EAF76CA527D9081C00945587 /* InteractionAlertView.swift */; };
		EAF76CA927D90CF900945587 /* SubstanceColor.swift in Sources */ = {isa = PBXBuildFile; fileRef = EAF76CA827D90CF900945587 /* SubstanceColor.swift */; };
		EAF76CAC27D90F6A00945587 /* AdministrationRoute.swift in Sources */ = {isa = PBXBuildFile; fileRef = EAF76CAB27D90F6A00945587 /* AdministrationRoute.swift */; };
		EAF76CBE27D91F5500945587 /* Content-ViewModel.swift in Sources */ = {isa = PBXBuildFile; fileRef = EAF76CBD27D91F5500945587 /* Content-ViewModel.swift */; };
		EAF76CC027D9568D00945587 /* ChooseDose-ViewModel.swift in Sources */ = {isa = PBXBuildFile; fileRef = EAF76CBF27D9568D00945587 /* ChooseDose-ViewModel.swift */; };
/* End PBXBuildFile section */

/* Begin PBXContainerItemProxy section */
		EACB6E3E27D09C8800940291 /* PBXContainerItemProxy */ = {
			isa = PBXContainerItemProxy;
			containerPortal = EAE470FB26CBA57F009FB0EC /* Project object */;
			proxyType = 1;
			remoteGlobalIDString = EAE4710226CBA57F009FB0EC;
			remoteInfo = "PsychonautWiki Journal";
		};
/* End PBXContainerItemProxy section */

/* Begin PBXCopyFilesBuildPhase section */
		EA4910C826DFB4E1001A5316 /* Embed Watch Content */ = {
			isa = PBXCopyFilesBuildPhase;
			buildActionMask = 2147483647;
			dstPath = "$(CONTENTS_FOLDER_PATH)/Watch";
			dstSubfolderSpec = 16;
			files = (
			);
			name = "Embed Watch Content";
			runOnlyForDeploymentPostprocessing = 0;
		};
/* End PBXCopyFilesBuildPhase section */

/* Begin PBXFileReference section */
		EA014F9427E5DB5200077FB2 /* WebViewRepresentable.swift */ = {isa = PBXFileReference; lastKnownFileType = sourcecode.swift; path = WebViewRepresentable.swift; sourceTree = "<group>"; };
		EA014F9927E5E72000077FB2 /* WebViewScreen.swift */ = {isa = PBXFileReference; lastKnownFileType = sourcecode.swift; path = WebViewScreen.swift; sourceTree = "<group>"; };
		EA014F9D27E5F5F200077FB2 /* RowLabelView.swift */ = {isa = PBXFileReference; lastKnownFileType = sourcecode.swift; path = RowLabelView.swift; sourceTree = "<group>"; };
		EA014FA327EA1AD300077FB2 /* ToastViewModel.swift */ = {isa = PBXFileReference; lastKnownFileType = sourcecode.swift; path = ToastViewModel.swift; sourceTree = "<group>"; };
		EA014FAF27EC6E0400077FB2 /* UnitPickerOptions.swift */ = {isa = PBXFileReference; lastKnownFileType = sourcecode.swift; path = UnitPickerOptions.swift; sourceTree = "<group>"; };
		EA095A0E27D9DCAE007D44D6 /* UnitsPicker.swift */ = {isa = PBXFileReference; lastKnownFileType = sourcecode.swift; path = UnitsPicker.swift; sourceTree = "<group>"; };
		EA095A1327DA2BBC007D44D6 /* UIApplication-CurrentWindow.swift */ = {isa = PBXFileReference; lastKnownFileType = sourcecode.swift; path = "UIApplication-CurrentWindow.swift"; sourceTree = "<group>"; };
		EA0CAAAE295473C900095A33 /* GraphicsContext-DrawDot.swift */ = {isa = PBXFileReference; lastKnownFileType = sourcecode.swift; path = "GraphicsContext-DrawDot.swift"; sourceTree = "<group>"; };
		EA1DE59B2949C43D00FEE975 /* SuggestionBox.swift */ = {isa = PBXFileReference; lastKnownFileType = sourcecode.swift; path = SuggestionBox.swift; sourceTree = "<group>"; };
		EA1DE59D2949CB5800FEE975 /* SubstanceBox.swift */ = {isa = PBXFileReference; lastKnownFileType = sourcecode.swift; path = SubstanceBox.swift; sourceTree = "<group>"; };
		EA1DE59F2949CEFD00FEE975 /* CustomSubstanceBox.swift */ = {isa = PBXFileReference; lastKnownFileType = sourcecode.swift; path = CustomSubstanceBox.swift; sourceTree = "<group>"; };
		EA1DE5A12949D10100FEE975 /* ChooseSubstance-ViewModel.swift */ = {isa = PBXFileReference; lastKnownFileType = sourcecode.swift; path = "ChooseSubstance-ViewModel.swift"; sourceTree = "<group>"; };
		EA1DE5A32949DE8A00FEE975 /* SuggestionsCreator.swift */ = {isa = PBXFileReference; lastKnownFileType = sourcecode.swift; path = SuggestionsCreator.swift; sourceTree = "<group>"; };
		EA460D1E2762CA8B002EF80B /* FAQView.swift */ = {isa = PBXFileReference; lastKnownFileType = sourcecode.swift; path = FAQView.swift; sourceTree = "<group>"; };
		EA460D2327637964002EF80B /* QuestionAndAnswer.swift */ = {isa = PBXFileReference; lastKnownFileType = sourcecode.swift; path = QuestionAndAnswer.swift; sourceTree = "<group>"; };
		EA47E63527CA136C00F6E10F /* SubstanceRepo.swift */ = {isa = PBXFileReference; lastKnownFileType = sourcecode.swift; path = SubstanceRepo.swift; sourceTree = "<group>"; };
		EA47E63727CA136C00F6E10F /* Tolerance.swift */ = {isa = PBXFileReference; lastKnownFileType = sourcecode.swift; path = Tolerance.swift; sourceTree = "<group>"; };
		EA47E63927CA136C00F6E10F /* RoaDuration.swift */ = {isa = PBXFileReference; lastKnownFileType = sourcecode.swift; path = RoaDuration.swift; sourceTree = "<group>"; };
		EA47E63B27CA136C00F6E10F /* RoaDose.swift */ = {isa = PBXFileReference; lastKnownFileType = sourcecode.swift; path = RoaDose.swift; sourceTree = "<group>"; };
		EA47E63D27CA136C00F6E10F /* Substance.swift */ = {isa = PBXFileReference; lastKnownFileType = sourcecode.swift; path = Substance.swift; sourceTree = "<group>"; };
		EA47E63F27CA136C00F6E10F /* RoaRange.swift */ = {isa = PBXFileReference; lastKnownFileType = sourcecode.swift; path = RoaRange.swift; sourceTree = "<group>"; };
		EA47E64127CA136C00F6E10F /* Roa.swift */ = {isa = PBXFileReference; lastKnownFileType = sourcecode.swift; path = Roa.swift; sourceTree = "<group>"; };
		EA47E64327CA136C00F6E10F /* DurationRange.swift */ = {isa = PBXFileReference; lastKnownFileType = sourcecode.swift; path = DurationRange.swift; sourceTree = "<group>"; };
		EA47E66F27CB477000F6E10F /* SearchTab.swift */ = {isa = PBXFileReference; lastKnownFileType = sourcecode.swift; path = SearchTab.swift; sourceTree = "<group>"; };
		EA47E67227CB490300F6E10F /* AllTabs.swift */ = {isa = PBXFileReference; lastKnownFileType = sourcecode.swift; path = AllTabs.swift; sourceTree = "<group>"; };
		EA48B9A626E80F21003BF667 /* Angle.swift */ = {isa = PBXFileReference; lastKnownFileType = sourcecode.swift; path = Angle.swift; sourceTree = "<group>"; };
		EA50E4E3294B70A400B8D1FC /* EditIngestionScreen.swift */ = {isa = PBXFileReference; lastKnownFileType = sourcecode.swift; path = EditIngestionScreen.swift; sourceTree = "<group>"; };
		EA527A8329427E61009C142D /* ToleranceScreen.swift */ = {isa = PBXFileReference; lastKnownFileType = sourcecode.swift; path = ToleranceScreen.swift; sourceTree = "<group>"; };
		EA527A8529427F56009C142D /* ToxicityScreen.swift */ = {isa = PBXFileReference; lastKnownFileType = sourcecode.swift; path = ToxicityScreen.swift; sourceTree = "<group>"; };
		EA527A8729428011009C142D /* DurationScreen.swift */ = {isa = PBXFileReference; lastKnownFileType = sourcecode.swift; path = DurationScreen.swift; sourceTree = "<group>"; };
		EA527A8929428146009C142D /* InteractionsScreen.swift */ = {isa = PBXFileReference; lastKnownFileType = sourcecode.swift; path = InteractionsScreen.swift; sourceTree = "<group>"; };
		EA527A8B294288D6009C142D /* EffectScreen.swift */ = {isa = PBXFileReference; lastKnownFileType = sourcecode.swift; path = EffectScreen.swift; sourceTree = "<group>"; };
		EA527A8D2942896B009C142D /* RiskScreen.swift */ = {isa = PBXFileReference; lastKnownFileType = sourcecode.swift; path = RiskScreen.swift; sourceTree = "<group>"; };
		EA527A8F29428A6C009C142D /* SaferUseScreen.swift */ = {isa = PBXFileReference; lastKnownFileType = sourcecode.swift; path = SaferUseScreen.swift; sourceTree = "<group>"; };
		EA527A9129428B02009C142D /* AddictionScreen.swift */ = {isa = PBXFileReference; lastKnownFileType = sourcecode.swift; path = AddictionScreen.swift; sourceTree = "<group>"; };
		EA527A9329428CD8009C142D /* EffectTimeline.swift */ = {isa = PBXFileReference; lastKnownFileType = sourcecode.swift; path = EffectTimeline.swift; sourceTree = "<group>"; };
		EA557B382942A1A2005740B4 /* EditExperienceScreen.swift */ = {isa = PBXFileReference; lastKnownFileType = sourcecode.swift; path = EditExperienceScreen.swift; sourceTree = "<group>"; };
		EA81E0C929508C7E00475DE3 /* CumulativeDoseRow.swift */ = {isa = PBXFileReference; lastKnownFileType = sourcecode.swift; path = CumulativeDoseRow.swift; sourceTree = "<group>"; };
		EA83D75127C91DB5004F1E0C /* PW Version 1.xcdatamodel */ = {isa = PBXFileReference; lastKnownFileType = wrapper.xcdatamodel; path = "PW Version 1.xcdatamodel"; sourceTree = "<group>"; };
		EA8447E327CD14AD00B10DD3 /* SubstanceView.swift */ = {isa = PBXFileReference; lastKnownFileType = sourcecode.swift; path = SubstanceView.swift; sourceTree = "<group>"; };
		EA8447E627CD175000B10DD3 /* DoseRow.swift */ = {isa = PBXFileReference; lastKnownFileType = sourcecode.swift; path = DoseRow.swift; sourceTree = "<group>"; };
		EA8447E827CD22D300B10DD3 /* Text-LinearGradient.swift */ = {isa = PBXFileReference; lastKnownFileType = sourcecode.swift; path = "Text-LinearGradient.swift"; sourceTree = "<group>"; };
		EA8447EA27CD276300B10DD3 /* OneRoaDurationRow.swift */ = {isa = PBXFileReference; lastKnownFileType = sourcecode.swift; path = OneRoaDurationRow.swift; sourceTree = "<group>"; };
		EA8AEA8027E2154D00B30A16 /* DoseRangeType.swift */ = {isa = PBXFileReference; lastKnownFileType = sourcecode.swift; path = DoseRangeType.swift; sourceTree = "<group>"; };
		EA9AE85D27CB89ED00D4D468 /* SearchViewModel.swift */ = {isa = PBXFileReference; lastKnownFileType = sourcecode.swift; path = SearchViewModel.swift; sourceTree = "<group>"; };
		EAACB08C2947C83A0050E002 /* CustomChooseRouteScreen.swift */ = {isa = PBXFileReference; lastKnownFileType = sourcecode.swift; path = CustomChooseRouteScreen.swift; sourceTree = "<group>"; };
		EAACB08E2947C8FB0050E002 /* CustomChooseDoseScreen.swift */ = {isa = PBXFileReference; lastKnownFileType = sourcecode.swift; path = CustomChooseDoseScreen.swift; sourceTree = "<group>"; };
		EAACB0942949A6FC0050E002 /* ChooseSubstanceContent.swift */ = {isa = PBXFileReference; lastKnownFileType = sourcecode.swift; path = ChooseSubstanceContent.swift; sourceTree = "<group>"; };
		EAB1659427E302BC003DF79D /* ColorPicker.swift */ = {isa = PBXFileReference; lastKnownFileType = sourcecode.swift; path = ColorPicker.swift; sourceTree = "<group>"; };
		EAB1659D27E34AD5003DF79D /* CustomSubstance-CoreDataHelpers.swift */ = {isa = PBXFileReference; lastKnownFileType = sourcecode.swift; path = "CustomSubstance-CoreDataHelpers.swift"; sourceTree = "<group>"; };
		EAB165A127E35883003DF79D /* EditCustomSubstanceView.swift */ = {isa = PBXFileReference; lastKnownFileType = sourcecode.swift; path = EditCustomSubstanceView.swift; sourceTree = "<group>"; };
		EAB165A327E35BE0003DF79D /* AddCustomSubstanceView.swift */ = {isa = PBXFileReference; lastKnownFileType = sourcecode.swift; path = AddCustomSubstanceView.swift; sourceTree = "<group>"; };
		EAB165A627E35C29003DF79D /* AddCustomSubstance-ViewModel.swift */ = {isa = PBXFileReference; lastKnownFileType = sourcecode.swift; path = "AddCustomSubstance-ViewModel.swift"; sourceTree = "<group>"; };
		EAB165AD27E36D29003DF79D /* EmptySectionForPadding.swift */ = {isa = PBXFileReference; lastKnownFileType = sourcecode.swift; path = EmptySectionForPadding.swift; sourceTree = "<group>"; };
		EAB165B127E49ACC003DF79D /* Notification-EyeName.swift */ = {isa = PBXFileReference; lastKnownFileType = sourcecode.swift; path = "Notification-EyeName.swift"; sourceTree = "<group>"; };
		EAB165C627E4ED86003DF79D /* ShareButton.swift */ = {isa = PBXFileReference; lastKnownFileType = sourcecode.swift; path = ShareButton.swift; sourceTree = "<group>"; };
		EAB165C827E4EDC7003DF79D /* RateInAppStoreButton.swift */ = {isa = PBXFileReference; lastKnownFileType = sourcecode.swift; path = RateInAppStoreButton.swift; sourceTree = "<group>"; };
		EAB2EDDF26EEA0D60020C554 /* Collection-Safe.swift */ = {isa = PBXFileReference; lastKnownFileType = sourcecode.swift; path = "Collection-Safe.swift"; sourceTree = "<group>"; };
		EABD91FC294105830073303A /* TimelineModel.swift */ = {isa = PBXFileReference; lastKnownFileType = sourcecode.swift; path = TimelineModel.swift; sourceTree = "<group>"; };
		EABD91FF2941C3740073303A /* AxisDrawable.swift */ = {isa = PBXFileReference; lastKnownFileType = sourcecode.swift; path = AxisDrawable.swift; sourceTree = "<group>"; };
		EABD92012941C3A30073303A /* IngestionDrawable.swift */ = {isa = PBXFileReference; lastKnownFileType = sourcecode.swift; path = IngestionDrawable.swift; sourceTree = "<group>"; };
		EABD92032941C3C30073303A /* FullTimeline.swift */ = {isa = PBXFileReference; lastKnownFileType = sourcecode.swift; path = FullTimeline.swift; sourceTree = "<group>"; };
		EABD92052941C4080073303A /* TimelineDrawable.swift */ = {isa = PBXFileReference; lastKnownFileType = sourcecode.swift; path = TimelineDrawable.swift; sourceTree = "<group>"; };
		EABD92082941EA4B0073303A /* TotalTimeline.swift */ = {isa = PBXFileReference; lastKnownFileType = sourcecode.swift; path = TotalTimeline.swift; sourceTree = "<group>"; };
		EABD920A2941FB160073303A /* OnsetTotalTimeline.swift */ = {isa = PBXFileReference; lastKnownFileType = sourcecode.swift; path = OnsetTotalTimeline.swift; sourceTree = "<group>"; };
		EABD920C294202680073303A /* StrokeStyle-Timeline.swift */ = {isa = PBXFileReference; lastKnownFileType = sourcecode.swift; path = "StrokeStyle-Timeline.swift"; sourceTree = "<group>"; };
		EABD920E294203E70073303A /* OnsetComeupTotalTimeline.swift */ = {isa = PBXFileReference; lastKnownFileType = sourcecode.swift; path = OnsetComeupTotalTimeline.swift; sourceTree = "<group>"; };
		EABD92102942131E0073303A /* OnsetComeupPeakTotalTimeline.swift */ = {isa = PBXFileReference; lastKnownFileType = sourcecode.swift; path = OnsetComeupPeakTotalTimeline.swift; sourceTree = "<group>"; };
		EABD9212294215FB0073303A /* OnsetTimeline.swift */ = {isa = PBXFileReference; lastKnownFileType = sourcecode.swift; path = OnsetTimeline.swift; sourceTree = "<group>"; };
		EABD921429421CE60073303A /* OnsetComeupTimeline.swift */ = {isa = PBXFileReference; lastKnownFileType = sourcecode.swift; path = OnsetComeupTimeline.swift; sourceTree = "<group>"; };
		EABD921629421E960073303A /* OnsetComeupPeakTimeline.swift */ = {isa = PBXFileReference; lastKnownFileType = sourcecode.swift; path = OnsetComeupPeakTimeline.swift; sourceTree = "<group>"; };
		EABD921829422C580073303A /* NoTimeline.swift */ = {isa = PBXFileReference; lastKnownFileType = sourcecode.swift; path = NoTimeline.swift; sourceTree = "<group>"; };
		EABD921B294276DC0073303A /* SummaryScreen.swift */ = {isa = PBXFileReference; lastKnownFileType = sourcecode.swift; path = SummaryScreen.swift; sourceTree = "<group>"; };
		EABD921D294278240073303A /* CategoryScreen.swift */ = {isa = PBXFileReference; lastKnownFileType = sourcecode.swift; path = CategoryScreen.swift; sourceTree = "<group>"; };
		EABD921F29427A9C0073303A /* DosesScreen.swift */ = {isa = PBXFileReference; lastKnownFileType = sourcecode.swift; path = DosesScreen.swift; sourceTree = "<group>"; };
		EABDA72A2887ECFB00A23DB3 /* SubstanceCompanion-CoreDataHelpers.swift */ = {isa = PBXFileReference; lastKnownFileType = sourcecode.swift; path = "SubstanceCompanion-CoreDataHelpers.swift"; sourceTree = "<group>"; };
		EABDA72D28881B4800A23DB3 /* StatsTab.swift */ = {isa = PBXFileReference; lastKnownFileType = sourcecode.swift; path = StatsTab.swift; sourceTree = "<group>"; };
		EAC23793276750C500109622 /* Global Functions.swift */ = {isa = PBXFileReference; lastKnownFileType = sourcecode.swift; path = "Global Functions.swift"; sourceTree = "<group>"; };
		EAC25BFA2955EC900002D68F /* TestingServicesScreen.swift */ = {isa = PBXFileReference; lastKnownFileType = sourcecode.swift; path = TestingServicesScreen.swift; sourceTree = "<group>"; };
		EAC25BFC2955F23A0002D68F /* ReagentTestingScreen.swift */ = {isa = PBXFileReference; lastKnownFileType = sourcecode.swift; path = ReagentTestingScreen.swift; sourceTree = "<group>"; };
		EACB0C18293F9BCE00C605E2 /* SubstanceFile.swift */ = {isa = PBXFileReference; lastKnownFileType = sourcecode.swift; path = SubstanceFile.swift; sourceTree = "<group>"; };
		EACB0C1A293F9C0100C605E2 /* Category.swift */ = {isa = PBXFileReference; lastKnownFileType = sourcecode.swift; path = Category.swift; sourceTree = "<group>"; };
		EACB0C1D293FA4F500C605E2 /* SaferTab.swift */ = {isa = PBXFileReference; lastKnownFileType = sourcecode.swift; path = SaferTab.swift; sourceTree = "<group>"; };
		EACB0C1F293FED5500C605E2 /* Interactions.swift */ = {isa = PBXFileReference; lastKnownFileType = sourcecode.swift; path = Interactions.swift; sourceTree = "<group>"; };
		EACB0C212940888600C605E2 /* SearchSubstanceRow.swift */ = {isa = PBXFileReference; lastKnownFileType = sourcecode.swift; path = SearchSubstanceRow.swift; sourceTree = "<group>"; };
		EACB6DFB27CDE1F200940291 /* String-Optional.swift */ = {isa = PBXFileReference; lastKnownFileType = sourcecode.swift; path = "String-Optional.swift"; sourceTree = "<group>"; };
		EACB6E1E27CFD57D00940291 /* String-EqualMeaning.swift */ = {isa = PBXFileReference; lastKnownFileType = sourcecode.swift; path = "String-EqualMeaning.swift"; sourceTree = "<group>"; };
		EACB6E3A27D09C8800940291 /* JournalTests.xctest */ = {isa = PBXFileReference; explicitFileType = wrapper.cfbundle; includeInIndex = 0; path = JournalTests.xctest; sourceTree = BUILT_PRODUCTS_DIR; };
		EACB6E5127D2592800940291 /* FileTests.swift */ = {isa = PBXFileReference; lastKnownFileType = sourcecode.swift; path = FileTests.swift; sourceTree = "<group>"; };
		EACB6E5327D3473600940291 /* String-Regex.swift */ = {isa = PBXFileReference; lastKnownFileType = sourcecode.swift; path = "String-Regex.swift"; sourceTree = "<group>"; };
		EACB6E5627D3483900940291 /* RegexTests.swift */ = {isa = PBXFileReference; lastKnownFileType = sourcecode.swift; path = RegexTests.swift; sourceTree = "<group>"; };
		EACB6E5827D3491C00940291 /* NSRegularExpression-isMatch.swift */ = {isa = PBXFileReference; lastKnownFileType = sourcecode.swift; path = "NSRegularExpression-isMatch.swift"; sourceTree = "<group>"; };
		EACB6E6727D501E900940291 /* ExperiencesTab-ViewModel.swift */ = {isa = PBXFileReference; lastKnownFileType = sourcecode.swift; path = "ExperiencesTab-ViewModel.swift"; sourceTree = "<group>"; };
		EACB6E7827D63F6C00940291 /* RecentSubstancesViewModel.swift */ = {isa = PBXFileReference; lastKnownFileType = sourcecode.swift; path = RecentSubstancesViewModel.swift; sourceTree = "<group>"; };
		EACB6E7A27D6456400940291 /* SearchList.swift */ = {isa = PBXFileReference; lastKnownFileType = sourcecode.swift; path = SearchList.swift; sourceTree = "<group>"; };
		EACB6E9627D7620800940291 /* Double-Ratio.swift */ = {isa = PBXFileReference; lastKnownFileType = sourcecode.swift; path = "Double-Ratio.swift"; sourceTree = "<group>"; };
		EACB6E9B27D77A6C00940291 /* NearestHourTests.swift */ = {isa = PBXFileReference; lastKnownFileType = sourcecode.swift; path = NearestHourTests.swift; sourceTree = "<group>"; };
		EACF91C62887410500E7149C /* PW Version 2.xcdatamodel */ = {isa = PBXFileReference; lastKnownFileType = wrapper.xcdatamodel; path = "PW Version 2.xcdatamodel"; sourceTree = "<group>"; };
		EAE4710326CBA57F009FB0EC /* Journal.app */ = {isa = PBXFileReference; explicitFileType = wrapper.application; includeInIndex = 0; path = Journal.app; sourceTree = BUILT_PRODUCTS_DIR; };
		EAE4710626CBA57F009FB0EC /* PsychonautWiki_JournalApp.swift */ = {isa = PBXFileReference; lastKnownFileType = sourcecode.swift; path = PsychonautWiki_JournalApp.swift; sourceTree = "<group>"; };
		EAE4711D26CBA663009FB0EC /* WelcomeScreen.swift */ = {isa = PBXFileReference; fileEncoding = 4; lastKnownFileType = sourcecode.swift; path = WelcomeScreen.swift; sourceTree = "<group>"; };
		EAE4712226CBA663009FB0EC /* Feature.swift */ = {isa = PBXFileReference; fileEncoding = 4; lastKnownFileType = sourcecode.swift; path = Feature.swift; sourceTree = "<group>"; };
		EAE4712726CBA663009FB0EC /* Assets.xcassets */ = {isa = PBXFileReference; lastKnownFileType = folder.assetcatalog; path = Assets.xcassets; sourceTree = "<group>"; };
		EAE4712926CBA663009FB0EC /* ContentView.swift */ = {isa = PBXFileReference; fileEncoding = 4; lastKnownFileType = sourcecode.swift; path = ContentView.swift; sourceTree = "<group>"; };
		EAE4712B26CBA663009FB0EC /* SettingsScreen.swift */ = {isa = PBXFileReference; fileEncoding = 4; lastKnownFileType = sourcecode.swift; path = SettingsScreen.swift; sourceTree = "<group>"; };
		EAE4715726CBA664009FB0EC /* Goya.xcdatamodel */ = {isa = PBXFileReference; lastKnownFileType = wrapper.xcdatamodel; path = Goya.xcdatamodel; sourceTree = "<group>"; };
		EAE4715926CBA664009FB0EC /* Info.plist */ = {isa = PBXFileReference; fileEncoding = 4; lastKnownFileType = text.plist.xml; path = Info.plist; sourceTree = "<group>"; };
		EAE4715C26CBA664009FB0EC /* Sequence-Uniqued.swift */ = {isa = PBXFileReference; fileEncoding = 4; lastKnownFileType = sourcecode.swift; path = "Sequence-Uniqued.swift"; sourceTree = "<group>"; };
		EAE4716526CBA664009FB0EC /* Experience-CoreDataHelpers.swift */ = {isa = PBXFileReference; fileEncoding = 4; lastKnownFileType = sourcecode.swift; path = "Experience-CoreDataHelpers.swift"; sourceTree = "<group>"; };
		EAE4716726CBA664009FB0EC /* Ingestion-CoreDataHelpers.swift */ = {isa = PBXFileReference; fileEncoding = 4; lastKnownFileType = sourcecode.swift; path = "Ingestion-CoreDataHelpers.swift"; sourceTree = "<group>"; };
		EAE4716B26CBA664009FB0EC /* Double-Rounded.swift */ = {isa = PBXFileReference; fileEncoding = 4; lastKnownFileType = sourcecode.swift; path = "Double-Rounded.swift"; sourceTree = "<group>"; };
		EAE4717A26CBA664009FB0EC /* View-HideKeyboard.swift */ = {isa = PBXFileReference; fileEncoding = 4; lastKnownFileType = sourcecode.swift; path = "View-HideKeyboard.swift"; sourceTree = "<group>"; };
		EAE4717D26CBA664009FB0EC /* Date-String.swift */ = {isa = PBXFileReference; fileEncoding = 4; lastKnownFileType = sourcecode.swift; path = "Date-String.swift"; sourceTree = "<group>"; };
		EAE4718026CBA664009FB0EC /* Persistence.swift */ = {isa = PBXFileReference; fileEncoding = 4; lastKnownFileType = sourcecode.swift; path = Persistence.swift; sourceTree = "<group>"; };
		EAE4718926CBA664009FB0EC /* IngestionRowContent.swift */ = {isa = PBXFileReference; fileEncoding = 4; lastKnownFileType = sourcecode.swift; path = IngestionRowContent.swift; sourceTree = "<group>"; };
		EAE4718B26CBA664009FB0EC /* ExperienceScreen.swift */ = {isa = PBXFileReference; fileEncoding = 4; lastKnownFileType = sourcecode.swift; path = ExperienceScreen.swift; sourceTree = "<group>"; };
		EAE471A026CBA664009FB0EC /* DosePicker.swift */ = {isa = PBXFileReference; fileEncoding = 4; lastKnownFileType = sourcecode.swift; path = DosePicker.swift; sourceTree = "<group>"; };
		EAE471A526CBA664009FB0EC /* ChooseRouteScreen.swift */ = {isa = PBXFileReference; fileEncoding = 4; lastKnownFileType = sourcecode.swift; path = ChooseRouteScreen.swift; sourceTree = "<group>"; };
		EAE471A626CBA664009FB0EC /* ChooseTimeAndColor.swift */ = {isa = PBXFileReference; fileEncoding = 4; lastKnownFileType = sourcecode.swift; path = ChooseTimeAndColor.swift; sourceTree = "<group>"; };
		EAE471A726CBA664009FB0EC /* ChooseSubstanceScreen.swift */ = {isa = PBXFileReference; fileEncoding = 4; lastKnownFileType = sourcecode.swift; path = ChooseSubstanceScreen.swift; sourceTree = "<group>"; };
		EAE471A826CBA664009FB0EC /* ChooseDoseScreen.swift */ = {isa = PBXFileReference; fileEncoding = 4; lastKnownFileType = sourcecode.swift; path = ChooseDoseScreen.swift; sourceTree = "<group>"; };
		EAE471AA26CBA664009FB0EC /* ExperiencesTab.swift */ = {isa = PBXFileReference; fileEncoding = 4; lastKnownFileType = sourcecode.swift; path = ExperiencesTab.swift; sourceTree = "<group>"; };
		EAE471AB26CBA664009FB0EC /* ExperienceRow.swift */ = {isa = PBXFileReference; fileEncoding = 4; lastKnownFileType = sourcecode.swift; path = ExperienceRow.swift; sourceTree = "<group>"; };
		EAE471AD26CBA664009FB0EC /* PrimaryButtonStyle.swift */ = {isa = PBXFileReference; fileEncoding = 4; lastKnownFileType = sourcecode.swift; path = PrimaryButtonStyle.swift; sourceTree = "<group>"; };
		EAE471AE26CBA664009FB0EC /* PrimaryButtonTextStyle.swift */ = {isa = PBXFileReference; fileEncoding = 4; lastKnownFileType = sourcecode.swift; path = PrimaryButtonTextStyle.swift; sourceTree = "<group>"; };
		EAE4723426CC42F7009FB0EC /* substances.json */ = {isa = PBXFileReference; fileEncoding = 4; lastKnownFileType = text.json; path = substances.json; sourceTree = "<group>"; };
		EAF5D366270B3A6E00E78909 /* PsychonautWiki Journal.entitlements */ = {isa = PBXFileReference; lastKnownFileType = text.plist.entitlements; path = "PsychonautWiki Journal.entitlements"; sourceTree = "<group>"; };
		EAF76C8F27D7A5A000945587 /* AcknowledgeInteractionsView.swift */ = {isa = PBXFileReference; lastKnownFileType = sourcecode.swift; path = AcknowledgeInteractionsView.swift; sourceTree = "<group>"; };
		EAF76C9327D7AEEA00945587 /* ChooseTimeAndColor-ViewModel.swift */ = {isa = PBXFileReference; lastKnownFileType = sourcecode.swift; path = "ChooseTimeAndColor-ViewModel.swift"; sourceTree = "<group>"; };
		EAF76C9A27D8ACDF00945587 /* AcknowledgeInteractions-ViewModel.swift */ = {isa = PBXFileReference; lastKnownFileType = sourcecode.swift; path = "AcknowledgeInteractions-ViewModel.swift"; sourceTree = "<group>"; };
		EAF76C9C27D8B10500945587 /* InteractionType.swift */ = {isa = PBXFileReference; lastKnownFileType = sourcecode.swift; path = InteractionType.swift; sourceTree = "<group>"; };
		EAF76CA327D8F72700945587 /* ExperiencesList.swift */ = {isa = PBXFileReference; lastKnownFileType = sourcecode.swift; path = ExperiencesList.swift; sourceTree = "<group>"; };
		EAF76CA527D9081C00945587 /* InteractionAlertView.swift */ = {isa = PBXFileReference; lastKnownFileType = sourcecode.swift; path = InteractionAlertView.swift; sourceTree = "<group>"; };
		EAF76CA827D90CF900945587 /* SubstanceColor.swift */ = {isa = PBXFileReference; lastKnownFileType = sourcecode.swift; path = SubstanceColor.swift; sourceTree = "<group>"; };
		EAF76CAB27D90F6A00945587 /* AdministrationRoute.swift */ = {isa = PBXFileReference; lastKnownFileType = sourcecode.swift; path = AdministrationRoute.swift; sourceTree = "<group>"; };
		EAF76CBD27D91F5500945587 /* Content-ViewModel.swift */ = {isa = PBXFileReference; lastKnownFileType = sourcecode.swift; path = "Content-ViewModel.swift"; sourceTree = "<group>"; };
		EAF76CBF27D9568D00945587 /* ChooseDose-ViewModel.swift */ = {isa = PBXFileReference; lastKnownFileType = sourcecode.swift; path = "ChooseDose-ViewModel.swift"; sourceTree = "<group>"; };
/* End PBXFileReference section */

/* Begin PBXFrameworksBuildPhase section */
		EACB6E3727D09C8800940291 /* Frameworks */ = {
			isa = PBXFrameworksBuildPhase;
			buildActionMask = 2147483647;
			files = (
			);
			runOnlyForDeploymentPostprocessing = 0;
		};
		EAE4710026CBA57F009FB0EC /* Frameworks */ = {
			isa = PBXFrameworksBuildPhase;
			buildActionMask = 2147483647;
			files = (
				EAF76CA027D8B72900945587 /* Algorithms in Frameworks */,
				EACB0C2529408E1000C605E2 /* WrappingHStack in Frameworks */,
				EAF76C9927D899E700945587 /* AlertToast in Frameworks */,
			);
			runOnlyForDeploymentPostprocessing = 0;
		};
/* End PBXFrameworksBuildPhase section */

/* Begin PBXGroup section */
		EA014F9627E5DC6500077FB2 /* Web */ = {
			isa = PBXGroup;
			children = (
				EA014F9427E5DB5200077FB2 /* WebViewRepresentable.swift */,
				EA014F9927E5E72000077FB2 /* WebViewScreen.swift */,
			);
			path = Web;
			sourceTree = "<group>";
		};
		EA095A1027D9E3D0007D44D6 /* Dose */ = {
			isa = PBXGroup;
			children = (
				EAE471A826CBA664009FB0EC /* ChooseDoseScreen.swift */,
				EAACB08E2947C8FB0050E002 /* CustomChooseDoseScreen.swift */,
				EAF76CBF27D9568D00945587 /* ChooseDose-ViewModel.swift */,
				EA095A0E27D9DCAE007D44D6 /* UnitsPicker.swift */,
			);
			path = Dose;
			sourceTree = "<group>";
		};
		EA095A1127D9E3E8007D44D6 /* Time and Color */ = {
			isa = PBXGroup;
			children = (
				EAE471A626CBA664009FB0EC /* ChooseTimeAndColor.swift */,
				EAB1659427E302BC003DF79D /* ColorPicker.swift */,
				EAF76C9327D7AEEA00945587 /* ChooseTimeAndColor-ViewModel.swift */,
			);
			path = "Time and Color";
			sourceTree = "<group>";
		};
		EA095A1227D9E400007D44D6 /* Interactions */ = {
			isa = PBXGroup;
			children = (
				EAF76C8F27D7A5A000945587 /* AcknowledgeInteractionsView.swift */,
				EAF76C9A27D8ACDF00945587 /* AcknowledgeInteractions-ViewModel.swift */,
			);
			path = Interactions;
			sourceTree = "<group>";
		};
		EA460D202763790C002EF80B /* FAQ */ = {
			isa = PBXGroup;
			children = (
				EA460D1E2762CA8B002EF80B /* FAQView.swift */,
				EA460D2327637964002EF80B /* QuestionAndAnswer.swift */,
			);
			path = FAQ;
			sourceTree = "<group>";
		};
		EA47E66E27CB475100F6E10F /* SearchTab */ = {
			isa = PBXGroup;
			children = (
				EA8447E527CD14C000B10DD3 /* Substance */,
				EAB165A527E35C0C003DF79D /* Custom Substance */,
				EA47E66F27CB477000F6E10F /* SearchTab.swift */,
				EACB6E7A27D6456400940291 /* SearchList.swift */,
				EACB0C212940888600C605E2 /* SearchSubstanceRow.swift */,
				EA9AE85D27CB89ED00D4D468 /* SearchViewModel.swift */,
				EACB6E7827D63F6C00940291 /* RecentSubstancesViewModel.swift */,
			);
			path = SearchTab;
			sourceTree = "<group>";
		};
		EA8447E527CD14C000B10DD3 /* Substance */ = {
			isa = PBXGroup;
			children = (
				EA014F9627E5DC6500077FB2 /* Web */,
				EABD91FE294108100073303A /* Timeline */,
				EABD921A294276AA0073303A /* Section Screens */,
				EA8447E327CD14AD00B10DD3 /* SubstanceView.swift */,
			);
			path = Substance;
			sourceTree = "<group>";
		};
		EA891BB827DF9F3B00AF04C6 /* Choose Substance */ = {
			isa = PBXGroup;
			children = (
				EAE471A726CBA664009FB0EC /* ChooseSubstanceScreen.swift */,
				EA1DE5A12949D10100FEE975 /* ChooseSubstance-ViewModel.swift */,
				EA1DE5A32949DE8A00FEE975 /* SuggestionsCreator.swift */,
				EAACB0942949A6FC0050E002 /* ChooseSubstanceContent.swift */,
				EA1DE59B2949C43D00FEE975 /* SuggestionBox.swift */,
				EA1DE59D2949CB5800FEE975 /* SubstanceBox.swift */,
				EA1DE59F2949CEFD00FEE975 /* CustomSubstanceBox.swift */,
			);
			path = "Choose Substance";
			sourceTree = "<group>";
		};
		EA8AEA6F27E1CC3A00B30A16 /* Main */ = {
			isa = PBXGroup;
			children = (
				EA8AEA7027E1CC5100B30A16 /* Content */,
				EAE4710626CBA57F009FB0EC /* PsychonautWiki_JournalApp.swift */,
				EA014FA327EA1AD300077FB2 /* ToastViewModel.swift */,
				EA47E67227CB490300F6E10F /* AllTabs.swift */,
			);
			path = Main;
			sourceTree = "<group>";
		};
		EA8AEA7027E1CC5100B30A16 /* Content */ = {
			isa = PBXGroup;
			children = (
				EAE4712926CBA663009FB0EC /* ContentView.swift */,
				EAF76CBD27D91F5500945587 /* Content-ViewModel.swift */,
			);
			path = Content;
			sourceTree = "<group>";
		};
		EAA2EC6826E2064D00B4FACF /* Frameworks */ = {
			isa = PBXGroup;
			children = (
			);
			name = Frameworks;
			sourceTree = "<group>";
		};
		EAACB08B2947C4040050E002 /* Route */ = {
			isa = PBXGroup;
			children = (
				EAE471A526CBA664009FB0EC /* ChooseRouteScreen.swift */,
				EAACB08C2947C83A0050E002 /* CustomChooseRouteScreen.swift */,
			);
			path = Route;
			sourceTree = "<group>";
		};
		EAB165A527E35C0C003DF79D /* Custom Substance */ = {
			isa = PBXGroup;
			children = (
				EAB165A127E35883003DF79D /* EditCustomSubstanceView.swift */,
				EAB165A327E35BE0003DF79D /* AddCustomSubstanceView.swift */,
				EAB165A627E35C29003DF79D /* AddCustomSubstance-ViewModel.swift */,
			);
			path = "Custom Substance";
			sourceTree = "<group>";
		};
		EABD91FE294108100073303A /* Timeline */ = {
			isa = PBXGroup;
			children = (
				EABD92072941EA1A0073303A /* Drawables */,
				EABD91FC294105830073303A /* TimelineModel.swift */,
				EABD92012941C3A30073303A /* IngestionDrawable.swift */,
				EABD91FF2941C3740073303A /* AxisDrawable.swift */,
			);
			path = Timeline;
			sourceTree = "<group>";
		};
		EABD92072941EA1A0073303A /* Drawables */ = {
			isa = PBXGroup;
			children = (
				EABD92032941C3C30073303A /* FullTimeline.swift */,
				EA0CAAAE295473C900095A33 /* GraphicsContext-DrawDot.swift */,
				EABD92082941EA4B0073303A /* TotalTimeline.swift */,
				EABD920C294202680073303A /* StrokeStyle-Timeline.swift */,
				EABD921429421CE60073303A /* OnsetComeupTimeline.swift */,
				EABD92102942131E0073303A /* OnsetComeupPeakTotalTimeline.swift */,
				EABD9212294215FB0073303A /* OnsetTimeline.swift */,
				EABD921629421E960073303A /* OnsetComeupPeakTimeline.swift */,
				EABD92052941C4080073303A /* TimelineDrawable.swift */,
				EABD920E294203E70073303A /* OnsetComeupTotalTimeline.swift */,
				EABD920A2941FB160073303A /* OnsetTotalTimeline.swift */,
				EABD921829422C580073303A /* NoTimeline.swift */,
			);
			path = Drawables;
			sourceTree = "<group>";
		};
		EABD921A294276AA0073303A /* Section Screens */ = {
			isa = PBXGroup;
			children = (
				EABD921B294276DC0073303A /* SummaryScreen.swift */,
				EABD921F29427A9C0073303A /* DosesScreen.swift */,
				EA8447E627CD175000B10DD3 /* DoseRow.swift */,
				EABD921D294278240073303A /* CategoryScreen.swift */,
				EA527A8329427E61009C142D /* ToleranceScreen.swift */,
				EA527A8529427F56009C142D /* ToxicityScreen.swift */,
				EA527A8729428011009C142D /* DurationScreen.swift */,
				EA527A9329428CD8009C142D /* EffectTimeline.swift */,
				EA8447EA27CD276300B10DD3 /* OneRoaDurationRow.swift */,
				EA527A8929428146009C142D /* InteractionsScreen.swift */,
				EA014F9D27E5F5F200077FB2 /* RowLabelView.swift */,
				EA527A8B294288D6009C142D /* EffectScreen.swift */,
				EA527A8D2942896B009C142D /* RiskScreen.swift */,
				EA527A8F29428A6C009C142D /* SaferUseScreen.swift */,
				EA527A9129428B02009C142D /* AddictionScreen.swift */,
			);
			path = "Section Screens";
			sourceTree = "<group>";
		};
		EABDA72C28881B0000A23DB3 /* StatsTab */ = {
			isa = PBXGroup;
			children = (
				EABDA72D28881B4800A23DB3 /* StatsTab.swift */,
			);
			path = StatsTab;
			sourceTree = "<group>";
		};
		EACB0C1C293FA48B00C605E2 /* Settings */ = {
			isa = PBXGroup;
			children = (
				EA460D202763790C002EF80B /* FAQ */,
				EAE4712B26CBA663009FB0EC /* SettingsScreen.swift */,
				EAB165C627E4ED86003DF79D /* ShareButton.swift */,
				EAB165C827E4EDC7003DF79D /* RateInAppStoreButton.swift */,
			);
			path = Settings;
			sourceTree = "<group>";
		};
		EACB6E3B27D09C8800940291 /* JournalTests */ = {
			isa = PBXGroup;
			children = (
				EACB6E5127D2592800940291 /* FileTests.swift */,
				EACB6E5627D3483900940291 /* RegexTests.swift */,
				EACB6E9B27D77A6C00940291 /* NearestHourTests.swift */,
			);
			path = JournalTests;
			sourceTree = "<group>";
		};
		EAE470FA26CBA57F009FB0EC = {
			isa = PBXGroup;
			children = (
				EAE4710526CBA57F009FB0EC /* PsychonautWiki Journal */,
				EACB6E3B27D09C8800940291 /* JournalTests */,
				EAE4710426CBA57F009FB0EC /* Products */,
				EAA2EC6826E2064D00B4FACF /* Frameworks */,
			);
			sourceTree = "<group>";
		};
		EAE4710426CBA57F009FB0EC /* Products */ = {
			isa = PBXGroup;
			children = (
				EAE4710326CBA57F009FB0EC /* Journal.app */,
				EACB6E3A27D09C8800940291 /* JournalTests.xctest */,
			);
			name = Products;
			sourceTree = "<group>";
		};
		EAE4710526CBA57F009FB0EC /* PsychonautWiki Journal */ = {
			isa = PBXGroup;
			children = (
				EAF76CA727D90CE500945587 /* Enums */,
				EAE4715B26CBA664009FB0EC /* Extensions */,
				EAE4715E26CBA664009FB0EC /* CoreDataHelpers */,
				EAE4716E26CBA664009FB0EC /* Decoding */,
				EAE471AC26CBA664009FB0EC /* Reused Styles */,
				EAE4711B26CBA663009FB0EC /* Welcome Screen */,
				EAE471A326CBA664009FB0EC /* Add Ingestion */,
				EAE4718726CBA664009FB0EC /* ExperiencesTab */,
				EABDA72C28881B0000A23DB3 /* StatsTab */,
				EA47E66E27CB475100F6E10F /* SearchTab */,
				EAE4712A26CBA663009FB0EC /* SaferTab */,
				EA8AEA6F27E1CC3A00B30A16 /* Main */,
				EAE4715626CBA664009FB0EC /* Main.xcdatamodeld */,
				EAE4718026CBA664009FB0EC /* Persistence.swift */,
				EAE4723426CC42F7009FB0EC /* substances.json */,
				EAC23793276750C500109622 /* Global Functions.swift */,
				EAE4712726CBA663009FB0EC /* Assets.xcassets */,
				EAF5D366270B3A6E00E78909 /* PsychonautWiki Journal.entitlements */,
				EAE4715926CBA664009FB0EC /* Info.plist */,
			);
			path = "PsychonautWiki Journal";
			sourceTree = "<group>";
		};
		EAE4711B26CBA663009FB0EC /* Welcome Screen */ = {
			isa = PBXGroup;
			children = (
				EAE4711D26CBA663009FB0EC /* WelcomeScreen.swift */,
				EAE4712226CBA663009FB0EC /* Feature.swift */,
			);
			path = "Welcome Screen";
			sourceTree = "<group>";
		};
		EAE4712A26CBA663009FB0EC /* SaferTab */ = {
			isa = PBXGroup;
			children = (
				EACB0C1C293FA48B00C605E2 /* Settings */,
				EACB0C1D293FA4F500C605E2 /* SaferTab.swift */,
				EAC25BFC2955F23A0002D68F /* ReagentTestingScreen.swift */,
				EAC25BFA2955EC900002D68F /* TestingServicesScreen.swift */,
			);
			path = SaferTab;
			sourceTree = "<group>";
		};
		EAE4715B26CBA664009FB0EC /* Extensions */ = {
			isa = PBXGroup;
			children = (
				EAE4715C26CBA664009FB0EC /* Sequence-Uniqued.swift */,
				EAB165B127E49ACC003DF79D /* Notification-EyeName.swift */,
				EAE4716B26CBA664009FB0EC /* Double-Rounded.swift */,
				EACB6E9627D7620800940291 /* Double-Ratio.swift */,
				EAE4717A26CBA664009FB0EC /* View-HideKeyboard.swift */,
				EAE4717D26CBA664009FB0EC /* Date-String.swift */,
				EA48B9A626E80F21003BF667 /* Angle.swift */,
				EAB2EDDF26EEA0D60020C554 /* Collection-Safe.swift */,
				EA8447E827CD22D300B10DD3 /* Text-LinearGradient.swift */,
				EACB6DFB27CDE1F200940291 /* String-Optional.swift */,
				EACB6E1E27CFD57D00940291 /* String-EqualMeaning.swift */,
				EACB6E5327D3473600940291 /* String-Regex.swift */,
				EACB6E5827D3491C00940291 /* NSRegularExpression-isMatch.swift */,
				EA095A1327DA2BBC007D44D6 /* UIApplication-CurrentWindow.swift */,
			);
			path = Extensions;
			sourceTree = "<group>";
		};
		EAE4715E26CBA664009FB0EC /* CoreDataHelpers */ = {
			isa = PBXGroup;
			children = (
				EAE4716526CBA664009FB0EC /* Experience-CoreDataHelpers.swift */,
				EAE4716726CBA664009FB0EC /* Ingestion-CoreDataHelpers.swift */,
				EAB1659D27E34AD5003DF79D /* CustomSubstance-CoreDataHelpers.swift */,
				EABDA72A2887ECFB00A23DB3 /* SubstanceCompanion-CoreDataHelpers.swift */,
				EAF76CA827D90CF900945587 /* SubstanceColor.swift */,
			);
			path = CoreDataHelpers;
			sourceTree = "<group>";
		};
		EAE4716E26CBA664009FB0EC /* Decoding */ = {
			isa = PBXGroup;
			children = (
				EA47E63527CA136C00F6E10F /* SubstanceRepo.swift */,
				EA47E63D27CA136C00F6E10F /* Substance.swift */,
				EACB0C1F293FED5500C605E2 /* Interactions.swift */,
				EACB0C18293F9BCE00C605E2 /* SubstanceFile.swift */,
				EACB0C1A293F9C0100C605E2 /* Category.swift */,
				EA47E63727CA136C00F6E10F /* Tolerance.swift */,
				EA47E64127CA136C00F6E10F /* Roa.swift */,
				EA47E63927CA136C00F6E10F /* RoaDuration.swift */,
				EA47E63B27CA136C00F6E10F /* RoaDose.swift */,
				EA47E63F27CA136C00F6E10F /* RoaRange.swift */,
				EA47E64327CA136C00F6E10F /* DurationRange.swift */,
			);
			path = Decoding;
			sourceTree = "<group>";
		};
		EAE4718726CBA664009FB0EC /* ExperiencesTab */ = {
			isa = PBXGroup;
			children = (
				EAE4718826CBA664009FB0EC /* Experience */,
				EAE471AA26CBA664009FB0EC /* ExperiencesTab.swift */,
				EAF76CA327D8F72700945587 /* ExperiencesList.swift */,
				EACB6E6727D501E900940291 /* ExperiencesTab-ViewModel.swift */,
				EAE471AB26CBA664009FB0EC /* ExperienceRow.swift */,
			);
			path = ExperiencesTab;
			sourceTree = "<group>";
		};
		EAE4718826CBA664009FB0EC /* Experience */ = {
			isa = PBXGroup;
			children = (
				EAE4718B26CBA664009FB0EC /* ExperienceScreen.swift */,
				EA557B382942A1A2005740B4 /* EditExperienceScreen.swift */,
				EA50E4E3294B70A400B8D1FC /* EditIngestionScreen.swift */,
				EAE471A026CBA664009FB0EC /* DosePicker.swift */,
				EA81E0C929508C7E00475DE3 /* CumulativeDoseRow.swift */,
				EAE4718926CBA664009FB0EC /* IngestionRowContent.swift */,
			);
			path = Experience;
			sourceTree = "<group>";
		};
		EAE471A326CBA664009FB0EC /* Add Ingestion */ = {
			isa = PBXGroup;
			children = (
				EA891BB827DF9F3B00AF04C6 /* Choose Substance */,
				EA095A1227D9E400007D44D6 /* Interactions */,
				EAACB08B2947C4040050E002 /* Route */,
				EA095A1027D9E3D0007D44D6 /* Dose */,
				EA095A1127D9E3E8007D44D6 /* Time and Color */,
				EAF76CA527D9081C00945587 /* InteractionAlertView.swift */,
				EAB165AD27E36D29003DF79D /* EmptySectionForPadding.swift */,
			);
			path = "Add Ingestion";
			sourceTree = "<group>";
		};
		EAE471AC26CBA664009FB0EC /* Reused Styles */ = {
			isa = PBXGroup;
			children = (
				EAE471AD26CBA664009FB0EC /* PrimaryButtonStyle.swift */,
				EAE471AE26CBA664009FB0EC /* PrimaryButtonTextStyle.swift */,
			);
			path = "Reused Styles";
			sourceTree = "<group>";
		};
		EAF76CA727D90CE500945587 /* Enums */ = {
			isa = PBXGroup;
			children = (
				EAF76C9C27D8B10500945587 /* InteractionType.swift */,
				EAF76CAB27D90F6A00945587 /* AdministrationRoute.swift */,
				EA8AEA8027E2154D00B30A16 /* DoseRangeType.swift */,
				EA014FAF27EC6E0400077FB2 /* UnitPickerOptions.swift */,
			);
			path = Enums;
			sourceTree = "<group>";
		};
/* End PBXGroup section */

/* Begin PBXNativeTarget section */
		EACB6E3927D09C8800940291 /* JournalTests */ = {
			isa = PBXNativeTarget;
			buildConfigurationList = EACB6E4027D09C8800940291 /* Build configuration list for PBXNativeTarget "JournalTests" */;
			buildPhases = (
				EACB6E3627D09C8800940291 /* Sources */,
				EACB6E3727D09C8800940291 /* Frameworks */,
				EACB6E3827D09C8800940291 /* Resources */,
			);
			buildRules = (
			);
			dependencies = (
				EACB6E3F27D09C8800940291 /* PBXTargetDependency */,
			);
			name = JournalTests;
			productName = JournalTests;
			productReference = EACB6E3A27D09C8800940291 /* JournalTests.xctest */;
			productType = "com.apple.product-type.bundle.unit-test";
		};
		EAE4710226CBA57F009FB0EC /* PsychonautWiki Journal */ = {
			isa = PBXNativeTarget;
			buildConfigurationList = EAE4711726CBA582009FB0EC /* Build configuration list for PBXNativeTarget "PsychonautWiki Journal" */;
			buildPhases = (
				EAE470FF26CBA57F009FB0EC /* Sources */,
				EAE4710026CBA57F009FB0EC /* Frameworks */,
				EAE4722B26CBAE31009FB0EC /* Resources */,
				EA4910C826DFB4E1001A5316 /* Embed Watch Content */,
			);
			buildRules = (
			);
			dependencies = (
			);
			name = "PsychonautWiki Journal";
			packageProductDependencies = (
				EAF76C9827D899E700945587 /* AlertToast */,
				EAF76C9F27D8B72900945587 /* Algorithms */,
				EACB0C2429408E1000C605E2 /* WrappingHStack */,
			);
			productName = "PsychonautWiki Journal";
			productReference = EAE4710326CBA57F009FB0EC /* Journal.app */;
			productType = "com.apple.product-type.application";
		};
/* End PBXNativeTarget section */

/* Begin PBXProject section */
		EAE470FB26CBA57F009FB0EC /* Project object */ = {
			isa = PBXProject;
			attributes = {
				LastSwiftUpdateCheck = 1320;
				LastUpgradeCheck = 1250;
				TargetAttributes = {
					EACB6E3927D09C8800940291 = {
						CreatedOnToolsVersion = 13.2.1;
						TestTargetID = EAE4710226CBA57F009FB0EC;
					};
					EAE4710226CBA57F009FB0EC = {
						CreatedOnToolsVersion = 12.5.1;
					};
				};
			};
			buildConfigurationList = EAE470FE26CBA57F009FB0EC /* Build configuration list for PBXProject "PsychonautWiki Journal" */;
			compatibilityVersion = "Xcode 9.3";
			developmentRegion = en;
			hasScannedForEncodings = 0;
			knownRegions = (
				en,
				Base,
			);
			mainGroup = EAE470FA26CBA57F009FB0EC;
			packageReferences = (
				EAF76C9727D899E700945587 /* XCRemoteSwiftPackageReference "AlertToast" */,
				EAF76C9E27D8B72900945587 /* XCRemoteSwiftPackageReference "swift-algorithms" */,
				EACB0C2329408E1000C605E2 /* XCRemoteSwiftPackageReference "WrappingHStack" */,
			);
			productRefGroup = EAE4710426CBA57F009FB0EC /* Products */;
			projectDirPath = "";
			projectRoot = "";
			targets = (
				EAE4710226CBA57F009FB0EC /* PsychonautWiki Journal */,
				EACB6E3927D09C8800940291 /* JournalTests */,
			);
		};
/* End PBXProject section */

/* Begin PBXResourcesBuildPhase section */
		EACB6E3827D09C8800940291 /* Resources */ = {
			isa = PBXResourcesBuildPhase;
			buildActionMask = 2147483647;
			files = (
			);
			runOnlyForDeploymentPostprocessing = 0;
		};
		EAE4722B26CBAE31009FB0EC /* Resources */ = {
			isa = PBXResourcesBuildPhase;
			buildActionMask = 2147483647;
			files = (
				EAE4722E26CBAE5B009FB0EC /* Assets.xcassets in Resources */,
				EAE4723526CC42F7009FB0EC /* substances.json in Resources */,
			);
			runOnlyForDeploymentPostprocessing = 0;
		};
/* End PBXResourcesBuildPhase section */

/* Begin PBXSourcesBuildPhase section */
		EACB6E3627D09C8800940291 /* Sources */ = {
			isa = PBXSourcesBuildPhase;
			buildActionMask = 2147483647;
			files = (
				EACB6E5227D2592800940291 /* FileTests.swift in Sources */,
				EACB6E9C27D77A6C00940291 /* NearestHourTests.swift in Sources */,
				EACB6E5727D3483900940291 /* RegexTests.swift in Sources */,
			);
			runOnlyForDeploymentPostprocessing = 0;
		};
		EAE470FF26CBA57F009FB0EC /* Sources */ = {
			isa = PBXSourcesBuildPhase;
			buildActionMask = 2147483647;
			files = (
				EABD921C294276DC0073303A /* SummaryScreen.swift in Sources */,
				EA527A9029428A6C009C142D /* SaferUseScreen.swift in Sources */,
				EA50E4E4294B70A400B8D1FC /* EditIngestionScreen.swift in Sources */,
				EAACB08D2947C83A0050E002 /* CustomChooseRouteScreen.swift in Sources */,
				EA527A8A29428146009C142D /* InteractionsScreen.swift in Sources */,
				EABDA72B2887ECFB00A23DB3 /* SubstanceCompanion-CoreDataHelpers.swift in Sources */,
				EAB165A727E35C29003DF79D /* AddCustomSubstance-ViewModel.swift in Sources */,
				EA81E0CA29508C7E00475DE3 /* CumulativeDoseRow.swift in Sources */,
				EABD920D294202680073303A /* StrokeStyle-Timeline.swift in Sources */,
				EABD92062941C4080073303A /* TimelineDrawable.swift in Sources */,
				EA47E67327CB490300F6E10F /* AllTabs.swift in Sources */,
				EABD920B2941FB160073303A /* OnsetTotalTimeline.swift in Sources */,
				EAB165AE27E36D29003DF79D /* EmptySectionForPadding.swift in Sources */,
				EABD921529421CE60073303A /* OnsetComeupTimeline.swift in Sources */,
				EAC23794276750C500109622 /* Global Functions.swift in Sources */,
				EAE471E126CBA664009FB0EC /* Sequence-Uniqued.swift in Sources */,
				EA47E65927CA136C00F6E10F /* RoaRange.swift in Sources */,
				EAF76CA927D90CF900945587 /* SubstanceColor.swift in Sources */,
				EABD92042941C3C30073303A /* FullTimeline.swift in Sources */,
				EACB6E7B27D6456400940291 /* SearchList.swift in Sources */,
				EAF76C9427D7AEEA00945587 /* ChooseTimeAndColor-ViewModel.swift in Sources */,
				EABD921E294278240073303A /* CategoryScreen.swift in Sources */,
				EA47E64527CA136C00F6E10F /* SubstanceRepo.swift in Sources */,
				EAE4722326CBA664009FB0EC /* ChooseDoseScreen.swift in Sources */,
				EA527A9229428B02009C142D /* AddictionScreen.swift in Sources */,
				EA8AEA8127E2154D00B30A16 /* DoseRangeType.swift in Sources */,
				EAE4710726CBA57F009FB0EC /* PsychonautWiki_JournalApp.swift in Sources */,
				EABD92092941EA4B0073303A /* TotalTimeline.swift in Sources */,
				EAB2EDF026F0E8CA0020C554 /* Collection-Safe.swift in Sources */,
				EA014FB027EC6E0400077FB2 /* UnitPickerOptions.swift in Sources */,
				EA47E65D27CA136C00F6E10F /* Roa.swift in Sources */,
				EAE471B626CBA664009FB0EC /* Feature.swift in Sources */,
				EAE4720326CBA664009FB0EC /* Persistence.swift in Sources */,
				EAE4722026CBA664009FB0EC /* ChooseRouteScreen.swift in Sources */,
				EA47E66127CA136C00F6E10F /* DurationRange.swift in Sources */,
				EA095A1427DA2BBC007D44D6 /* UIApplication-CurrentWindow.swift in Sources */,
				EAACB0952949A6FC0050E002 /* ChooseSubstanceContent.swift in Sources */,
				EABD92022941C3A30073303A /* IngestionDrawable.swift in Sources */,
				EAE4722526CBA664009FB0EC /* ExperiencesTab.swift in Sources */,
				EA014FA427EA1AD300077FB2 /* ToastViewModel.swift in Sources */,
				EAE471FD26CBA664009FB0EC /* View-HideKeyboard.swift in Sources */,
				EA47E65527CA136C00F6E10F /* Substance.swift in Sources */,
				EA527A9429428CD8009C142D /* EffectTimeline.swift in Sources */,
				EA1DE59C2949C43D00FEE975 /* SuggestionBox.swift in Sources */,
				EABD92002941C3740073303A /* AxisDrawable.swift in Sources */,
				EA460D2427637964002EF80B /* QuestionAndAnswer.swift in Sources */,
				EAB165A227E35883003DF79D /* EditCustomSubstanceView.swift in Sources */,
				EAE4722826CBA664009FB0EC /* PrimaryButtonTextStyle.swift in Sources */,
				EAC25BFB2955EC900002D68F /* TestingServicesScreen.swift in Sources */,
				EA47E64927CA136C00F6E10F /* Tolerance.swift in Sources */,
				EA527A8629427F56009C142D /* ToxicityScreen.swift in Sources */,
				EAE471EF26CBA664009FB0EC /* Double-Rounded.swift in Sources */,
				EA47E65127CA136C00F6E10F /* RoaDose.swift in Sources */,
				EA557B392942A1A2005740B4 /* EditExperienceScreen.swift in Sources */,
				EAC25BFD2955F23A0002D68F /* ReagentTestingScreen.swift in Sources */,
				EAE471BE26CBA664009FB0EC /* SettingsScreen.swift in Sources */,
				EAF76C9027D7A5A000945587 /* AcknowledgeInteractionsView.swift in Sources */,
				EAB1659E27E34AD5003DF79D /* CustomSubstance-CoreDataHelpers.swift in Sources */,
				EABD922029427A9C0073303A /* DosesScreen.swift in Sources */,
				EA014F9E27E5F5F200077FB2 /* RowLabelView.swift in Sources */,
				EAB165C727E4ED86003DF79D /* ShareButton.swift in Sources */,
				EAE4720026CBA664009FB0EC /* Date-String.swift in Sources */,
				EAE4720B26CBA664009FB0EC /* ExperienceScreen.swift in Sources */,
				EACB6E9727D7620800940291 /* Double-Ratio.swift in Sources */,
				EAE4720926CBA664009FB0EC /* IngestionRowContent.swift in Sources */,
				EAF76CA427D8F72700945587 /* ExperiencesList.swift in Sources */,
				EACB6E1F27CFD57D00940291 /* String-EqualMeaning.swift in Sources */,
				EA47E64D27CA136C00F6E10F /* RoaDuration.swift in Sources */,
				EA014F9A27E5E72000077FB2 /* WebViewScreen.swift in Sources */,
				EACB0C19293F9BCE00C605E2 /* SubstanceFile.swift in Sources */,
				EAACB08F2947C8FB0050E002 /* CustomChooseDoseScreen.swift in Sources */,
				EACB6E5427D3473600940291 /* String-Regex.swift in Sources */,
				EAE4722126CBA664009FB0EC /* ChooseTimeAndColor.swift in Sources */,
				EAF76C9B27D8ACDF00945587 /* AcknowledgeInteractions-ViewModel.swift in Sources */,
				EABD921729421E960073303A /* OnsetComeupPeakTimeline.swift in Sources */,
				EA8447E427CD14AD00B10DD3 /* SubstanceView.swift in Sources */,
				EABD92112942131E0073303A /* OnsetComeupPeakTotalTimeline.swift in Sources */,
				EA47E67027CB477000F6E10F /* SearchTab.swift in Sources */,
				EAF76CAC27D90F6A00945587 /* AdministrationRoute.swift in Sources */,
				EAB1659527E302BC003DF79D /* ColorPicker.swift in Sources */,
				EA0CAAAF295473C900095A33 /* GraphicsContext-DrawDot.swift in Sources */,
				EAB165A427E35BE0003DF79D /* AddCustomSubstanceView.swift in Sources */,
				EA8447E727CD175000B10DD3 /* DoseRow.swift in Sources */,
				EACB0C20293FED5500C605E2 /* Interactions.swift in Sources */,
				EACB6E6827D501E900940291 /* ExperiencesTab-ViewModel.swift in Sources */,
				EA1DE5A22949D10100FEE975 /* ChooseSubstance-ViewModel.swift in Sources */,
				EAF76CA627D9081C00945587 /* InteractionAlertView.swift in Sources */,
				EA527A8E2942896B009C142D /* RiskScreen.swift in Sources */,
				EABD9213294215FB0073303A /* OnsetTimeline.swift in Sources */,
				EA527A8429427E61009C142D /* ToleranceScreen.swift in Sources */,
				EACB6E7927D63F6C00940291 /* RecentSubstancesViewModel.swift in Sources */,
				EA095A0F27D9DCAE007D44D6 /* UnitsPicker.swift in Sources */,
				EACB0C222940888600C605E2 /* SearchSubstanceRow.swift in Sources */,
				EAE4722226CBA664009FB0EC /* ChooseSubstanceScreen.swift in Sources */,
				EAF76C9D27D8B10500945587 /* InteractionType.swift in Sources */,
				EA527A8829428011009C142D /* DurationScreen.swift in Sources */,
				EABD920F294203E70073303A /* OnsetComeupTotalTimeline.swift in Sources */,
				EAB165B227E49ACC003DF79D /* Notification-EyeName.swift in Sources */,
				EA9AE85E27CB89ED00D4D468 /* SearchViewModel.swift in Sources */,
				EAE471BD26CBA664009FB0EC /* ContentView.swift in Sources */,
				EACB0C1E293FA4F500C605E2 /* SaferTab.swift in Sources */,
				EAE471EB26CBA664009FB0EC /* Ingestion-CoreDataHelpers.swift in Sources */,
				EA8447EB27CD276300B10DD3 /* OneRoaDurationRow.swift in Sources */,
				EAB165C927E4EDC7003DF79D /* RateInAppStoreButton.swift in Sources */,
				EA8447E927CD22D300B10DD3 /* Text-LinearGradient.swift in Sources */,
				EA1DE59E2949CB5800FEE975 /* SubstanceBox.swift in Sources */,
				EABD921929422C580073303A /* NoTimeline.swift in Sources */,
				EA1DE5A02949CEFD00FEE975 /* CustomSubstanceBox.swift in Sources */,
				EACB0C1B293F9C0100C605E2 /* Category.swift in Sources */,
				EAF76CC027D9568D00945587 /* ChooseDose-ViewModel.swift in Sources */,
				EAE4722726CBA664009FB0EC /* PrimaryButtonStyle.swift in Sources */,
				EAE4722626CBA664009FB0EC /* ExperienceRow.swift in Sources */,
				EACB6DFC27CDE1F200940291 /* String-Optional.swift in Sources */,
				EAF76CBE27D91F5500945587 /* Content-ViewModel.swift in Sources */,
				EABD91FD294105830073303A /* TimelineModel.swift in Sources */,
				EABDA72E28881B4800A23DB3 /* StatsTab.swift in Sources */,
				EAE471B226CBA664009FB0EC /* WelcomeScreen.swift in Sources */,
				EAE471DE26CBA664009FB0EC /* Main.xcdatamodeld in Sources */,
				EA527A8C294288D6009C142D /* EffectScreen.swift in Sources */,
				EAE4721C26CBA664009FB0EC /* DosePicker.swift in Sources */,
				EAE471E926CBA664009FB0EC /* Experience-CoreDataHelpers.swift in Sources */,
				EA460D1F2762CA8B002EF80B /* FAQView.swift in Sources */,
				EA1DE5A42949DE8A00FEE975 /* SuggestionsCreator.swift in Sources */,
				EACB6E5927D3491C00940291 /* NSRegularExpression-isMatch.swift in Sources */,
				EA014F9527E5DB5200077FB2 /* WebViewRepresentable.swift in Sources */,
			);
			runOnlyForDeploymentPostprocessing = 0;
		};
/* End PBXSourcesBuildPhase section */

/* Begin PBXTargetDependency section */
		EACB6E3F27D09C8800940291 /* PBXTargetDependency */ = {
			isa = PBXTargetDependency;
			target = EAE4710226CBA57F009FB0EC /* PsychonautWiki Journal */;
			targetProxy = EACB6E3E27D09C8800940291 /* PBXContainerItemProxy */;
		};
/* End PBXTargetDependency section */

/* Begin XCBuildConfiguration section */
		EACB6E4127D09C8800940291 /* Debug */ = {
			isa = XCBuildConfiguration;
			buildSettings = {
				BUNDLE_LOADER = "$(TEST_HOST)";
				CLANG_CXX_LANGUAGE_STANDARD = "gnu++17";
				CODE_SIGN_STYLE = Automatic;
				CURRENT_PROJECT_VERSION = 1;
				DEVELOPMENT_TEAM = 6S7AHDRUD6;
				GENERATE_INFOPLIST_FILE = YES;
				IPHONEOS_DEPLOYMENT_TARGET = 15.2;
				MARKETING_VERSION = 1.0;
				PRODUCT_BUNDLE_IDENTIFIER = isaak.JournalTests;
				PRODUCT_NAME = "$(TARGET_NAME)";
				SWIFT_EMIT_LOC_STRINGS = NO;
				SWIFT_VERSION = 5.0;
				TARGETED_DEVICE_FAMILY = "1,2";
				TEST_HOST = "$(BUILT_PRODUCTS_DIR)/Journal.app/Journal";
			};
			name = Debug;
		};
		EACB6E4227D09C8800940291 /* Release */ = {
			isa = XCBuildConfiguration;
			buildSettings = {
				BUNDLE_LOADER = "$(TEST_HOST)";
				CLANG_CXX_LANGUAGE_STANDARD = "gnu++17";
				CODE_SIGN_STYLE = Automatic;
				CURRENT_PROJECT_VERSION = 1;
				DEVELOPMENT_TEAM = 6S7AHDRUD6;
				GENERATE_INFOPLIST_FILE = YES;
				IPHONEOS_DEPLOYMENT_TARGET = 15.2;
				MARKETING_VERSION = 1.0;
				PRODUCT_BUNDLE_IDENTIFIER = isaak.JournalTests;
				PRODUCT_NAME = "$(TARGET_NAME)";
				SWIFT_EMIT_LOC_STRINGS = NO;
				SWIFT_VERSION = 5.0;
				TARGETED_DEVICE_FAMILY = "1,2";
				TEST_HOST = "$(BUILT_PRODUCTS_DIR)/Journal.app/Journal";
			};
			name = Release;
		};
		EAE4711526CBA582009FB0EC /* Debug */ = {
			isa = XCBuildConfiguration;
			buildSettings = {
				ALWAYS_SEARCH_USER_PATHS = NO;
				CLANG_ANALYZER_NONNULL = YES;
				CLANG_ANALYZER_NUMBER_OBJECT_CONVERSION = YES_AGGRESSIVE;
				CLANG_CXX_LANGUAGE_STANDARD = "gnu++14";
				CLANG_CXX_LIBRARY = "libc++";
				CLANG_ENABLE_MODULES = YES;
				CLANG_ENABLE_OBJC_ARC = YES;
				CLANG_ENABLE_OBJC_WEAK = YES;
				CLANG_WARN_BLOCK_CAPTURE_AUTORELEASING = YES;
				CLANG_WARN_BOOL_CONVERSION = YES;
				CLANG_WARN_COMMA = YES;
				CLANG_WARN_CONSTANT_CONVERSION = YES;
				CLANG_WARN_DEPRECATED_OBJC_IMPLEMENTATIONS = YES;
				CLANG_WARN_DIRECT_OBJC_ISA_USAGE = YES_ERROR;
				CLANG_WARN_DOCUMENTATION_COMMENTS = YES;
				CLANG_WARN_EMPTY_BODY = YES;
				CLANG_WARN_ENUM_CONVERSION = YES;
				CLANG_WARN_INFINITE_RECURSION = YES;
				CLANG_WARN_INT_CONVERSION = YES;
				CLANG_WARN_NON_LITERAL_NULL_CONVERSION = YES;
				CLANG_WARN_OBJC_IMPLICIT_RETAIN_SELF = YES;
				CLANG_WARN_OBJC_LITERAL_CONVERSION = YES;
				CLANG_WARN_OBJC_ROOT_CLASS = YES_ERROR;
				CLANG_WARN_QUOTED_INCLUDE_IN_FRAMEWORK_HEADER = YES;
				CLANG_WARN_RANGE_LOOP_ANALYSIS = YES;
				CLANG_WARN_STRICT_PROTOTYPES = YES;
				CLANG_WARN_SUSPICIOUS_MOVE = YES;
				CLANG_WARN_UNGUARDED_AVAILABILITY = YES_AGGRESSIVE;
				CLANG_WARN_UNREACHABLE_CODE = YES;
				CLANG_WARN__DUPLICATE_METHOD_MATCH = YES;
				COPY_PHASE_STRIP = NO;
				DEBUG_INFORMATION_FORMAT = dwarf;
				ENABLE_STRICT_OBJC_MSGSEND = YES;
				ENABLE_TESTABILITY = YES;
				GCC_C_LANGUAGE_STANDARD = gnu11;
				GCC_DYNAMIC_NO_PIC = NO;
				GCC_NO_COMMON_BLOCKS = YES;
				GCC_OPTIMIZATION_LEVEL = 0;
				GCC_PREPROCESSOR_DEFINITIONS = (
					"DEBUG=1",
					"$(inherited)",
				);
				GCC_WARN_64_TO_32_BIT_CONVERSION = YES;
				GCC_WARN_ABOUT_RETURN_TYPE = YES_ERROR;
				GCC_WARN_UNDECLARED_SELECTOR = YES;
				GCC_WARN_UNINITIALIZED_AUTOS = YES_AGGRESSIVE;
				GCC_WARN_UNUSED_FUNCTION = YES;
				GCC_WARN_UNUSED_VARIABLE = YES;
				IPHONEOS_DEPLOYMENT_TARGET = 15.0;
				MTL_ENABLE_DEBUG_INFO = INCLUDE_SOURCE;
				MTL_FAST_MATH = YES;
				ONLY_ACTIVE_ARCH = YES;
				SDKROOT = iphoneos;
				SWIFT_ACTIVE_COMPILATION_CONDITIONS = DEBUG;
				SWIFT_OPTIMIZATION_LEVEL = "-Onone";
			};
			name = Debug;
		};
		EAE4711626CBA582009FB0EC /* Release */ = {
			isa = XCBuildConfiguration;
			buildSettings = {
				ALWAYS_SEARCH_USER_PATHS = NO;
				CLANG_ANALYZER_NONNULL = YES;
				CLANG_ANALYZER_NUMBER_OBJECT_CONVERSION = YES_AGGRESSIVE;
				CLANG_CXX_LANGUAGE_STANDARD = "gnu++14";
				CLANG_CXX_LIBRARY = "libc++";
				CLANG_ENABLE_MODULES = YES;
				CLANG_ENABLE_OBJC_ARC = YES;
				CLANG_ENABLE_OBJC_WEAK = YES;
				CLANG_WARN_BLOCK_CAPTURE_AUTORELEASING = YES;
				CLANG_WARN_BOOL_CONVERSION = YES;
				CLANG_WARN_COMMA = YES;
				CLANG_WARN_CONSTANT_CONVERSION = YES;
				CLANG_WARN_DEPRECATED_OBJC_IMPLEMENTATIONS = YES;
				CLANG_WARN_DIRECT_OBJC_ISA_USAGE = YES_ERROR;
				CLANG_WARN_DOCUMENTATION_COMMENTS = YES;
				CLANG_WARN_EMPTY_BODY = YES;
				CLANG_WARN_ENUM_CONVERSION = YES;
				CLANG_WARN_INFINITE_RECURSION = YES;
				CLANG_WARN_INT_CONVERSION = YES;
				CLANG_WARN_NON_LITERAL_NULL_CONVERSION = YES;
				CLANG_WARN_OBJC_IMPLICIT_RETAIN_SELF = YES;
				CLANG_WARN_OBJC_LITERAL_CONVERSION = YES;
				CLANG_WARN_OBJC_ROOT_CLASS = YES_ERROR;
				CLANG_WARN_QUOTED_INCLUDE_IN_FRAMEWORK_HEADER = YES;
				CLANG_WARN_RANGE_LOOP_ANALYSIS = YES;
				CLANG_WARN_STRICT_PROTOTYPES = YES;
				CLANG_WARN_SUSPICIOUS_MOVE = YES;
				CLANG_WARN_UNGUARDED_AVAILABILITY = YES_AGGRESSIVE;
				CLANG_WARN_UNREACHABLE_CODE = YES;
				CLANG_WARN__DUPLICATE_METHOD_MATCH = YES;
				COPY_PHASE_STRIP = NO;
				DEBUG_INFORMATION_FORMAT = "dwarf-with-dsym";
				ENABLE_NS_ASSERTIONS = NO;
				ENABLE_STRICT_OBJC_MSGSEND = YES;
				GCC_C_LANGUAGE_STANDARD = gnu11;
				GCC_NO_COMMON_BLOCKS = YES;
				GCC_WARN_64_TO_32_BIT_CONVERSION = YES;
				GCC_WARN_ABOUT_RETURN_TYPE = YES_ERROR;
				GCC_WARN_UNDECLARED_SELECTOR = YES;
				GCC_WARN_UNINITIALIZED_AUTOS = YES_AGGRESSIVE;
				GCC_WARN_UNUSED_FUNCTION = YES;
				GCC_WARN_UNUSED_VARIABLE = YES;
				IPHONEOS_DEPLOYMENT_TARGET = 15.0;
				MTL_ENABLE_DEBUG_INFO = NO;
				MTL_FAST_MATH = YES;
				SDKROOT = iphoneos;
				SWIFT_COMPILATION_MODE = wholemodule;
				SWIFT_OPTIMIZATION_LEVEL = "-O";
				VALIDATE_PRODUCT = YES;
			};
			name = Release;
		};
		EAE4711826CBA582009FB0EC /* Debug */ = {
			isa = XCBuildConfiguration;
			buildSettings = {
				ASSETCATALOG_COMPILER_APPICON_NAME = AppIcon;
				ASSETCATALOG_COMPILER_GLOBAL_ACCENT_COLOR_NAME = AccentColor;
				CODE_SIGN_ENTITLEMENTS = "PsychonautWiki Journal/PsychonautWiki Journal.entitlements";
				CODE_SIGN_STYLE = Automatic;
				CURRENT_PROJECT_VERSION = 1;
				DEVELOPMENT_TEAM = 6S7AHDRUD6;
				ENABLE_PREVIEWS = YES;
				INFOPLIST_FILE = "PsychonautWiki Journal/Info.plist";
				INFOPLIST_KEY_CFBundleDisplayName = "";
				IPHONEOS_DEPLOYMENT_TARGET = 15.0;
				LD_RUNPATH_SEARCH_PATHS = (
					"$(inherited)",
					"@executable_path/Frameworks",
				);
				MARKETING_VERSION = 1.1.2;
				MY_BUNDLE_DISPLAY_NAME = Debug;
				PRODUCT_BUNDLE_IDENTIFIER = "isaak.PsychonautWiki-Journal-Debug";
				PRODUCT_NAME = Journal;
				SWIFT_VERSION = 5.0;
				TARGETED_DEVICE_FAMILY = "1,2";
			};
			name = Debug;
		};
		EAE4711926CBA582009FB0EC /* Release */ = {
			isa = XCBuildConfiguration;
			buildSettings = {
				ASSETCATALOG_COMPILER_APPICON_NAME = AppIcon;
				ASSETCATALOG_COMPILER_GLOBAL_ACCENT_COLOR_NAME = AccentColor;
				CODE_SIGN_ENTITLEMENTS = "PsychonautWiki Journal/PsychonautWiki Journal.entitlements";
				CODE_SIGN_STYLE = Automatic;
				CURRENT_PROJECT_VERSION = 1;
				DEVELOPMENT_TEAM = 6S7AHDRUD6;
				ENABLE_PREVIEWS = YES;
				INFOPLIST_FILE = "PsychonautWiki Journal/Info.plist";
				INFOPLIST_KEY_CFBundleDisplayName = "";
				IPHONEOS_DEPLOYMENT_TARGET = 15.0;
				LD_RUNPATH_SEARCH_PATHS = (
					"$(inherited)",
					"@executable_path/Frameworks",
				);
				MARKETING_VERSION = 1.1.2;
				MY_BUNDLE_DISPLAY_NAME = Journal;
				PRODUCT_BUNDLE_IDENTIFIER = "isaak.PsychonautWiki-Journal";
				PRODUCT_NAME = Journal;
				SWIFT_VERSION = 5.0;
				TARGETED_DEVICE_FAMILY = "1,2";
			};
			name = Release;
		};
/* End XCBuildConfiguration section */

/* Begin XCConfigurationList section */
		EACB6E4027D09C8800940291 /* Build configuration list for PBXNativeTarget "JournalTests" */ = {
			isa = XCConfigurationList;
			buildConfigurations = (
				EACB6E4127D09C8800940291 /* Debug */,
				EACB6E4227D09C8800940291 /* Release */,
			);
			defaultConfigurationIsVisible = 0;
			defaultConfigurationName = Release;
		};
		EAE470FE26CBA57F009FB0EC /* Build configuration list for PBXProject "PsychonautWiki Journal" */ = {
			isa = XCConfigurationList;
			buildConfigurations = (
				EAE4711526CBA582009FB0EC /* Debug */,
				EAE4711626CBA582009FB0EC /* Release */,
			);
			defaultConfigurationIsVisible = 0;
			defaultConfigurationName = Release;
		};
		EAE4711726CBA582009FB0EC /* Build configuration list for PBXNativeTarget "PsychonautWiki Journal" */ = {
			isa = XCConfigurationList;
			buildConfigurations = (
				EAE4711826CBA582009FB0EC /* Debug */,
				EAE4711926CBA582009FB0EC /* Release */,
			);
			defaultConfigurationIsVisible = 0;
			defaultConfigurationName = Release;
		};
/* End XCConfigurationList section */

/* Begin XCRemoteSwiftPackageReference section */
		EACB0C2329408E1000C605E2 /* XCRemoteSwiftPackageReference "WrappingHStack" */ = {
			isa = XCRemoteSwiftPackageReference;
			repositoryURL = "https://github.com/dkk/WrappingHStack";
			requirement = {
				kind = upToNextMajorVersion;
				minimumVersion = 2.0.0;
			};
		};
		EAF76C9727D899E700945587 /* XCRemoteSwiftPackageReference "AlertToast" */ = {
			isa = XCRemoteSwiftPackageReference;
			repositoryURL = "https://github.com/elai950/AlertToast.git";
			requirement = {
				kind = upToNextMajorVersion;
				minimumVersion = 1.0.0;
			};
		};
		EAF76C9E27D8B72900945587 /* XCRemoteSwiftPackageReference "swift-algorithms" */ = {
			isa = XCRemoteSwiftPackageReference;
			repositoryURL = "https://github.com/apple/swift-algorithms.git";
			requirement = {
				kind = upToNextMajorVersion;
				minimumVersion = 1.0.0;
			};
		};
/* End XCRemoteSwiftPackageReference section */

/* Begin XCSwiftPackageProductDependency section */
		EACB0C2429408E1000C605E2 /* WrappingHStack */ = {
			isa = XCSwiftPackageProductDependency;
			package = EACB0C2329408E1000C605E2 /* XCRemoteSwiftPackageReference "WrappingHStack" */;
			productName = WrappingHStack;
		};
		EAF76C9827D899E700945587 /* AlertToast */ = {
			isa = XCSwiftPackageProductDependency;
			package = EAF76C9727D899E700945587 /* XCRemoteSwiftPackageReference "AlertToast" */;
			productName = AlertToast;
		};
		EAF76C9F27D8B72900945587 /* Algorithms */ = {
			isa = XCSwiftPackageProductDependency;
			package = EAF76C9E27D8B72900945587 /* XCRemoteSwiftPackageReference "swift-algorithms" */;
			productName = Algorithms;
		};
/* End XCSwiftPackageProductDependency section */

/* Begin XCVersionGroup section */
		EAE4715626CBA664009FB0EC /* Main.xcdatamodeld */ = {
			isa = XCVersionGroup;
			children = (
				EACF91C62887410500E7149C /* PW Version 2.xcdatamodel */,
				EA83D75127C91DB5004F1E0C /* PW Version 1.xcdatamodel */,
				EAE4715726CBA664009FB0EC /* Goya.xcdatamodel */,
			);
			currentVersion = EACF91C62887410500E7149C /* PW Version 2.xcdatamodel */;
			path = Main.xcdatamodeld;
			sourceTree = "<group>";
			versionGroupType = wrapper.xcdatamodel;
		};
/* End XCVersionGroup section */
	};
	rootObject = EAE470FB26CBA57F009FB0EC /* Project object */;
}
